Microsoft Visual Studio Solution File, Format Version 12.00
# Visual Studio 2012
Project("{FAE04EC0-301F-11D3-BF4B-00C04F79EFBC}") = "TeamWorkManagement", "TeamWorkManagement\TeamWorkManagement.csproj", "{238A58E9-CF3F-4598-9C9B-FE4F6C7DF130}"
EndProject
Project("{FAE04EC0-301F-11D3-BF4B-00C04F79EFBC}") = "SampleWebApp1", "SampleWebApp1\SampleWebApp1.csproj", "{994AC1AF-669B-4028-A00D-3083A0BE316D}"
EndProject
Project("{2150E333-8FDC-42A3-9474-1A3956D46DE8}") = "OtherStuff", "OtherStuff", "{879834F0-C197-4CAE-8EC6-0017E93E995D}"
EndProject
Project("{FAE04EC0-301F-11D3-BF4B-00C04F79EFBC}") = "H1Project", "H1Project\H1Project.csproj", "{6F4B4854-D1B2-481A-B688-357834B6C9C6}"
EndProject
Project("{FAE04EC0-301F-11D3-BF4B-00C04F79EFBC}") = "LINQTutorials", "LINQTutorials\LINQTutorials.csproj", "{21E0C3ED-FF1A-44F5-9598-CE2972ECB24D}"
EndProject
Project("{FAE04EC0-301F-11D3-BF4B-00C04F79EFBC}") = "MiscellenaousRnD", "MiscellenaousRnD\MiscellenaousRnD.csproj", "{130BEBDC-0C39-4117-9AFD-7531EA1F1E39}"
EndProject
Project("{FAE04EC0-301F-11D3-BF4B-00C04F79EFBC}") = "ThreadingConsoleApplication", "ThreadingConsoleApplication\ThreadingConsoleApplication.csproj", "{3D0A7B24-6512-48E1-86F3-29D68EC80C16}"
EndProject
Project("{2150E333-8FDC-42A3-9474-1A3956D46DE8}") = "Patterns", "Patterns", "{054D3C84-DE8F-40D0-A4E2-5F935921E9CD}"
EndProject
Project("{2150E333-8FDC-42A3-9474-1A3956D46DE8}") = "MEF", "MEF", "{0A7AA391-DF36-4288-BAD1-F5B727F4768D}"
EndProject
Project("{FAE04EC0-301F-11D3-BF4B-00C04F79EFBC}") = "MEFZoo", "MEFZoo\MEFZoo.csproj", "{B9F57055-F23D-479C-A779-CC08EF73BDB6}"
EndProject
Project("{FAE04EC0-301F-11D3-BF4B-00C04F79EFBC}") = "MefZoo.Animals", "MefZoo.Animals\MefZoo.Animals.csproj", "{2CD92D9F-CDEE-49FE-BF66-07E463E253F7}"
EndProject
Project("{FAE04EC0-301F-11D3-BF4B-00C04F79EFBC}") = "MFZoo.Lib", "MFZoo.Lib\MFZoo.Lib.csproj", "{07121F20-A45B-4C37-B33C-148F1361AFF4}"
EndProject
Project("{2150E333-8FDC-42A3-9474-1A3956D46DE8}") = "DelegatesAndEvents", "DelegatesAndEvents", "{105DEF7C-FAC3-4CA2-90C6-B773E17218C2}"
EndProject
Project("{FAE04EC0-301F-11D3-BF4B-00C04F79EFBC}") = "UnderstandingDelegates", "UnderstandingDelegates\UnderstandingDelegates.csproj", "{35E3B68A-EAA7-4424-AC7C-3C11E32A39F9}"
EndProject
Project("{2150E333-8FDC-42A3-9474-1A3956D46DE8}") = "ChainOfResponsiblity", "ChainOfResponsiblity", "{8A285491-1090-4987-8371-F8DCB8EBD7C7}"
EndProject
Project("{FAE04EC0-301F-11D3-BF4B-00C04F79EFBC}") = "ChainOfResponsibility", "ChainOfResponsibility\ChainOfResponsibility.csproj", "{E6B213A6-A32B-4AA2-8DD3-CEC3969AC7F7}"
EndProject
Project("{FAE04EC0-301F-11D3-BF4B-00C04F79EFBC}") = "COR.Interfaces", "COR.Interfaces\COR.Interfaces.csproj", "{304C12BB-5511-4EC3-9678-F015F745678E}"
EndProject
Project("{FAE04EC0-301F-11D3-BF4B-00C04F79EFBC}") = "COR.Approvers", "COR.Approvers\COR.Approvers.csproj", "{FBB25F34-0686-4FEE-93C6-CF335B7BD6B3}"
EndProject
Project("{FAE04EC0-301F-11D3-BF4B-00C04F79EFBC}") = "COR.BusinessObjects", "COR.BusinessObjects\COR.BusinessObjects.csproj", "{5D482575-A0E8-4BD8-952D-B2DD8251BE62}"
EndProject
Project("{FAE04EC0-301F-11D3-BF4B-00C04F79EFBC}") = "ConsoleRequestResponse", "ConsoleRequestResponse\ConsoleRequestResponse.csproj", "{1A0FAB8F-0273-4560-A753-A8A617748BAA}"
EndProject
Project("{FAE04EC0-301F-11D3-BF4B-00C04F79EFBC}") = "COR.Utils", "COR.Utils\COR.Utils.csproj", "{DE4BC815-90CE-4D55-A575-3BA7E5851107}"
EndProject
Project("{2150E333-8FDC-42A3-9474-1A3956D46DE8}") = "OOPSndCSharp", "OOPSndCSharp", "{2E5AEB6E-A6C5-4692-A182-7CAC3EDAB6AA}"
EndProject
Project("{FAE04EC0-301F-11D3-BF4B-00C04F79EFBC}") = "OOPSConcepts", "OOPSConcepts\OOPSConcepts.csproj", "{F91E60AD-D3D8-4503-BC32-906EFA1DC25D}"
EndProject
Project("{2150E333-8FDC-42A3-9474-1A3956D46DE8}") = "TemplateMethod", "TemplateMethod", "{C7C6F58A-8002-427C-9599-A8533DF1A4F5}"
EndProject
Project("{FAE04EC0-301F-11D3-BF4B-00C04F79EFBC}") = "TemplateMethodPattern", "TemplateMethodPattern\TemplateMethodPattern.csproj", "{225059CB-B2CF-4DDA-9219-7B1C791135E3}"
EndProject
Project("{2150E333-8FDC-42A3-9474-1A3956D46DE8}") = "StatePattern", "StatePattern", "{8354CD6C-73C9-4519-9954-C2A0879EB595}"
EndProject
Project("{FAE04EC0-301F-11D3-BF4B-00C04F79EFBC}") = "StateDesignPattern", "StateDesignPattern\StateDesignPattern.csproj", "{5699ED3C-7826-42D2-8769-A132F158BEAA}"
EndProject
Project("{2150E333-8FDC-42A3-9474-1A3956D46DE8}") = "ASP.NetWebAPI", "ASP.NetWebAPI", "{040ADFAF-3F96-4795-B3D4-9ED3DC4BA7D1}"
EndProject
Project("{FAE04EC0-301F-11D3-BF4B-00C04F79EFBC}") = "WebAPISampleProject", "WebAPISampleProject\WebAPISampleProject.csproj", "{D7A91192-73E3-4E2A-AC59-9108366C3B55}"
EndProject
Project("{2150E333-8FDC-42A3-9474-1A3956D46DE8}") = "XMLStuff", "XMLStuff", "{06AA100E-FB65-432C-B214-8AB27C7CE006}"
EndProject
Project("{FAE04EC0-301F-11D3-BF4B-00C04F79EFBC}") = "XMLApplication", "XMLApplication\XMLApplication.csproj", "{937D8AAD-FABA-4853-8764-DF4671C56396}"
EndProject
Project("{2150E333-8FDC-42A3-9474-1A3956D46DE8}") = "LearnJavascript", "LearnJavascript", "{ECC5FECF-0105-44B0-A93D-5E8B179E55C0}"
EndProject
Project("{FAE04EC0-301F-11D3-BF4B-00C04F79EFBC}") = "WorkWithJS", "WorkWithJS\WorkWithJS.csproj", "{FD88FE09-05AD-4D1D-A5D3-BEF2A983DA68}"
EndProject
Project("{2150E333-8FDC-42A3-9474-1A3956D46DE8}") = "WebSockets", "WebSockets", "{910CF5F2-585E-4EA9-BD92-19227A5EEC2D}"
EndProject
Project("{FAE04EC0-301F-11D3-BF4B-00C04F79EFBC}") = "SampleWebSocketProject", "SampleWebSocketProject\SampleWebSocketProject.csproj", "{0AE21B91-4E48-4F00-BA9C-498C4272C734}"
EndProject
Project("{2150E333-8FDC-42A3-9474-1A3956D46DE8}") = "Reflection", "Reflection", "{C1B866E5-3A28-4E0B-9E45-2C2F961AC422}"
EndProject
Project("{FAE04EC0-301F-11D3-BF4B-00C04F79EFBC}") = "ReflectionExamples", "ReflectionExamples\ReflectionExamples.csproj", "{40CC3037-6646-42C0-BA1E-EB4355393886}"
EndProject
Project("{2150E333-8FDC-42A3-9474-1A3956D46DE8}") = "NUnit", "NUnit", "{D8A1D315-8DF5-40B4-B0B5-7CBA9E7F61F0}"
EndProject
Project("{FAE04EC0-301F-11D3-BF4B-00C04F79EFBC}") = "NUnitTesting", "NUnitTesting\NUnitTesting.csproj", "{9C84B296-8B93-4C23-BB8A-539BD263F31B}"
EndProject
Project("{FAE04EC0-301F-11D3-BF4B-00C04F79EFBC}") = "ToBeTested", "ToBeTested\ToBeTested.csproj", "{02046A26-0430-4C6D-BADE-17D84843E034}"
EndProject
Project("{FAE04EC0-301F-11D3-BF4B-00C04F79EFBC}") = "CSharpExamples", "CSharpExamples\CSharpExamples.csproj", "{B9A1B600-5B8F-4958-A93A-F93F54CBEC9B}"
EndProject
Project("{FAE04EC0-301F-11D3-BF4B-00C04F79EFBC}") = "ProjectEuler", "ProjectEuler\ProjectEuler.csproj", "{16F1FFF4-608B-47F2-A4EC-A584E61346ED}"
EndProject
Project("{8BC9CEB8-8B4A-11D0-8D11-00A0C91BC942}") = "C++ConsoleApplication1", "C++ConsoleApplication1\C++ConsoleApplication1.vcxproj", "{43456E7D-A220-4EFD-B7E5-7045B98D688E}"
EndProject
Project("{8BC9CEB8-8B4A-11D0-8D11-00A0C91BC942}") = "DLLInC", "DLLInC\DLLInC.vcxproj", "{7E1F58D4-5E5E-4FA1-BABD-FFC865A081EE}"
EndProject
Project("{FAE04EC0-301F-11D3-BF4B-00C04F79EFBC}") = "EventsDelegatesThreading", "EventsDelegatesThreading\EventsDelegatesThreading.csproj", "{7E657288-40E5-4689-AB96-FDB9E732F411}"
EndProject
Project("{FAE04EC0-301F-11D3-BF4B-00C04F79EFBC}") = "LINQ", "LINQ\LINQ.csproj", "{9E3E576D-1E78-4F03-A22A-04CDC7161206}"
EndProject
Project("{2150E333-8FDC-42A3-9474-1A3956D46DE8}") = "NewFolder1", "NewFolder1", "{BE28C4EE-B615-4FBF-8085-135DEDA1445A}"
EndProject
Project("{2150E333-8FDC-42A3-9474-1A3956D46DE8}") = "Solution Items", "Solution Items", "{C447868B-C522-4658-B31C-8ABF7B741993}"
	ProjectSection(SolutionItems) = preProject
		VersionInfo.cs = VersionInfo.cs
	EndProjectSection
EndProject
Project("{2150E333-8FDC-42A3-9474-1A3956D46DE8}") = "Command", "Command", "{95EA9BC0-D00C-4D45-9C12-CD30021F2DA5}"
EndProject
Project("{2150E333-8FDC-42A3-9474-1A3956D46DE8}") = "Decorator", "Decorator", "{7D5AA60F-05CD-4AF0-BED3-040C154883E8}"
EndProject
Project("{FAE04EC0-301F-11D3-BF4B-00C04F79EFBC}") = "Decorator.Main", "Decorator.Main\Decorator.Main.csproj", "{A913492B-D81D-4951-AF92-6B336C6576F9}"
EndProject
Project("{2150E333-8FDC-42A3-9474-1A3956D46DE8}") = "Sockets", "Sockets", "{6DF1BBAE-37C2-4104-9B95-EAEEAB137659}"
EndProject
Project("{FAE04EC0-301F-11D3-BF4B-00C04F79EFBC}") = "SocketClient", "SocketClient\SocketClient.csproj", "{83B8A283-08AC-4E86-9312-FC21799B58EF}"
EndProject
Project("{FAE04EC0-301F-11D3-BF4B-00C04F79EFBC}") = "SocketServer", "SocketServer\SocketServer.csproj", "{05FA2A89-C52B-4934-A432-C99FA12996AB}"
EndProject
Project("{FAE04EC0-301F-11D3-BF4B-00C04F79EFBC}") = "WebSocketServer", "WebSocketServer\WebSocketServer.csproj", "{870BC8A4-CD13-4E47-9631-FB6A093B4CFC}"
EndProject
Project("{FAE04EC0-301F-11D3-BF4B-00C04F79EFBC}") = "XMLUtilities", "XMLUtilities\XMLUtilities.csproj", "{61564D7F-5F8B-49BF-BC86-247FA174FE68}"
EndProject
Project("{2150E333-8FDC-42A3-9474-1A3956D46DE8}") = "Misc", "Misc", "{0971031E-16E6-4FD6-9671-24515B6EAB04}"
EndProject
Project("{FAE04EC0-301F-11D3-BF4B-00C04F79EFBC}") = "GetAssemblyVersion", "GetAssemblyVersion\GetAssemblyVersion.csproj", "{E36A3CFC-48E5-40E1-8553-1AB203221F4E}"
EndProject
Project("{2150E333-8FDC-42A3-9474-1A3956D46DE8}") = "LoadGenerator", "LoadGenerator", "{36DE5DB8-1681-46A8-A038-DD206C60DEA9}"
EndProject
Project("{FAE04EC0-301F-11D3-BF4B-00C04F79EFBC}") = "LoadGenerator", "LoadGenerator\LoadGenerator.csproj", "{87FB7C63-0B17-4E9A-B9C7-4AA880D44928}"
EndProject
Project("{2150E333-8FDC-42A3-9474-1A3956D46DE8}") = "Frameworks", "Frameworks", "{DE01BC5D-EB01-44FE-B8FA-7BB7E3167E3F}"
EndProject
Project("{FAE04EC0-301F-11D3-BF4B-00C04F79EFBC}") = "LoggingFramework", "LoggingFramework\LoggingFramework.csproj", "{0A5A272E-6616-4F78-9077-BAF9F987BDF5}"
EndProject
Project("{FAE04EC0-301F-11D3-BF4B-00C04F79EFBC}") = "MemoryImpactOfASP.NetBundling", "MemoryImpactOfASP.NetBundling\MemoryImpactOfASP.NetBundling.csproj", "{B6430DB2-DF71-435D-BBAC-3628AB3807EC}"
EndProject
Project("{FAE04EC0-301F-11D3-BF4B-00C04F79EFBC}") = "PerformanceCounters", "PerformanceCounters\PerformanceCounters.csproj", "{2D589715-9383-47C2-AB3A-6F837D2689E6}"
EndProject
Project("{FAE04EC0-301F-11D3-BF4B-00C04F79EFBC}") = "TestingSmallStuff", "TestingSmallStuff\TestingSmallStuff.csproj", "{4215778A-F53E-4CE3-9C3D-C31393700CF0}"
EndProject
Project("{2150E333-8FDC-42A3-9474-1A3956D46DE8}") = "Threading", "Threading", "{0AC41408-8E63-48A7-A09B-46CC711E810B}"
EndProject
Project("{FAE04EC0-301F-11D3-BF4B-00C04F79EFBC}") = "UnHandledException", "UnHandledException\UnHandledException.csproj", "{9FCE7A26-0245-46A7-9494-0B52DE52F7D5}"
EndProject
Project("{FAE04EC0-301F-11D3-BF4B-00C04F79EFBC}") = "DemoWebAPIS", "DemoWebAPIS\DemoWebAPIS.csproj", "{55B1A1AB-8F6C-42A7-B3E4-2440CE0564B8}"
EndProject
Project("{FAE04EC0-301F-11D3-BF4B-00C04F79EFBC}") = "Patterns.CommandPattern", "Patterns.CommandPattern\Patterns.CommandPattern.csproj", "{3B96E204-E91E-4659-9B7A-50DED207A0E9}"
EndProject
Project("{FAE04EC0-301F-11D3-BF4B-00C04F79EFBC}") = "AsynchronousSocketServer", "AsynchronousSocketServer\AsynchronousSocketServer.csproj", "{5F774BD1-0A6D-465E-80DA-84AD7C0F2775}"
EndProject
Project("{FAE04EC0-301F-11D3-BF4B-00C04F79EFBC}") = "AsynchronousSocketClient", "AsynchronousSocketClient\AsynchronousSocketClient.csproj", "{3F337A7E-1155-4564-B1AE-D133FD24EB13}"
EndProject
Project("{FAE04EC0-301F-11D3-BF4B-00C04F79EFBC}") = "Serialization", "Serialization\Serialization.csproj", "{EB234F6E-AFF5-472F-A7DF-DDF682F991E8}"
EndProject
Project("{FAE04EC0-301F-11D3-BF4B-00C04F79EFBC}") = "UnsafeCode", "UnsafeCode\UnsafeCode.csproj", "{27187AD8-531A-419D-9A46-6F6DB221A734}"
EndProject
Project("{FAE04EC0-301F-11D3-BF4B-00C04F79EFBC}") = "ThreadPriority", "ThreadPriority\ThreadPriority.csproj", "{9CFE3786-27B0-47E3-AD24-7B11B8A77F69}"
EndProject
Project("{FAE04EC0-301F-11D3-BF4B-00C04F79EFBC}") = "Impersonation", "Impersonation\Impersonation.csproj", "{E4BE342A-FB83-48FB-9ECE-71A5B85E6DE6}"
EndProject
Project("{2150E333-8FDC-42A3-9474-1A3956D46DE8}") = "Utilities", "Utilities", "{60DA696C-AF46-4A46-99AF-0659BF69BB57}"
EndProject
Project("{FAE04EC0-301F-11D3-BF4B-00C04F79EFBC}") = "RegularUtilities", "RegularUtilities\RegularUtilities.csproj", "{49EB3C0D-B90C-45DC-84E8-003E8B1ABD4F}"
EndProject
Project("{FAE04EC0-301F-11D3-BF4B-00C04F79EFBC}") = "ParallelPLinqAndTasks", "ParallelPLinqAndTasks\ParallelPLinqAndTasks.csproj", "{9E1FC1EF-B80D-4370-85B0-A52B58946570}"
EndProject
Project("{2150E333-8FDC-42A3-9474-1A3956D46DE8}") = "ActiveDirectory", "ActiveDirectory", "{F067B09E-9A0C-4CD9-B41B-4D9F3E885227}"
EndProject
Project("{FAE04EC0-301F-11D3-BF4B-00C04F79EFBC}") = "ActiveDirectoryAccess", "ActiveDirectoryAccess\ActiveDirectoryAccess.csproj", "{F0D2D3F0-FF0B-417A-B18C-6EA6BEB0DBE2}"
EndProject
Project("{FAE04EC0-301F-11D3-BF4B-00C04F79EFBC}") = "LoggingClient", "LoggingClient\LoggingClient.csproj", "{81025F59-496A-438D-8BB9-2F3093135BD2}"
EndProject
Project("{2150E333-8FDC-42A3-9474-1A3956D46DE8}") = "DotNetDiagnostics", "DotNetDiagnostics", "{CD759E0D-CFB9-4157-9AF0-F1DFF338650B}"
EndProject
Project("{FAE04EC0-301F-11D3-BF4B-00C04F79EFBC}") = "TraceDebug", "TraceDebug\TraceDebug.csproj", "{B773DD1E-9CC5-473B-A805-D3DFA4AFC131}"
EndProject
Project("{FAE04EC0-301F-11D3-BF4B-00C04F79EFBC}") = "CSharpExamplesToBeUnitTested", "CSharpExamplesToBeUnitTested\CSharpExamplesToBeUnitTested.csproj", "{577CB2EE-1CCB-4CE0-A16F-37A2C38191B2}"
EndProject
Project("{FAE04EC0-301F-11D3-BF4B-00C04F79EFBC}") = "AssemblyInformation", "AssemblyInformation\AssemblyInformation.csproj", "{AD2D22F9-D46C-4276-89BE-3C7256A5617F}"
EndProject
Project("{FAE04EC0-301F-11D3-BF4B-00C04F79EFBC}") = "DotNetContracts", "DotNetContracts\DotNetContracts.csproj", "{EDF9181F-9049-4770-818F-C4E67E2FC989}"
EndProject
Project("{2150E333-8FDC-42A3-9474-1A3956D46DE8}") = "Encryption", "Encryption", "{F867E443-3B31-49B9-9EE2-9FF4DE0246D9}"
EndProject
Project("{FAE04EC0-301F-11D3-BF4B-00C04F79EFBC}") = "EncryptionProvider", "EncryptionProvider\EncryptionProvider.csproj", "{B535FB07-4386-4B90-A033-ECA37ACD9C56}"
EndProject
Project("{FAE04EC0-301F-11D3-BF4B-00C04F79EFBC}") = "Exceptions", "Exceptions\Exceptions.csproj", "{EFE60146-1C67-4F2D-AE6A-787648B12013}"
EndProject
Project("{FAE04EC0-301F-11D3-BF4B-00C04F79EFBC}") = "Threads", "Threads\Threads.csproj", "{9AD62521-691A-4235-A954-25543DD1A758}"
EndProject
Project("{2150E333-8FDC-42A3-9474-1A3956D46DE8}") = "ASP.Net", "ASP.Net", "{B5FCADFF-D3AA-4AF6-9DF4-6A41A93F3FC0}"
EndProject
Project("{2150E333-8FDC-42A3-9474-1A3956D46DE8}") = "HttpHandlers", "HttpHandlers", "{9833D401-0836-4196-931E-77DB0C234A1E}"
EndProject
Project("{FAE04EC0-301F-11D3-BF4B-00C04F79EFBC}") = "HttpHandlers", "HttpHandlers\HttpHandlers.csproj", "{17E6B105-550B-4EA0-B801-A24E60084DC8}"
EndProject
Project("{2150E333-8FDC-42A3-9474-1A3956D46DE8}") = "HttpModules", "HttpModules", "{1F9AC449-2FE7-4948-BBDA-32795090C84B}"
EndProject
Project("{FAE04EC0-301F-11D3-BF4B-00C04F79EFBC}") = "HttpModules", "HttpModules\HttpModules.csproj", "{1F8EA865-2858-4B53-85B1-F9462F348DBA}"
EndProject
Project("{2150E333-8FDC-42A3-9474-1A3956D46DE8}") = "DataAccessLayer", "DataAccessLayer", "{04EF0E18-15E3-4BB6-9013-526EB3D4013A}"
EndProject
Project("{FAE04EC0-301F-11D3-BF4B-00C04F79EFBC}") = "SQLDataLibrary", "SQLDataLibrary\SQLDataLibrary.csproj", "{F59BB356-0B46-4719-8670-C71C624BE3CC}"
EndProject
Project("{FAE04EC0-301F-11D3-BF4B-00C04F79EFBC}") = "SQLDataLibraryTest", "SQLDataLibraryTest\SQLDataLibraryTest.csproj", "{F00A22FC-7EE0-4D8A-B86D-626FF3AC64F4}"
EndProject
Project("{FAE04EC0-301F-11D3-BF4B-00C04F79EFBC}") = "DisposePattern", "DisposePattern\DisposePattern.csproj", "{981F54B0-D0AC-45FC-BE6B-8B5B59CA5E54}"
EndProject
Project("{2150E333-8FDC-42A3-9474-1A3956D46DE8}") = ",NetDisposePattern", ",NetDisposePattern", "{5C3E13DC-CB47-40A7-9F22-565AF52718B4}"
EndProject
Project("{2150E333-8FDC-42A3-9474-1A3956D46DE8}") = "AsynchronousCSharp", "AsynchronousCSharp", "{00F50A71-2584-4A2B-968E-CBF0EC58722D}"
EndProject
Project("{FAE04EC0-301F-11D3-BF4B-00C04F79EFBC}") = "AsynchronousLearning", "AsynchronousLearning\AsynchronousLearning.csproj", "{715329E1-0007-4320-BBAC-293E371145AD}"
EndProject
Project("{FAE04EC0-301F-11D3-BF4B-00C04F79EFBC}") = "Log4NetTesting", "Log4NetTesting\Log4NetTesting.csproj", "{D6323691-DBE3-4387-A94B-1EF65E9BB244}"
EndProject
Project("{FAE04EC0-301F-11D3-BF4B-00C04F79EFBC}") = "AdapterDesignPattern", "AdapterDesignPattern\AdapterDesignPattern.csproj", "{2A9622B1-2BB8-4AFE-8D4C-218CF8C11AE5}"
EndProject
Project("{2150E333-8FDC-42A3-9474-1A3956D46DE8}") = "JavascriptPatterns", "JavascriptPatterns", "{0D852E61-C507-4170-8C9D-E4F43C895779}"
EndProject
Project("{2150E333-8FDC-42A3-9474-1A3956D46DE8}") = "ObserverPattern", "ObserverPattern", "{61E1911B-6E22-40CA-BC0B-0F5109081C4D}"
EndProject
Project("{E24C65DC-7377-472B-9ABA-BC803B73C61A}") = "ObserverPattern", "http://localhost:60372", "{B379F244-7B0B-4375-B891-C30CB2D3302D}"
	ProjectSection(WebsiteProperties) = preProject
		UseIISExpress = "true"
		TargetFrameworkMoniker = ".NETFramework,Version%3Dv4.5"
		Debug.AspNetCompiler.VirtualPath = "/localhost_60372"
		Debug.AspNetCompiler.PhysicalPath = "JavascriptPatterns\ObserverPattern\"
		Debug.AspNetCompiler.TargetPath = "PrecompiledWeb\localhost_60372\"
		Debug.AspNetCompiler.Updateable = "true"
		Debug.AspNetCompiler.ForceOverwrite = "true"
		Debug.AspNetCompiler.FixedNames = "false"
		Debug.AspNetCompiler.Debug = "True"
		Release.AspNetCompiler.VirtualPath = "/localhost_60372"
		Release.AspNetCompiler.PhysicalPath = "JavascriptPatterns\ObserverPattern\"
		Release.AspNetCompiler.TargetPath = "PrecompiledWeb\localhost_60372\"
		Release.AspNetCompiler.Updateable = "true"
		Release.AspNetCompiler.ForceOverwrite = "true"
		Release.AspNetCompiler.FixedNames = "false"
		Release.AspNetCompiler.Debug = "False"
		SlnRelativePath = "JavascriptPatterns\ObserverPattern\"
		DefaultWebSiteLanguage = "Visual C#"
	EndProjectSection
EndProject
Global
	GlobalSection(SolutionConfigurationPlatforms) = preSolution
		Debug|Any CPU = Debug|Any CPU
		Debug|Mixed Platforms = Debug|Mixed Platforms
		Debug|Win32 = Debug|Win32
		Release|Any CPU = Release|Any CPU
		Release|Mixed Platforms = Release|Mixed Platforms
		Release|Win32 = Release|Win32
	EndGlobalSection
	GlobalSection(ProjectConfigurationPlatforms) = postSolution
		{238A58E9-CF3F-4598-9C9B-FE4F6C7DF130}.Debug|Any CPU.ActiveCfg = Debug|Any CPU
		{238A58E9-CF3F-4598-9C9B-FE4F6C7DF130}.Debug|Any CPU.Build.0 = Debug|Any CPU
		{238A58E9-CF3F-4598-9C9B-FE4F6C7DF130}.Debug|Mixed Platforms.ActiveCfg = Debug|Any CPU
		{238A58E9-CF3F-4598-9C9B-FE4F6C7DF130}.Debug|Mixed Platforms.Build.0 = Debug|Any CPU
		{238A58E9-CF3F-4598-9C9B-FE4F6C7DF130}.Debug|Win32.ActiveCfg = Debug|Any CPU
		{238A58E9-CF3F-4598-9C9B-FE4F6C7DF130}.Release|Any CPU.ActiveCfg = Release|Any CPU
		{238A58E9-CF3F-4598-9C9B-FE4F6C7DF130}.Release|Any CPU.Build.0 = Release|Any CPU
		{238A58E9-CF3F-4598-9C9B-FE4F6C7DF130}.Release|Mixed Platforms.ActiveCfg = Release|Any CPU
		{238A58E9-CF3F-4598-9C9B-FE4F6C7DF130}.Release|Mixed Platforms.Build.0 = Release|Any CPU
		{238A58E9-CF3F-4598-9C9B-FE4F6C7DF130}.Release|Win32.ActiveCfg = Release|Any CPU
		{994AC1AF-669B-4028-A00D-3083A0BE316D}.Debug|Any CPU.ActiveCfg = Debug|Any CPU
		{994AC1AF-669B-4028-A00D-3083A0BE316D}.Debug|Any CPU.Build.0 = Debug|Any CPU
		{994AC1AF-669B-4028-A00D-3083A0BE316D}.Debug|Mixed Platforms.ActiveCfg = Debug|Any CPU
		{994AC1AF-669B-4028-A00D-3083A0BE316D}.Debug|Mixed Platforms.Build.0 = Debug|Any CPU
		{994AC1AF-669B-4028-A00D-3083A0BE316D}.Debug|Win32.ActiveCfg = Debug|Any CPU
		{994AC1AF-669B-4028-A00D-3083A0BE316D}.Release|Any CPU.ActiveCfg = Release|Any CPU
		{994AC1AF-669B-4028-A00D-3083A0BE316D}.Release|Any CPU.Build.0 = Release|Any CPU
		{994AC1AF-669B-4028-A00D-3083A0BE316D}.Release|Mixed Platforms.ActiveCfg = Release|Any CPU
		{994AC1AF-669B-4028-A00D-3083A0BE316D}.Release|Mixed Platforms.Build.0 = Release|Any CPU
		{994AC1AF-669B-4028-A00D-3083A0BE316D}.Release|Win32.ActiveCfg = Release|Any CPU
		{6F4B4854-D1B2-481A-B688-357834B6C9C6}.Debug|Any CPU.ActiveCfg = Debug|Any CPU
		{6F4B4854-D1B2-481A-B688-357834B6C9C6}.Debug|Any CPU.Build.0 = Debug|Any CPU
		{6F4B4854-D1B2-481A-B688-357834B6C9C6}.Debug|Mixed Platforms.ActiveCfg = Debug|Any CPU
		{6F4B4854-D1B2-481A-B688-357834B6C9C6}.Debug|Mixed Platforms.Build.0 = Debug|Any CPU
		{6F4B4854-D1B2-481A-B688-357834B6C9C6}.Debug|Win32.ActiveCfg = Debug|Any CPU
		{6F4B4854-D1B2-481A-B688-357834B6C9C6}.Release|Any CPU.ActiveCfg = Release|Any CPU
		{6F4B4854-D1B2-481A-B688-357834B6C9C6}.Release|Any CPU.Build.0 = Release|Any CPU
		{6F4B4854-D1B2-481A-B688-357834B6C9C6}.Release|Mixed Platforms.ActiveCfg = Release|Any CPU
		{6F4B4854-D1B2-481A-B688-357834B6C9C6}.Release|Mixed Platforms.Build.0 = Release|Any CPU
		{6F4B4854-D1B2-481A-B688-357834B6C9C6}.Release|Win32.ActiveCfg = Release|Any CPU
		{21E0C3ED-FF1A-44F5-9598-CE2972ECB24D}.Debug|Any CPU.ActiveCfg = Debug|Any CPU
		{21E0C3ED-FF1A-44F5-9598-CE2972ECB24D}.Debug|Any CPU.Build.0 = Debug|Any CPU
		{21E0C3ED-FF1A-44F5-9598-CE2972ECB24D}.Debug|Mixed Platforms.ActiveCfg = Debug|Any CPU
		{21E0C3ED-FF1A-44F5-9598-CE2972ECB24D}.Debug|Mixed Platforms.Build.0 = Debug|Any CPU
		{21E0C3ED-FF1A-44F5-9598-CE2972ECB24D}.Debug|Win32.ActiveCfg = Debug|Any CPU
		{21E0C3ED-FF1A-44F5-9598-CE2972ECB24D}.Release|Any CPU.ActiveCfg = Release|Any CPU
		{21E0C3ED-FF1A-44F5-9598-CE2972ECB24D}.Release|Any CPU.Build.0 = Release|Any CPU
		{21E0C3ED-FF1A-44F5-9598-CE2972ECB24D}.Release|Mixed Platforms.ActiveCfg = Release|Any CPU
		{21E0C3ED-FF1A-44F5-9598-CE2972ECB24D}.Release|Mixed Platforms.Build.0 = Release|Any CPU
		{21E0C3ED-FF1A-44F5-9598-CE2972ECB24D}.Release|Win32.ActiveCfg = Release|Any CPU
		{130BEBDC-0C39-4117-9AFD-7531EA1F1E39}.Debug|Any CPU.ActiveCfg = Debug|Any CPU
		{130BEBDC-0C39-4117-9AFD-7531EA1F1E39}.Debug|Any CPU.Build.0 = Debug|Any CPU
		{130BEBDC-0C39-4117-9AFD-7531EA1F1E39}.Debug|Mixed Platforms.ActiveCfg = Debug|Any CPU
		{130BEBDC-0C39-4117-9AFD-7531EA1F1E39}.Debug|Mixed Platforms.Build.0 = Debug|Any CPU
		{130BEBDC-0C39-4117-9AFD-7531EA1F1E39}.Debug|Win32.ActiveCfg = Debug|Any CPU
		{130BEBDC-0C39-4117-9AFD-7531EA1F1E39}.Release|Any CPU.ActiveCfg = Release|Any CPU
		{130BEBDC-0C39-4117-9AFD-7531EA1F1E39}.Release|Any CPU.Build.0 = Release|Any CPU
		{130BEBDC-0C39-4117-9AFD-7531EA1F1E39}.Release|Mixed Platforms.ActiveCfg = Release|Any CPU
		{130BEBDC-0C39-4117-9AFD-7531EA1F1E39}.Release|Mixed Platforms.Build.0 = Release|Any CPU
		{130BEBDC-0C39-4117-9AFD-7531EA1F1E39}.Release|Win32.ActiveCfg = Release|Any CPU
		{3D0A7B24-6512-48E1-86F3-29D68EC80C16}.Debug|Any CPU.ActiveCfg = Debug|Any CPU
		{3D0A7B24-6512-48E1-86F3-29D68EC80C16}.Debug|Any CPU.Build.0 = Debug|Any CPU
		{3D0A7B24-6512-48E1-86F3-29D68EC80C16}.Debug|Mixed Platforms.ActiveCfg = Debug|Any CPU
		{3D0A7B24-6512-48E1-86F3-29D68EC80C16}.Debug|Mixed Platforms.Build.0 = Debug|Any CPU
		{3D0A7B24-6512-48E1-86F3-29D68EC80C16}.Debug|Win32.ActiveCfg = Debug|Any CPU
		{3D0A7B24-6512-48E1-86F3-29D68EC80C16}.Release|Any CPU.ActiveCfg = Release|Any CPU
		{3D0A7B24-6512-48E1-86F3-29D68EC80C16}.Release|Any CPU.Build.0 = Release|Any CPU
		{3D0A7B24-6512-48E1-86F3-29D68EC80C16}.Release|Mixed Platforms.ActiveCfg = Release|Any CPU
		{3D0A7B24-6512-48E1-86F3-29D68EC80C16}.Release|Mixed Platforms.Build.0 = Release|Any CPU
		{3D0A7B24-6512-48E1-86F3-29D68EC80C16}.Release|Win32.ActiveCfg = Release|Any CPU
		{B9F57055-F23D-479C-A779-CC08EF73BDB6}.Debug|Any CPU.ActiveCfg = Debug|Any CPU
		{B9F57055-F23D-479C-A779-CC08EF73BDB6}.Debug|Any CPU.Build.0 = Debug|Any CPU
		{B9F57055-F23D-479C-A779-CC08EF73BDB6}.Debug|Mixed Platforms.ActiveCfg = Debug|Any CPU
		{B9F57055-F23D-479C-A779-CC08EF73BDB6}.Debug|Mixed Platforms.Build.0 = Debug|Any CPU
		{B9F57055-F23D-479C-A779-CC08EF73BDB6}.Debug|Win32.ActiveCfg = Debug|Any CPU
		{B9F57055-F23D-479C-A779-CC08EF73BDB6}.Release|Any CPU.ActiveCfg = Release|Any CPU
		{B9F57055-F23D-479C-A779-CC08EF73BDB6}.Release|Any CPU.Build.0 = Release|Any CPU
		{B9F57055-F23D-479C-A779-CC08EF73BDB6}.Release|Mixed Platforms.ActiveCfg = Release|Any CPU
		{B9F57055-F23D-479C-A779-CC08EF73BDB6}.Release|Mixed Platforms.Build.0 = Release|Any CPU
		{B9F57055-F23D-479C-A779-CC08EF73BDB6}.Release|Win32.ActiveCfg = Release|Any CPU
		{2CD92D9F-CDEE-49FE-BF66-07E463E253F7}.Debug|Any CPU.ActiveCfg = Debug|Any CPU
		{2CD92D9F-CDEE-49FE-BF66-07E463E253F7}.Debug|Any CPU.Build.0 = Debug|Any CPU
		{2CD92D9F-CDEE-49FE-BF66-07E463E253F7}.Debug|Mixed Platforms.ActiveCfg = Debug|Any CPU
		{2CD92D9F-CDEE-49FE-BF66-07E463E253F7}.Debug|Mixed Platforms.Build.0 = Debug|Any CPU
		{2CD92D9F-CDEE-49FE-BF66-07E463E253F7}.Debug|Win32.ActiveCfg = Debug|Any CPU
		{2CD92D9F-CDEE-49FE-BF66-07E463E253F7}.Release|Any CPU.ActiveCfg = Release|Any CPU
		{2CD92D9F-CDEE-49FE-BF66-07E463E253F7}.Release|Any CPU.Build.0 = Release|Any CPU
		{2CD92D9F-CDEE-49FE-BF66-07E463E253F7}.Release|Mixed Platforms.ActiveCfg = Release|Any CPU
		{2CD92D9F-CDEE-49FE-BF66-07E463E253F7}.Release|Mixed Platforms.Build.0 = Release|Any CPU
		{2CD92D9F-CDEE-49FE-BF66-07E463E253F7}.Release|Win32.ActiveCfg = Release|Any CPU
		{07121F20-A45B-4C37-B33C-148F1361AFF4}.Debug|Any CPU.ActiveCfg = Debug|Any CPU
		{07121F20-A45B-4C37-B33C-148F1361AFF4}.Debug|Any CPU.Build.0 = Debug|Any CPU
		{07121F20-A45B-4C37-B33C-148F1361AFF4}.Debug|Mixed Platforms.ActiveCfg = Debug|Any CPU
		{07121F20-A45B-4C37-B33C-148F1361AFF4}.Debug|Mixed Platforms.Build.0 = Debug|Any CPU
		{07121F20-A45B-4C37-B33C-148F1361AFF4}.Debug|Win32.ActiveCfg = Debug|Any CPU
		{07121F20-A45B-4C37-B33C-148F1361AFF4}.Release|Any CPU.ActiveCfg = Release|Any CPU
		{07121F20-A45B-4C37-B33C-148F1361AFF4}.Release|Any CPU.Build.0 = Release|Any CPU
		{07121F20-A45B-4C37-B33C-148F1361AFF4}.Release|Mixed Platforms.ActiveCfg = Release|Any CPU
		{07121F20-A45B-4C37-B33C-148F1361AFF4}.Release|Mixed Platforms.Build.0 = Release|Any CPU
		{07121F20-A45B-4C37-B33C-148F1361AFF4}.Release|Win32.ActiveCfg = Release|Any CPU
		{35E3B68A-EAA7-4424-AC7C-3C11E32A39F9}.Debug|Any CPU.ActiveCfg = Debug|Any CPU
		{35E3B68A-EAA7-4424-AC7C-3C11E32A39F9}.Debug|Any CPU.Build.0 = Debug|Any CPU
		{35E3B68A-EAA7-4424-AC7C-3C11E32A39F9}.Debug|Mixed Platforms.ActiveCfg = Debug|Any CPU
		{35E3B68A-EAA7-4424-AC7C-3C11E32A39F9}.Debug|Mixed Platforms.Build.0 = Debug|Any CPU
		{35E3B68A-EAA7-4424-AC7C-3C11E32A39F9}.Debug|Win32.ActiveCfg = Debug|Any CPU
		{35E3B68A-EAA7-4424-AC7C-3C11E32A39F9}.Release|Any CPU.ActiveCfg = Release|Any CPU
		{35E3B68A-EAA7-4424-AC7C-3C11E32A39F9}.Release|Any CPU.Build.0 = Release|Any CPU
		{35E3B68A-EAA7-4424-AC7C-3C11E32A39F9}.Release|Mixed Platforms.ActiveCfg = Release|Any CPU
		{35E3B68A-EAA7-4424-AC7C-3C11E32A39F9}.Release|Mixed Platforms.Build.0 = Release|Any CPU
		{35E3B68A-EAA7-4424-AC7C-3C11E32A39F9}.Release|Win32.ActiveCfg = Release|Any CPU
		{E6B213A6-A32B-4AA2-8DD3-CEC3969AC7F7}.Debug|Any CPU.ActiveCfg = Debug|Any CPU
		{E6B213A6-A32B-4AA2-8DD3-CEC3969AC7F7}.Debug|Any CPU.Build.0 = Debug|Any CPU
		{E6B213A6-A32B-4AA2-8DD3-CEC3969AC7F7}.Debug|Mixed Platforms.ActiveCfg = Debug|Any CPU
		{E6B213A6-A32B-4AA2-8DD3-CEC3969AC7F7}.Debug|Mixed Platforms.Build.0 = Debug|Any CPU
		{E6B213A6-A32B-4AA2-8DD3-CEC3969AC7F7}.Debug|Win32.ActiveCfg = Debug|Any CPU
		{E6B213A6-A32B-4AA2-8DD3-CEC3969AC7F7}.Release|Any CPU.ActiveCfg = Release|Any CPU
		{E6B213A6-A32B-4AA2-8DD3-CEC3969AC7F7}.Release|Any CPU.Build.0 = Release|Any CPU
		{E6B213A6-A32B-4AA2-8DD3-CEC3969AC7F7}.Release|Mixed Platforms.ActiveCfg = Release|Any CPU
		{E6B213A6-A32B-4AA2-8DD3-CEC3969AC7F7}.Release|Mixed Platforms.Build.0 = Release|Any CPU
		{E6B213A6-A32B-4AA2-8DD3-CEC3969AC7F7}.Release|Win32.ActiveCfg = Release|Any CPU
		{304C12BB-5511-4EC3-9678-F015F745678E}.Debug|Any CPU.ActiveCfg = Debug|Any CPU
		{304C12BB-5511-4EC3-9678-F015F745678E}.Debug|Any CPU.Build.0 = Debug|Any CPU
		{304C12BB-5511-4EC3-9678-F015F745678E}.Debug|Mixed Platforms.ActiveCfg = Debug|Any CPU
		{304C12BB-5511-4EC3-9678-F015F745678E}.Debug|Mixed Platforms.Build.0 = Debug|Any CPU
		{304C12BB-5511-4EC3-9678-F015F745678E}.Debug|Win32.ActiveCfg = Debug|Any CPU
		{304C12BB-5511-4EC3-9678-F015F745678E}.Release|Any CPU.ActiveCfg = Release|Any CPU
		{304C12BB-5511-4EC3-9678-F015F745678E}.Release|Any CPU.Build.0 = Release|Any CPU
		{304C12BB-5511-4EC3-9678-F015F745678E}.Release|Mixed Platforms.ActiveCfg = Release|Any CPU
		{304C12BB-5511-4EC3-9678-F015F745678E}.Release|Mixed Platforms.Build.0 = Release|Any CPU
		{304C12BB-5511-4EC3-9678-F015F745678E}.Release|Win32.ActiveCfg = Release|Any CPU
		{FBB25F34-0686-4FEE-93C6-CF335B7BD6B3}.Debug|Any CPU.ActiveCfg = Debug|Any CPU
		{FBB25F34-0686-4FEE-93C6-CF335B7BD6B3}.Debug|Any CPU.Build.0 = Debug|Any CPU
		{FBB25F34-0686-4FEE-93C6-CF335B7BD6B3}.Debug|Mixed Platforms.ActiveCfg = Debug|Any CPU
		{FBB25F34-0686-4FEE-93C6-CF335B7BD6B3}.Debug|Mixed Platforms.Build.0 = Debug|Any CPU
		{FBB25F34-0686-4FEE-93C6-CF335B7BD6B3}.Debug|Win32.ActiveCfg = Debug|Any CPU
		{FBB25F34-0686-4FEE-93C6-CF335B7BD6B3}.Release|Any CPU.ActiveCfg = Release|Any CPU
		{FBB25F34-0686-4FEE-93C6-CF335B7BD6B3}.Release|Any CPU.Build.0 = Release|Any CPU
		{FBB25F34-0686-4FEE-93C6-CF335B7BD6B3}.Release|Mixed Platforms.ActiveCfg = Release|Any CPU
		{FBB25F34-0686-4FEE-93C6-CF335B7BD6B3}.Release|Mixed Platforms.Build.0 = Release|Any CPU
		{FBB25F34-0686-4FEE-93C6-CF335B7BD6B3}.Release|Win32.ActiveCfg = Release|Any CPU
		{5D482575-A0E8-4BD8-952D-B2DD8251BE62}.Debug|Any CPU.ActiveCfg = Debug|Any CPU
		{5D482575-A0E8-4BD8-952D-B2DD8251BE62}.Debug|Any CPU.Build.0 = Debug|Any CPU
		{5D482575-A0E8-4BD8-952D-B2DD8251BE62}.Debug|Mixed Platforms.ActiveCfg = Debug|Any CPU
		{5D482575-A0E8-4BD8-952D-B2DD8251BE62}.Debug|Mixed Platforms.Build.0 = Debug|Any CPU
		{5D482575-A0E8-4BD8-952D-B2DD8251BE62}.Debug|Win32.ActiveCfg = Debug|Any CPU
		{5D482575-A0E8-4BD8-952D-B2DD8251BE62}.Release|Any CPU.ActiveCfg = Release|Any CPU
		{5D482575-A0E8-4BD8-952D-B2DD8251BE62}.Release|Any CPU.Build.0 = Release|Any CPU
		{5D482575-A0E8-4BD8-952D-B2DD8251BE62}.Release|Mixed Platforms.ActiveCfg = Release|Any CPU
		{5D482575-A0E8-4BD8-952D-B2DD8251BE62}.Release|Mixed Platforms.Build.0 = Release|Any CPU
		{5D482575-A0E8-4BD8-952D-B2DD8251BE62}.Release|Win32.ActiveCfg = Release|Any CPU
		{1A0FAB8F-0273-4560-A753-A8A617748BAA}.Debug|Any CPU.ActiveCfg = Debug|Any CPU
		{1A0FAB8F-0273-4560-A753-A8A617748BAA}.Debug|Any CPU.Build.0 = Debug|Any CPU
		{1A0FAB8F-0273-4560-A753-A8A617748BAA}.Debug|Mixed Platforms.ActiveCfg = Debug|Any CPU
		{1A0FAB8F-0273-4560-A753-A8A617748BAA}.Debug|Mixed Platforms.Build.0 = Debug|Any CPU
		{1A0FAB8F-0273-4560-A753-A8A617748BAA}.Debug|Win32.ActiveCfg = Debug|Any CPU
		{1A0FAB8F-0273-4560-A753-A8A617748BAA}.Release|Any CPU.ActiveCfg = Release|Any CPU
		{1A0FAB8F-0273-4560-A753-A8A617748BAA}.Release|Any CPU.Build.0 = Release|Any CPU
		{1A0FAB8F-0273-4560-A753-A8A617748BAA}.Release|Mixed Platforms.ActiveCfg = Release|Any CPU
		{1A0FAB8F-0273-4560-A753-A8A617748BAA}.Release|Mixed Platforms.Build.0 = Release|Any CPU
		{1A0FAB8F-0273-4560-A753-A8A617748BAA}.Release|Win32.ActiveCfg = Release|Any CPU
		{DE4BC815-90CE-4D55-A575-3BA7E5851107}.Debug|Any CPU.ActiveCfg = Debug|Any CPU
		{DE4BC815-90CE-4D55-A575-3BA7E5851107}.Debug|Any CPU.Build.0 = Debug|Any CPU
		{DE4BC815-90CE-4D55-A575-3BA7E5851107}.Debug|Mixed Platforms.ActiveCfg = Debug|Any CPU
		{DE4BC815-90CE-4D55-A575-3BA7E5851107}.Debug|Mixed Platforms.Build.0 = Debug|Any CPU
		{DE4BC815-90CE-4D55-A575-3BA7E5851107}.Debug|Win32.ActiveCfg = Debug|Any CPU
		{DE4BC815-90CE-4D55-A575-3BA7E5851107}.Release|Any CPU.ActiveCfg = Release|Any CPU
		{DE4BC815-90CE-4D55-A575-3BA7E5851107}.Release|Any CPU.Build.0 = Release|Any CPU
		{DE4BC815-90CE-4D55-A575-3BA7E5851107}.Release|Mixed Platforms.ActiveCfg = Release|Any CPU
		{DE4BC815-90CE-4D55-A575-3BA7E5851107}.Release|Mixed Platforms.Build.0 = Release|Any CPU
		{DE4BC815-90CE-4D55-A575-3BA7E5851107}.Release|Win32.ActiveCfg = Release|Any CPU
		{F91E60AD-D3D8-4503-BC32-906EFA1DC25D}.Debug|Any CPU.ActiveCfg = Debug|Any CPU
		{F91E60AD-D3D8-4503-BC32-906EFA1DC25D}.Debug|Any CPU.Build.0 = Debug|Any CPU
		{F91E60AD-D3D8-4503-BC32-906EFA1DC25D}.Debug|Mixed Platforms.ActiveCfg = Debug|Any CPU
		{F91E60AD-D3D8-4503-BC32-906EFA1DC25D}.Debug|Mixed Platforms.Build.0 = Debug|Any CPU
		{F91E60AD-D3D8-4503-BC32-906EFA1DC25D}.Debug|Win32.ActiveCfg = Debug|Any CPU
		{F91E60AD-D3D8-4503-BC32-906EFA1DC25D}.Release|Any CPU.ActiveCfg = Release|Any CPU
		{F91E60AD-D3D8-4503-BC32-906EFA1DC25D}.Release|Any CPU.Build.0 = Release|Any CPU
		{F91E60AD-D3D8-4503-BC32-906EFA1DC25D}.Release|Mixed Platforms.ActiveCfg = Release|Any CPU
		{F91E60AD-D3D8-4503-BC32-906EFA1DC25D}.Release|Mixed Platforms.Build.0 = Release|Any CPU
		{F91E60AD-D3D8-4503-BC32-906EFA1DC25D}.Release|Win32.ActiveCfg = Release|Any CPU
		{225059CB-B2CF-4DDA-9219-7B1C791135E3}.Debug|Any CPU.ActiveCfg = Debug|Any CPU
		{225059CB-B2CF-4DDA-9219-7B1C791135E3}.Debug|Any CPU.Build.0 = Debug|Any CPU
		{225059CB-B2CF-4DDA-9219-7B1C791135E3}.Debug|Mixed Platforms.ActiveCfg = Debug|Any CPU
		{225059CB-B2CF-4DDA-9219-7B1C791135E3}.Debug|Mixed Platforms.Build.0 = Debug|Any CPU
		{225059CB-B2CF-4DDA-9219-7B1C791135E3}.Debug|Win32.ActiveCfg = Debug|Any CPU
		{225059CB-B2CF-4DDA-9219-7B1C791135E3}.Release|Any CPU.ActiveCfg = Release|Any CPU
		{225059CB-B2CF-4DDA-9219-7B1C791135E3}.Release|Any CPU.Build.0 = Release|Any CPU
		{225059CB-B2CF-4DDA-9219-7B1C791135E3}.Release|Mixed Platforms.ActiveCfg = Release|Any CPU
		{225059CB-B2CF-4DDA-9219-7B1C791135E3}.Release|Mixed Platforms.Build.0 = Release|Any CPU
		{225059CB-B2CF-4DDA-9219-7B1C791135E3}.Release|Win32.ActiveCfg = Release|Any CPU
		{5699ED3C-7826-42D2-8769-A132F158BEAA}.Debug|Any CPU.ActiveCfg = Debug|Any CPU
		{5699ED3C-7826-42D2-8769-A132F158BEAA}.Debug|Any CPU.Build.0 = Debug|Any CPU
		{5699ED3C-7826-42D2-8769-A132F158BEAA}.Debug|Mixed Platforms.ActiveCfg = Debug|Any CPU
		{5699ED3C-7826-42D2-8769-A132F158BEAA}.Debug|Mixed Platforms.Build.0 = Debug|Any CPU
		{5699ED3C-7826-42D2-8769-A132F158BEAA}.Debug|Win32.ActiveCfg = Debug|Any CPU
		{5699ED3C-7826-42D2-8769-A132F158BEAA}.Release|Any CPU.ActiveCfg = Release|Any CPU
		{5699ED3C-7826-42D2-8769-A132F158BEAA}.Release|Any CPU.Build.0 = Release|Any CPU
		{5699ED3C-7826-42D2-8769-A132F158BEAA}.Release|Mixed Platforms.ActiveCfg = Release|Any CPU
		{5699ED3C-7826-42D2-8769-A132F158BEAA}.Release|Mixed Platforms.Build.0 = Release|Any CPU
		{5699ED3C-7826-42D2-8769-A132F158BEAA}.Release|Win32.ActiveCfg = Release|Any CPU
		{D7A91192-73E3-4E2A-AC59-9108366C3B55}.Debug|Any CPU.ActiveCfg = Debug|Any CPU
		{D7A91192-73E3-4E2A-AC59-9108366C3B55}.Debug|Any CPU.Build.0 = Debug|Any CPU
		{D7A91192-73E3-4E2A-AC59-9108366C3B55}.Debug|Mixed Platforms.ActiveCfg = Debug|Any CPU
		{D7A91192-73E3-4E2A-AC59-9108366C3B55}.Debug|Mixed Platforms.Build.0 = Debug|Any CPU
		{D7A91192-73E3-4E2A-AC59-9108366C3B55}.Debug|Win32.ActiveCfg = Debug|Any CPU
		{D7A91192-73E3-4E2A-AC59-9108366C3B55}.Release|Any CPU.ActiveCfg = Release|Any CPU
		{D7A91192-73E3-4E2A-AC59-9108366C3B55}.Release|Any CPU.Build.0 = Release|Any CPU
		{D7A91192-73E3-4E2A-AC59-9108366C3B55}.Release|Mixed Platforms.ActiveCfg = Release|Any CPU
		{D7A91192-73E3-4E2A-AC59-9108366C3B55}.Release|Mixed Platforms.Build.0 = Release|Any CPU
		{D7A91192-73E3-4E2A-AC59-9108366C3B55}.Release|Win32.ActiveCfg = Release|Any CPU
		{937D8AAD-FABA-4853-8764-DF4671C56396}.Debug|Any CPU.ActiveCfg = Debug|Any CPU
		{937D8AAD-FABA-4853-8764-DF4671C56396}.Debug|Any CPU.Build.0 = Debug|Any CPU
		{937D8AAD-FABA-4853-8764-DF4671C56396}.Debug|Mixed Platforms.ActiveCfg = Debug|Any CPU
		{937D8AAD-FABA-4853-8764-DF4671C56396}.Debug|Mixed Platforms.Build.0 = Debug|Any CPU
		{937D8AAD-FABA-4853-8764-DF4671C56396}.Debug|Win32.ActiveCfg = Debug|Any CPU
		{937D8AAD-FABA-4853-8764-DF4671C56396}.Release|Any CPU.ActiveCfg = Release|Any CPU
		{937D8AAD-FABA-4853-8764-DF4671C56396}.Release|Any CPU.Build.0 = Release|Any CPU
		{937D8AAD-FABA-4853-8764-DF4671C56396}.Release|Mixed Platforms.ActiveCfg = Release|Any CPU
		{937D8AAD-FABA-4853-8764-DF4671C56396}.Release|Mixed Platforms.Build.0 = Release|Any CPU
		{937D8AAD-FABA-4853-8764-DF4671C56396}.Release|Win32.ActiveCfg = Release|Any CPU
		{FD88FE09-05AD-4D1D-A5D3-BEF2A983DA68}.Debug|Any CPU.ActiveCfg = Debug|Any CPU
		{FD88FE09-05AD-4D1D-A5D3-BEF2A983DA68}.Debug|Any CPU.Build.0 = Debug|Any CPU
		{FD88FE09-05AD-4D1D-A5D3-BEF2A983DA68}.Debug|Mixed Platforms.ActiveCfg = Debug|Any CPU
		{FD88FE09-05AD-4D1D-A5D3-BEF2A983DA68}.Debug|Mixed Platforms.Build.0 = Debug|Any CPU
		{FD88FE09-05AD-4D1D-A5D3-BEF2A983DA68}.Debug|Win32.ActiveCfg = Debug|Any CPU
		{FD88FE09-05AD-4D1D-A5D3-BEF2A983DA68}.Release|Any CPU.ActiveCfg = Release|Any CPU
		{FD88FE09-05AD-4D1D-A5D3-BEF2A983DA68}.Release|Any CPU.Build.0 = Release|Any CPU
		{FD88FE09-05AD-4D1D-A5D3-BEF2A983DA68}.Release|Mixed Platforms.ActiveCfg = Release|Any CPU
		{FD88FE09-05AD-4D1D-A5D3-BEF2A983DA68}.Release|Mixed Platforms.Build.0 = Release|Any CPU
		{FD88FE09-05AD-4D1D-A5D3-BEF2A983DA68}.Release|Win32.ActiveCfg = Release|Any CPU
		{0AE21B91-4E48-4F00-BA9C-498C4272C734}.Debug|Any CPU.ActiveCfg = Debug|Any CPU
		{0AE21B91-4E48-4F00-BA9C-498C4272C734}.Debug|Any CPU.Build.0 = Debug|Any CPU
		{0AE21B91-4E48-4F00-BA9C-498C4272C734}.Debug|Mixed Platforms.ActiveCfg = Debug|Any CPU
		{0AE21B91-4E48-4F00-BA9C-498C4272C734}.Debug|Mixed Platforms.Build.0 = Debug|Any CPU
		{0AE21B91-4E48-4F00-BA9C-498C4272C734}.Debug|Win32.ActiveCfg = Debug|Any CPU
		{0AE21B91-4E48-4F00-BA9C-498C4272C734}.Release|Any CPU.ActiveCfg = Release|Any CPU
		{0AE21B91-4E48-4F00-BA9C-498C4272C734}.Release|Any CPU.Build.0 = Release|Any CPU
		{0AE21B91-4E48-4F00-BA9C-498C4272C734}.Release|Mixed Platforms.ActiveCfg = Release|Any CPU
		{0AE21B91-4E48-4F00-BA9C-498C4272C734}.Release|Mixed Platforms.Build.0 = Release|Any CPU
		{0AE21B91-4E48-4F00-BA9C-498C4272C734}.Release|Win32.ActiveCfg = Release|Any CPU
		{40CC3037-6646-42C0-BA1E-EB4355393886}.Debug|Any CPU.ActiveCfg = Debug|Any CPU
		{40CC3037-6646-42C0-BA1E-EB4355393886}.Debug|Any CPU.Build.0 = Debug|Any CPU
		{40CC3037-6646-42C0-BA1E-EB4355393886}.Debug|Mixed Platforms.ActiveCfg = Debug|Any CPU
		{40CC3037-6646-42C0-BA1E-EB4355393886}.Debug|Mixed Platforms.Build.0 = Debug|Any CPU
		{40CC3037-6646-42C0-BA1E-EB4355393886}.Debug|Win32.ActiveCfg = Debug|Any CPU
		{40CC3037-6646-42C0-BA1E-EB4355393886}.Release|Any CPU.ActiveCfg = Release|Any CPU
		{40CC3037-6646-42C0-BA1E-EB4355393886}.Release|Any CPU.Build.0 = Release|Any CPU
		{40CC3037-6646-42C0-BA1E-EB4355393886}.Release|Mixed Platforms.ActiveCfg = Release|Any CPU
		{40CC3037-6646-42C0-BA1E-EB4355393886}.Release|Mixed Platforms.Build.0 = Release|Any CPU
		{40CC3037-6646-42C0-BA1E-EB4355393886}.Release|Win32.ActiveCfg = Release|Any CPU
		{9C84B296-8B93-4C23-BB8A-539BD263F31B}.Debug|Any CPU.ActiveCfg = Debug|Any CPU
		{9C84B296-8B93-4C23-BB8A-539BD263F31B}.Debug|Any CPU.Build.0 = Debug|Any CPU
		{9C84B296-8B93-4C23-BB8A-539BD263F31B}.Debug|Mixed Platforms.ActiveCfg = Debug|Any CPU
		{9C84B296-8B93-4C23-BB8A-539BD263F31B}.Debug|Mixed Platforms.Build.0 = Debug|Any CPU
		{9C84B296-8B93-4C23-BB8A-539BD263F31B}.Debug|Win32.ActiveCfg = Debug|Any CPU
		{9C84B296-8B93-4C23-BB8A-539BD263F31B}.Release|Any CPU.ActiveCfg = Release|Any CPU
		{9C84B296-8B93-4C23-BB8A-539BD263F31B}.Release|Any CPU.Build.0 = Release|Any CPU
		{9C84B296-8B93-4C23-BB8A-539BD263F31B}.Release|Mixed Platforms.ActiveCfg = Release|Any CPU
		{9C84B296-8B93-4C23-BB8A-539BD263F31B}.Release|Mixed Platforms.Build.0 = Release|Any CPU
		{9C84B296-8B93-4C23-BB8A-539BD263F31B}.Release|Win32.ActiveCfg = Release|Any CPU
		{02046A26-0430-4C6D-BADE-17D84843E034}.Debug|Any CPU.ActiveCfg = Debug|Any CPU
		{02046A26-0430-4C6D-BADE-17D84843E034}.Debug|Any CPU.Build.0 = Debug|Any CPU
		{02046A26-0430-4C6D-BADE-17D84843E034}.Debug|Mixed Platforms.ActiveCfg = Debug|Any CPU
		{02046A26-0430-4C6D-BADE-17D84843E034}.Debug|Mixed Platforms.Build.0 = Debug|Any CPU
		{02046A26-0430-4C6D-BADE-17D84843E034}.Debug|Win32.ActiveCfg = Debug|Any CPU
		{02046A26-0430-4C6D-BADE-17D84843E034}.Release|Any CPU.ActiveCfg = Release|Any CPU
		{02046A26-0430-4C6D-BADE-17D84843E034}.Release|Any CPU.Build.0 = Release|Any CPU
		{02046A26-0430-4C6D-BADE-17D84843E034}.Release|Mixed Platforms.ActiveCfg = Release|Any CPU
		{02046A26-0430-4C6D-BADE-17D84843E034}.Release|Mixed Platforms.Build.0 = Release|Any CPU
		{02046A26-0430-4C6D-BADE-17D84843E034}.Release|Win32.ActiveCfg = Release|Any CPU
		{B9A1B600-5B8F-4958-A93A-F93F54CBEC9B}.Debug|Any CPU.ActiveCfg = Debug|Any CPU
		{B9A1B600-5B8F-4958-A93A-F93F54CBEC9B}.Debug|Any CPU.Build.0 = Debug|Any CPU
		{B9A1B600-5B8F-4958-A93A-F93F54CBEC9B}.Debug|Mixed Platforms.ActiveCfg = Debug|Any CPU
		{B9A1B600-5B8F-4958-A93A-F93F54CBEC9B}.Debug|Mixed Platforms.Build.0 = Debug|Any CPU
		{B9A1B600-5B8F-4958-A93A-F93F54CBEC9B}.Debug|Win32.ActiveCfg = Debug|Any CPU
		{B9A1B600-5B8F-4958-A93A-F93F54CBEC9B}.Release|Any CPU.ActiveCfg = Release|Any CPU
		{B9A1B600-5B8F-4958-A93A-F93F54CBEC9B}.Release|Any CPU.Build.0 = Release|Any CPU
		{B9A1B600-5B8F-4958-A93A-F93F54CBEC9B}.Release|Mixed Platforms.ActiveCfg = Release|Any CPU
		{B9A1B600-5B8F-4958-A93A-F93F54CBEC9B}.Release|Mixed Platforms.Build.0 = Release|Any CPU
		{B9A1B600-5B8F-4958-A93A-F93F54CBEC9B}.Release|Win32.ActiveCfg = Release|Any CPU
		{16F1FFF4-608B-47F2-A4EC-A584E61346ED}.Debug|Any CPU.ActiveCfg = Debug|Any CPU
		{16F1FFF4-608B-47F2-A4EC-A584E61346ED}.Debug|Any CPU.Build.0 = Debug|Any CPU
		{16F1FFF4-608B-47F2-A4EC-A584E61346ED}.Debug|Mixed Platforms.ActiveCfg = Debug|Any CPU
		{16F1FFF4-608B-47F2-A4EC-A584E61346ED}.Debug|Mixed Platforms.Build.0 = Debug|Any CPU
		{16F1FFF4-608B-47F2-A4EC-A584E61346ED}.Debug|Win32.ActiveCfg = Debug|Any CPU
		{16F1FFF4-608B-47F2-A4EC-A584E61346ED}.Release|Any CPU.ActiveCfg = Release|Any CPU
		{16F1FFF4-608B-47F2-A4EC-A584E61346ED}.Release|Any CPU.Build.0 = Release|Any CPU
		{16F1FFF4-608B-47F2-A4EC-A584E61346ED}.Release|Mixed Platforms.ActiveCfg = Release|Any CPU
		{16F1FFF4-608B-47F2-A4EC-A584E61346ED}.Release|Mixed Platforms.Build.0 = Release|Any CPU
		{16F1FFF4-608B-47F2-A4EC-A584E61346ED}.Release|Win32.ActiveCfg = Release|Any CPU
		{43456E7D-A220-4EFD-B7E5-7045B98D688E}.Debug|Any CPU.ActiveCfg = Debug|Win32
		{43456E7D-A220-4EFD-B7E5-7045B98D688E}.Debug|Mixed Platforms.ActiveCfg = Debug|Win32
		{43456E7D-A220-4EFD-B7E5-7045B98D688E}.Debug|Mixed Platforms.Build.0 = Debug|Win32
		{43456E7D-A220-4EFD-B7E5-7045B98D688E}.Debug|Win32.ActiveCfg = Debug|Win32
		{43456E7D-A220-4EFD-B7E5-7045B98D688E}.Debug|Win32.Build.0 = Debug|Win32
		{43456E7D-A220-4EFD-B7E5-7045B98D688E}.Release|Any CPU.ActiveCfg = Release|Win32
		{43456E7D-A220-4EFD-B7E5-7045B98D688E}.Release|Mixed Platforms.ActiveCfg = Release|Win32
		{43456E7D-A220-4EFD-B7E5-7045B98D688E}.Release|Mixed Platforms.Build.0 = Release|Win32
		{43456E7D-A220-4EFD-B7E5-7045B98D688E}.Release|Win32.ActiveCfg = Release|Win32
		{43456E7D-A220-4EFD-B7E5-7045B98D688E}.Release|Win32.Build.0 = Release|Win32
		{7E1F58D4-5E5E-4FA1-BABD-FFC865A081EE}.Debug|Any CPU.ActiveCfg = Debug|Win32
		{7E1F58D4-5E5E-4FA1-BABD-FFC865A081EE}.Debug|Mixed Platforms.ActiveCfg = Debug|Win32
		{7E1F58D4-5E5E-4FA1-BABD-FFC865A081EE}.Debug|Mixed Platforms.Build.0 = Debug|Win32
		{7E1F58D4-5E5E-4FA1-BABD-FFC865A081EE}.Debug|Win32.ActiveCfg = Debug|Win32
		{7E1F58D4-5E5E-4FA1-BABD-FFC865A081EE}.Debug|Win32.Build.0 = Debug|Win32
		{7E1F58D4-5E5E-4FA1-BABD-FFC865A081EE}.Release|Any CPU.ActiveCfg = Release|Win32
		{7E1F58D4-5E5E-4FA1-BABD-FFC865A081EE}.Release|Mixed Platforms.ActiveCfg = Release|Win32
		{7E1F58D4-5E5E-4FA1-BABD-FFC865A081EE}.Release|Mixed Platforms.Build.0 = Release|Win32
		{7E1F58D4-5E5E-4FA1-BABD-FFC865A081EE}.Release|Win32.ActiveCfg = Release|Win32
		{7E1F58D4-5E5E-4FA1-BABD-FFC865A081EE}.Release|Win32.Build.0 = Release|Win32
		{7E657288-40E5-4689-AB96-FDB9E732F411}.Debug|Any CPU.ActiveCfg = Debug|Any CPU
		{7E657288-40E5-4689-AB96-FDB9E732F411}.Debug|Any CPU.Build.0 = Debug|Any CPU
		{7E657288-40E5-4689-AB96-FDB9E732F411}.Debug|Mixed Platforms.ActiveCfg = Debug|Any CPU
		{7E657288-40E5-4689-AB96-FDB9E732F411}.Debug|Mixed Platforms.Build.0 = Debug|Any CPU
		{7E657288-40E5-4689-AB96-FDB9E732F411}.Debug|Win32.ActiveCfg = Debug|Any CPU
		{7E657288-40E5-4689-AB96-FDB9E732F411}.Release|Any CPU.ActiveCfg = Release|Any CPU
		{7E657288-40E5-4689-AB96-FDB9E732F411}.Release|Any CPU.Build.0 = Release|Any CPU
		{7E657288-40E5-4689-AB96-FDB9E732F411}.Release|Mixed Platforms.ActiveCfg = Release|Any CPU
		{7E657288-40E5-4689-AB96-FDB9E732F411}.Release|Mixed Platforms.Build.0 = Release|Any CPU
		{7E657288-40E5-4689-AB96-FDB9E732F411}.Release|Win32.ActiveCfg = Release|Any CPU
		{9E3E576D-1E78-4F03-A22A-04CDC7161206}.Debug|Any CPU.ActiveCfg = Debug|Any CPU
		{9E3E576D-1E78-4F03-A22A-04CDC7161206}.Debug|Any CPU.Build.0 = Debug|Any CPU
		{9E3E576D-1E78-4F03-A22A-04CDC7161206}.Debug|Mixed Platforms.ActiveCfg = Debug|Any CPU
		{9E3E576D-1E78-4F03-A22A-04CDC7161206}.Debug|Mixed Platforms.Build.0 = Debug|Any CPU
		{9E3E576D-1E78-4F03-A22A-04CDC7161206}.Debug|Win32.ActiveCfg = Debug|Any CPU
		{9E3E576D-1E78-4F03-A22A-04CDC7161206}.Release|Any CPU.ActiveCfg = Release|Any CPU
		{9E3E576D-1E78-4F03-A22A-04CDC7161206}.Release|Any CPU.Build.0 = Release|Any CPU
		{9E3E576D-1E78-4F03-A22A-04CDC7161206}.Release|Mixed Platforms.ActiveCfg = Release|Any CPU
		{9E3E576D-1E78-4F03-A22A-04CDC7161206}.Release|Mixed Platforms.Build.0 = Release|Any CPU
		{9E3E576D-1E78-4F03-A22A-04CDC7161206}.Release|Win32.ActiveCfg = Release|Any CPU
		{A913492B-D81D-4951-AF92-6B336C6576F9}.Debug|Any CPU.ActiveCfg = Debug|Any CPU
		{A913492B-D81D-4951-AF92-6B336C6576F9}.Debug|Any CPU.Build.0 = Debug|Any CPU
		{A913492B-D81D-4951-AF92-6B336C6576F9}.Debug|Mixed Platforms.ActiveCfg = Debug|Any CPU
		{A913492B-D81D-4951-AF92-6B336C6576F9}.Debug|Mixed Platforms.Build.0 = Debug|Any CPU
		{A913492B-D81D-4951-AF92-6B336C6576F9}.Debug|Win32.ActiveCfg = Debug|Any CPU
		{A913492B-D81D-4951-AF92-6B336C6576F9}.Release|Any CPU.ActiveCfg = Release|Any CPU
		{A913492B-D81D-4951-AF92-6B336C6576F9}.Release|Any CPU.Build.0 = Release|Any CPU
		{A913492B-D81D-4951-AF92-6B336C6576F9}.Release|Mixed Platforms.ActiveCfg = Release|Any CPU
		{A913492B-D81D-4951-AF92-6B336C6576F9}.Release|Mixed Platforms.Build.0 = Release|Any CPU
		{A913492B-D81D-4951-AF92-6B336C6576F9}.Release|Win32.ActiveCfg = Release|Any CPU
		{83B8A283-08AC-4E86-9312-FC21799B58EF}.Debug|Any CPU.ActiveCfg = Debug|Any CPU
		{83B8A283-08AC-4E86-9312-FC21799B58EF}.Debug|Any CPU.Build.0 = Debug|Any CPU
		{83B8A283-08AC-4E86-9312-FC21799B58EF}.Debug|Mixed Platforms.ActiveCfg = Debug|Any CPU
		{83B8A283-08AC-4E86-9312-FC21799B58EF}.Debug|Mixed Platforms.Build.0 = Debug|Any CPU
		{83B8A283-08AC-4E86-9312-FC21799B58EF}.Debug|Win32.ActiveCfg = Debug|Any CPU
		{83B8A283-08AC-4E86-9312-FC21799B58EF}.Release|Any CPU.ActiveCfg = Release|Any CPU
		{83B8A283-08AC-4E86-9312-FC21799B58EF}.Release|Any CPU.Build.0 = Release|Any CPU
		{83B8A283-08AC-4E86-9312-FC21799B58EF}.Release|Mixed Platforms.ActiveCfg = Release|Any CPU
		{83B8A283-08AC-4E86-9312-FC21799B58EF}.Release|Mixed Platforms.Build.0 = Release|Any CPU
		{83B8A283-08AC-4E86-9312-FC21799B58EF}.Release|Win32.ActiveCfg = Release|Any CPU
		{05FA2A89-C52B-4934-A432-C99FA12996AB}.Debug|Any CPU.ActiveCfg = Debug|Any CPU
		{05FA2A89-C52B-4934-A432-C99FA12996AB}.Debug|Any CPU.Build.0 = Debug|Any CPU
		{05FA2A89-C52B-4934-A432-C99FA12996AB}.Debug|Mixed Platforms.ActiveCfg = Debug|Any CPU
		{05FA2A89-C52B-4934-A432-C99FA12996AB}.Debug|Mixed Platforms.Build.0 = Debug|Any CPU
		{05FA2A89-C52B-4934-A432-C99FA12996AB}.Debug|Win32.ActiveCfg = Debug|Any CPU
		{05FA2A89-C52B-4934-A432-C99FA12996AB}.Release|Any CPU.ActiveCfg = Release|Any CPU
		{05FA2A89-C52B-4934-A432-C99FA12996AB}.Release|Any CPU.Build.0 = Release|Any CPU
		{05FA2A89-C52B-4934-A432-C99FA12996AB}.Release|Mixed Platforms.ActiveCfg = Release|Any CPU
		{05FA2A89-C52B-4934-A432-C99FA12996AB}.Release|Mixed Platforms.Build.0 = Release|Any CPU
		{05FA2A89-C52B-4934-A432-C99FA12996AB}.Release|Win32.ActiveCfg = Release|Any CPU
		{870BC8A4-CD13-4E47-9631-FB6A093B4CFC}.Debug|Any CPU.ActiveCfg = Debug|Any CPU
		{870BC8A4-CD13-4E47-9631-FB6A093B4CFC}.Debug|Any CPU.Build.0 = Debug|Any CPU
		{870BC8A4-CD13-4E47-9631-FB6A093B4CFC}.Debug|Mixed Platforms.ActiveCfg = Debug|Any CPU
		{870BC8A4-CD13-4E47-9631-FB6A093B4CFC}.Debug|Mixed Platforms.Build.0 = Debug|Any CPU
		{870BC8A4-CD13-4E47-9631-FB6A093B4CFC}.Debug|Win32.ActiveCfg = Debug|Any CPU
		{870BC8A4-CD13-4E47-9631-FB6A093B4CFC}.Release|Any CPU.ActiveCfg = Release|Any CPU
		{870BC8A4-CD13-4E47-9631-FB6A093B4CFC}.Release|Any CPU.Build.0 = Release|Any CPU
		{870BC8A4-CD13-4E47-9631-FB6A093B4CFC}.Release|Mixed Platforms.ActiveCfg = Release|Any CPU
		{870BC8A4-CD13-4E47-9631-FB6A093B4CFC}.Release|Mixed Platforms.Build.0 = Release|Any CPU
		{870BC8A4-CD13-4E47-9631-FB6A093B4CFC}.Release|Win32.ActiveCfg = Release|Any CPU
		{61564D7F-5F8B-49BF-BC86-247FA174FE68}.Debug|Any CPU.ActiveCfg = Debug|Any CPU
		{61564D7F-5F8B-49BF-BC86-247FA174FE68}.Debug|Any CPU.Build.0 = Debug|Any CPU
		{61564D7F-5F8B-49BF-BC86-247FA174FE68}.Debug|Mixed Platforms.ActiveCfg = Debug|Any CPU
		{61564D7F-5F8B-49BF-BC86-247FA174FE68}.Debug|Mixed Platforms.Build.0 = Debug|Any CPU
		{61564D7F-5F8B-49BF-BC86-247FA174FE68}.Debug|Win32.ActiveCfg = Debug|Any CPU
		{61564D7F-5F8B-49BF-BC86-247FA174FE68}.Release|Any CPU.ActiveCfg = Release|Any CPU
		{61564D7F-5F8B-49BF-BC86-247FA174FE68}.Release|Any CPU.Build.0 = Release|Any CPU
		{61564D7F-5F8B-49BF-BC86-247FA174FE68}.Release|Mixed Platforms.ActiveCfg = Release|Any CPU
		{61564D7F-5F8B-49BF-BC86-247FA174FE68}.Release|Mixed Platforms.Build.0 = Release|Any CPU
		{61564D7F-5F8B-49BF-BC86-247FA174FE68}.Release|Win32.ActiveCfg = Release|Any CPU
		{E36A3CFC-48E5-40E1-8553-1AB203221F4E}.Debug|Any CPU.ActiveCfg = Debug|Any CPU
		{E36A3CFC-48E5-40E1-8553-1AB203221F4E}.Debug|Any CPU.Build.0 = Debug|Any CPU
		{E36A3CFC-48E5-40E1-8553-1AB203221F4E}.Debug|Mixed Platforms.ActiveCfg = Debug|Any CPU
		{E36A3CFC-48E5-40E1-8553-1AB203221F4E}.Debug|Mixed Platforms.Build.0 = Debug|Any CPU
		{E36A3CFC-48E5-40E1-8553-1AB203221F4E}.Debug|Win32.ActiveCfg = Debug|Any CPU
		{E36A3CFC-48E5-40E1-8553-1AB203221F4E}.Release|Any CPU.ActiveCfg = Release|Any CPU
		{E36A3CFC-48E5-40E1-8553-1AB203221F4E}.Release|Any CPU.Build.0 = Release|Any CPU
		{E36A3CFC-48E5-40E1-8553-1AB203221F4E}.Release|Mixed Platforms.ActiveCfg = Release|Any CPU
		{E36A3CFC-48E5-40E1-8553-1AB203221F4E}.Release|Mixed Platforms.Build.0 = Release|Any CPU
		{E36A3CFC-48E5-40E1-8553-1AB203221F4E}.Release|Win32.ActiveCfg = Release|Any CPU
		{87FB7C63-0B17-4E9A-B9C7-4AA880D44928}.Debug|Any CPU.ActiveCfg = Debug|Any CPU
		{87FB7C63-0B17-4E9A-B9C7-4AA880D44928}.Debug|Any CPU.Build.0 = Debug|Any CPU
		{87FB7C63-0B17-4E9A-B9C7-4AA880D44928}.Debug|Mixed Platforms.ActiveCfg = Debug|Any CPU
		{87FB7C63-0B17-4E9A-B9C7-4AA880D44928}.Debug|Mixed Platforms.Build.0 = Debug|Any CPU
		{87FB7C63-0B17-4E9A-B9C7-4AA880D44928}.Debug|Win32.ActiveCfg = Debug|Any CPU
		{87FB7C63-0B17-4E9A-B9C7-4AA880D44928}.Release|Any CPU.ActiveCfg = Release|Any CPU
		{87FB7C63-0B17-4E9A-B9C7-4AA880D44928}.Release|Any CPU.Build.0 = Release|Any CPU
		{87FB7C63-0B17-4E9A-B9C7-4AA880D44928}.Release|Mixed Platforms.ActiveCfg = Release|Any CPU
		{87FB7C63-0B17-4E9A-B9C7-4AA880D44928}.Release|Mixed Platforms.Build.0 = Release|Any CPU
		{87FB7C63-0B17-4E9A-B9C7-4AA880D44928}.Release|Win32.ActiveCfg = Release|Any CPU
		{0A5A272E-6616-4F78-9077-BAF9F987BDF5}.Debug|Any CPU.ActiveCfg = Debug|Any CPU
		{0A5A272E-6616-4F78-9077-BAF9F987BDF5}.Debug|Any CPU.Build.0 = Debug|Any CPU
		{0A5A272E-6616-4F78-9077-BAF9F987BDF5}.Debug|Mixed Platforms.ActiveCfg = Debug|Any CPU
		{0A5A272E-6616-4F78-9077-BAF9F987BDF5}.Debug|Mixed Platforms.Build.0 = Debug|Any CPU
		{0A5A272E-6616-4F78-9077-BAF9F987BDF5}.Debug|Win32.ActiveCfg = Debug|Any CPU
		{0A5A272E-6616-4F78-9077-BAF9F987BDF5}.Release|Any CPU.ActiveCfg = Release|Any CPU
		{0A5A272E-6616-4F78-9077-BAF9F987BDF5}.Release|Any CPU.Build.0 = Release|Any CPU
		{0A5A272E-6616-4F78-9077-BAF9F987BDF5}.Release|Mixed Platforms.ActiveCfg = Release|Any CPU
		{0A5A272E-6616-4F78-9077-BAF9F987BDF5}.Release|Mixed Platforms.Build.0 = Release|Any CPU
		{0A5A272E-6616-4F78-9077-BAF9F987BDF5}.Release|Win32.ActiveCfg = Release|Any CPU
		{B6430DB2-DF71-435D-BBAC-3628AB3807EC}.Debug|Any CPU.ActiveCfg = Debug|Any CPU
		{B6430DB2-DF71-435D-BBAC-3628AB3807EC}.Debug|Any CPU.Build.0 = Debug|Any CPU
		{B6430DB2-DF71-435D-BBAC-3628AB3807EC}.Debug|Mixed Platforms.ActiveCfg = Debug|Any CPU
		{B6430DB2-DF71-435D-BBAC-3628AB3807EC}.Debug|Mixed Platforms.Build.0 = Debug|Any CPU
		{B6430DB2-DF71-435D-BBAC-3628AB3807EC}.Debug|Win32.ActiveCfg = Debug|Any CPU
		{B6430DB2-DF71-435D-BBAC-3628AB3807EC}.Release|Any CPU.ActiveCfg = Release|Any CPU
		{B6430DB2-DF71-435D-BBAC-3628AB3807EC}.Release|Any CPU.Build.0 = Release|Any CPU
		{B6430DB2-DF71-435D-BBAC-3628AB3807EC}.Release|Mixed Platforms.ActiveCfg = Release|Any CPU
		{B6430DB2-DF71-435D-BBAC-3628AB3807EC}.Release|Mixed Platforms.Build.0 = Release|Any CPU
		{B6430DB2-DF71-435D-BBAC-3628AB3807EC}.Release|Win32.ActiveCfg = Release|Any CPU
		{2D589715-9383-47C2-AB3A-6F837D2689E6}.Debug|Any CPU.ActiveCfg = Debug|Any CPU
		{2D589715-9383-47C2-AB3A-6F837D2689E6}.Debug|Any CPU.Build.0 = Debug|Any CPU
		{2D589715-9383-47C2-AB3A-6F837D2689E6}.Debug|Mixed Platforms.ActiveCfg = Debug|Any CPU
		{2D589715-9383-47C2-AB3A-6F837D2689E6}.Debug|Mixed Platforms.Build.0 = Debug|Any CPU
		{2D589715-9383-47C2-AB3A-6F837D2689E6}.Debug|Win32.ActiveCfg = Debug|Any CPU
		{2D589715-9383-47C2-AB3A-6F837D2689E6}.Release|Any CPU.ActiveCfg = Release|Any CPU
		{2D589715-9383-47C2-AB3A-6F837D2689E6}.Release|Any CPU.Build.0 = Release|Any CPU
		{2D589715-9383-47C2-AB3A-6F837D2689E6}.Release|Mixed Platforms.ActiveCfg = Release|Any CPU
		{2D589715-9383-47C2-AB3A-6F837D2689E6}.Release|Mixed Platforms.Build.0 = Release|Any CPU
		{2D589715-9383-47C2-AB3A-6F837D2689E6}.Release|Win32.ActiveCfg = Release|Any CPU
		{4215778A-F53E-4CE3-9C3D-C31393700CF0}.Debug|Any CPU.ActiveCfg = Debug|Any CPU
		{4215778A-F53E-4CE3-9C3D-C31393700CF0}.Debug|Any CPU.Build.0 = Debug|Any CPU
		{4215778A-F53E-4CE3-9C3D-C31393700CF0}.Debug|Mixed Platforms.ActiveCfg = Debug|Any CPU
		{4215778A-F53E-4CE3-9C3D-C31393700CF0}.Debug|Mixed Platforms.Build.0 = Debug|Any CPU
		{4215778A-F53E-4CE3-9C3D-C31393700CF0}.Debug|Win32.ActiveCfg = Debug|Any CPU
		{4215778A-F53E-4CE3-9C3D-C31393700CF0}.Release|Any CPU.ActiveCfg = Release|Any CPU
		{4215778A-F53E-4CE3-9C3D-C31393700CF0}.Release|Any CPU.Build.0 = Release|Any CPU
		{4215778A-F53E-4CE3-9C3D-C31393700CF0}.Release|Mixed Platforms.ActiveCfg = Release|Any CPU
		{4215778A-F53E-4CE3-9C3D-C31393700CF0}.Release|Mixed Platforms.Build.0 = Release|Any CPU
		{4215778A-F53E-4CE3-9C3D-C31393700CF0}.Release|Win32.ActiveCfg = Release|Any CPU
		{9FCE7A26-0245-46A7-9494-0B52DE52F7D5}.Debug|Any CPU.ActiveCfg = Debug|Any CPU
		{9FCE7A26-0245-46A7-9494-0B52DE52F7D5}.Debug|Any CPU.Build.0 = Debug|Any CPU
		{9FCE7A26-0245-46A7-9494-0B52DE52F7D5}.Debug|Mixed Platforms.ActiveCfg = Debug|Any CPU
		{9FCE7A26-0245-46A7-9494-0B52DE52F7D5}.Debug|Mixed Platforms.Build.0 = Debug|Any CPU
		{9FCE7A26-0245-46A7-9494-0B52DE52F7D5}.Debug|Win32.ActiveCfg = Debug|Any CPU
		{9FCE7A26-0245-46A7-9494-0B52DE52F7D5}.Release|Any CPU.ActiveCfg = Release|Any CPU
		{9FCE7A26-0245-46A7-9494-0B52DE52F7D5}.Release|Any CPU.Build.0 = Release|Any CPU
		{9FCE7A26-0245-46A7-9494-0B52DE52F7D5}.Release|Mixed Platforms.ActiveCfg = Release|Any CPU
		{9FCE7A26-0245-46A7-9494-0B52DE52F7D5}.Release|Mixed Platforms.Build.0 = Release|Any CPU
		{9FCE7A26-0245-46A7-9494-0B52DE52F7D5}.Release|Win32.ActiveCfg = Release|Any CPU
		{55B1A1AB-8F6C-42A7-B3E4-2440CE0564B8}.Debug|Any CPU.ActiveCfg = Debug|Any CPU
		{55B1A1AB-8F6C-42A7-B3E4-2440CE0564B8}.Debug|Any CPU.Build.0 = Debug|Any CPU
		{55B1A1AB-8F6C-42A7-B3E4-2440CE0564B8}.Debug|Mixed Platforms.ActiveCfg = Debug|Any CPU
		{55B1A1AB-8F6C-42A7-B3E4-2440CE0564B8}.Debug|Mixed Platforms.Build.0 = Debug|Any CPU
		{55B1A1AB-8F6C-42A7-B3E4-2440CE0564B8}.Debug|Win32.ActiveCfg = Debug|Any CPU
		{55B1A1AB-8F6C-42A7-B3E4-2440CE0564B8}.Release|Any CPU.ActiveCfg = Release|Any CPU
		{55B1A1AB-8F6C-42A7-B3E4-2440CE0564B8}.Release|Any CPU.Build.0 = Release|Any CPU
		{55B1A1AB-8F6C-42A7-B3E4-2440CE0564B8}.Release|Mixed Platforms.ActiveCfg = Release|Any CPU
		{55B1A1AB-8F6C-42A7-B3E4-2440CE0564B8}.Release|Mixed Platforms.Build.0 = Release|Any CPU
		{55B1A1AB-8F6C-42A7-B3E4-2440CE0564B8}.Release|Win32.ActiveCfg = Release|Any CPU
		{3B96E204-E91E-4659-9B7A-50DED207A0E9}.Debug|Any CPU.ActiveCfg = Debug|Any CPU
		{3B96E204-E91E-4659-9B7A-50DED207A0E9}.Debug|Any CPU.Build.0 = Debug|Any CPU
		{3B96E204-E91E-4659-9B7A-50DED207A0E9}.Debug|Mixed Platforms.ActiveCfg = Debug|Any CPU
		{3B96E204-E91E-4659-9B7A-50DED207A0E9}.Debug|Mixed Platforms.Build.0 = Debug|Any CPU
		{3B96E204-E91E-4659-9B7A-50DED207A0E9}.Debug|Win32.ActiveCfg = Debug|Any CPU
		{3B96E204-E91E-4659-9B7A-50DED207A0E9}.Release|Any CPU.ActiveCfg = Release|Any CPU
		{3B96E204-E91E-4659-9B7A-50DED207A0E9}.Release|Any CPU.Build.0 = Release|Any CPU
		{3B96E204-E91E-4659-9B7A-50DED207A0E9}.Release|Mixed Platforms.ActiveCfg = Release|Any CPU
		{3B96E204-E91E-4659-9B7A-50DED207A0E9}.Release|Mixed Platforms.Build.0 = Release|Any CPU
		{3B96E204-E91E-4659-9B7A-50DED207A0E9}.Release|Win32.ActiveCfg = Release|Any CPU
		{5F774BD1-0A6D-465E-80DA-84AD7C0F2775}.Debug|Any CPU.ActiveCfg = Debug|Any CPU
		{5F774BD1-0A6D-465E-80DA-84AD7C0F2775}.Debug|Any CPU.Build.0 = Debug|Any CPU
		{5F774BD1-0A6D-465E-80DA-84AD7C0F2775}.Debug|Mixed Platforms.ActiveCfg = Debug|Any CPU
		{5F774BD1-0A6D-465E-80DA-84AD7C0F2775}.Debug|Mixed Platforms.Build.0 = Debug|Any CPU
		{5F774BD1-0A6D-465E-80DA-84AD7C0F2775}.Debug|Win32.ActiveCfg = Debug|Any CPU
		{5F774BD1-0A6D-465E-80DA-84AD7C0F2775}.Release|Any CPU.ActiveCfg = Release|Any CPU
		{5F774BD1-0A6D-465E-80DA-84AD7C0F2775}.Release|Any CPU.Build.0 = Release|Any CPU
		{5F774BD1-0A6D-465E-80DA-84AD7C0F2775}.Release|Mixed Platforms.ActiveCfg = Release|Any CPU
		{5F774BD1-0A6D-465E-80DA-84AD7C0F2775}.Release|Mixed Platforms.Build.0 = Release|Any CPU
		{5F774BD1-0A6D-465E-80DA-84AD7C0F2775}.Release|Win32.ActiveCfg = Release|Any CPU
		{3F337A7E-1155-4564-B1AE-D133FD24EB13}.Debug|Any CPU.ActiveCfg = Debug|Any CPU
		{3F337A7E-1155-4564-B1AE-D133FD24EB13}.Debug|Any CPU.Build.0 = Debug|Any CPU
		{3F337A7E-1155-4564-B1AE-D133FD24EB13}.Debug|Mixed Platforms.ActiveCfg = Debug|Any CPU
		{3F337A7E-1155-4564-B1AE-D133FD24EB13}.Debug|Mixed Platforms.Build.0 = Debug|Any CPU
		{3F337A7E-1155-4564-B1AE-D133FD24EB13}.Debug|Win32.ActiveCfg = Debug|Any CPU
		{3F337A7E-1155-4564-B1AE-D133FD24EB13}.Release|Any CPU.ActiveCfg = Release|Any CPU
		{3F337A7E-1155-4564-B1AE-D133FD24EB13}.Release|Any CPU.Build.0 = Release|Any CPU
		{3F337A7E-1155-4564-B1AE-D133FD24EB13}.Release|Mixed Platforms.ActiveCfg = Release|Any CPU
		{3F337A7E-1155-4564-B1AE-D133FD24EB13}.Release|Mixed Platforms.Build.0 = Release|Any CPU
		{3F337A7E-1155-4564-B1AE-D133FD24EB13}.Release|Win32.ActiveCfg = Release|Any CPU
		{EB234F6E-AFF5-472F-A7DF-DDF682F991E8}.Debug|Any CPU.ActiveCfg = Debug|Any CPU
		{EB234F6E-AFF5-472F-A7DF-DDF682F991E8}.Debug|Any CPU.Build.0 = Debug|Any CPU
		{EB234F6E-AFF5-472F-A7DF-DDF682F991E8}.Debug|Mixed Platforms.ActiveCfg = Debug|Any CPU
		{EB234F6E-AFF5-472F-A7DF-DDF682F991E8}.Debug|Mixed Platforms.Build.0 = Debug|Any CPU
		{EB234F6E-AFF5-472F-A7DF-DDF682F991E8}.Debug|Win32.ActiveCfg = Debug|Any CPU
		{EB234F6E-AFF5-472F-A7DF-DDF682F991E8}.Release|Any CPU.ActiveCfg = Release|Any CPU
		{EB234F6E-AFF5-472F-A7DF-DDF682F991E8}.Release|Any CPU.Build.0 = Release|Any CPU
		{EB234F6E-AFF5-472F-A7DF-DDF682F991E8}.Release|Mixed Platforms.ActiveCfg = Release|Any CPU
		{EB234F6E-AFF5-472F-A7DF-DDF682F991E8}.Release|Mixed Platforms.Build.0 = Release|Any CPU
		{EB234F6E-AFF5-472F-A7DF-DDF682F991E8}.Release|Win32.ActiveCfg = Release|Any CPU
		{27187AD8-531A-419D-9A46-6F6DB221A734}.Debug|Any CPU.ActiveCfg = Debug|Any CPU
		{27187AD8-531A-419D-9A46-6F6DB221A734}.Debug|Any CPU.Build.0 = Debug|Any CPU
		{27187AD8-531A-419D-9A46-6F6DB221A734}.Debug|Mixed Platforms.ActiveCfg = Debug|Any CPU
		{27187AD8-531A-419D-9A46-6F6DB221A734}.Debug|Mixed Platforms.Build.0 = Debug|Any CPU
		{27187AD8-531A-419D-9A46-6F6DB221A734}.Debug|Win32.ActiveCfg = Debug|Any CPU
		{27187AD8-531A-419D-9A46-6F6DB221A734}.Release|Any CPU.ActiveCfg = Release|Any CPU
		{27187AD8-531A-419D-9A46-6F6DB221A734}.Release|Any CPU.Build.0 = Release|Any CPU
		{27187AD8-531A-419D-9A46-6F6DB221A734}.Release|Mixed Platforms.ActiveCfg = Release|Any CPU
		{27187AD8-531A-419D-9A46-6F6DB221A734}.Release|Mixed Platforms.Build.0 = Release|Any CPU
		{27187AD8-531A-419D-9A46-6F6DB221A734}.Release|Win32.ActiveCfg = Release|Any CPU
		{9CFE3786-27B0-47E3-AD24-7B11B8A77F69}.Debug|Any CPU.ActiveCfg = Debug|Any CPU
		{9CFE3786-27B0-47E3-AD24-7B11B8A77F69}.Debug|Any CPU.Build.0 = Debug|Any CPU
		{9CFE3786-27B0-47E3-AD24-7B11B8A77F69}.Debug|Mixed Platforms.ActiveCfg = Debug|Any CPU
		{9CFE3786-27B0-47E3-AD24-7B11B8A77F69}.Debug|Mixed Platforms.Build.0 = Debug|Any CPU
		{9CFE3786-27B0-47E3-AD24-7B11B8A77F69}.Debug|Win32.ActiveCfg = Debug|Any CPU
		{9CFE3786-27B0-47E3-AD24-7B11B8A77F69}.Release|Any CPU.ActiveCfg = Release|Any CPU
		{9CFE3786-27B0-47E3-AD24-7B11B8A77F69}.Release|Any CPU.Build.0 = Release|Any CPU
		{9CFE3786-27B0-47E3-AD24-7B11B8A77F69}.Release|Mixed Platforms.ActiveCfg = Release|Any CPU
		{9CFE3786-27B0-47E3-AD24-7B11B8A77F69}.Release|Mixed Platforms.Build.0 = Release|Any CPU
		{9CFE3786-27B0-47E3-AD24-7B11B8A77F69}.Release|Win32.ActiveCfg = Release|Any CPU
		{E4BE342A-FB83-48FB-9ECE-71A5B85E6DE6}.Debug|Any CPU.ActiveCfg = Debug|Any CPU
		{E4BE342A-FB83-48FB-9ECE-71A5B85E6DE6}.Debug|Any CPU.Build.0 = Debug|Any CPU
		{E4BE342A-FB83-48FB-9ECE-71A5B85E6DE6}.Debug|Mixed Platforms.ActiveCfg = Debug|Any CPU
		{E4BE342A-FB83-48FB-9ECE-71A5B85E6DE6}.Debug|Mixed Platforms.Build.0 = Debug|Any CPU
		{E4BE342A-FB83-48FB-9ECE-71A5B85E6DE6}.Debug|Win32.ActiveCfg = Debug|Any CPU
		{E4BE342A-FB83-48FB-9ECE-71A5B85E6DE6}.Release|Any CPU.ActiveCfg = Release|Any CPU
		{E4BE342A-FB83-48FB-9ECE-71A5B85E6DE6}.Release|Any CPU.Build.0 = Release|Any CPU
		{E4BE342A-FB83-48FB-9ECE-71A5B85E6DE6}.Release|Mixed Platforms.ActiveCfg = Release|Any CPU
		{E4BE342A-FB83-48FB-9ECE-71A5B85E6DE6}.Release|Mixed Platforms.Build.0 = Release|Any CPU
		{E4BE342A-FB83-48FB-9ECE-71A5B85E6DE6}.Release|Win32.ActiveCfg = Release|Any CPU
		{49EB3C0D-B90C-45DC-84E8-003E8B1ABD4F}.Debug|Any CPU.ActiveCfg = Debug|Any CPU
		{49EB3C0D-B90C-45DC-84E8-003E8B1ABD4F}.Debug|Any CPU.Build.0 = Debug|Any CPU
		{49EB3C0D-B90C-45DC-84E8-003E8B1ABD4F}.Debug|Mixed Platforms.ActiveCfg = Debug|Any CPU
		{49EB3C0D-B90C-45DC-84E8-003E8B1ABD4F}.Debug|Mixed Platforms.Build.0 = Debug|Any CPU
		{49EB3C0D-B90C-45DC-84E8-003E8B1ABD4F}.Debug|Win32.ActiveCfg = Debug|Any CPU
		{49EB3C0D-B90C-45DC-84E8-003E8B1ABD4F}.Release|Any CPU.ActiveCfg = Release|Any CPU
		{49EB3C0D-B90C-45DC-84E8-003E8B1ABD4F}.Release|Any CPU.Build.0 = Release|Any CPU
		{49EB3C0D-B90C-45DC-84E8-003E8B1ABD4F}.Release|Mixed Platforms.ActiveCfg = Release|Any CPU
		{49EB3C0D-B90C-45DC-84E8-003E8B1ABD4F}.Release|Mixed Platforms.Build.0 = Release|Any CPU
		{49EB3C0D-B90C-45DC-84E8-003E8B1ABD4F}.Release|Win32.ActiveCfg = Release|Any CPU
		{9E1FC1EF-B80D-4370-85B0-A52B58946570}.Debug|Any CPU.ActiveCfg = Debug|Any CPU
		{9E1FC1EF-B80D-4370-85B0-A52B58946570}.Debug|Any CPU.Build.0 = Debug|Any CPU
		{9E1FC1EF-B80D-4370-85B0-A52B58946570}.Debug|Mixed Platforms.ActiveCfg = Debug|Any CPU
		{9E1FC1EF-B80D-4370-85B0-A52B58946570}.Debug|Mixed Platforms.Build.0 = Debug|Any CPU
		{9E1FC1EF-B80D-4370-85B0-A52B58946570}.Debug|Win32.ActiveCfg = Debug|Any CPU
		{9E1FC1EF-B80D-4370-85B0-A52B58946570}.Release|Any CPU.ActiveCfg = Release|Any CPU
		{9E1FC1EF-B80D-4370-85B0-A52B58946570}.Release|Any CPU.Build.0 = Release|Any CPU
		{9E1FC1EF-B80D-4370-85B0-A52B58946570}.Release|Mixed Platforms.ActiveCfg = Release|Any CPU
		{9E1FC1EF-B80D-4370-85B0-A52B58946570}.Release|Mixed Platforms.Build.0 = Release|Any CPU
		{9E1FC1EF-B80D-4370-85B0-A52B58946570}.Release|Win32.ActiveCfg = Release|Any CPU
		{F0D2D3F0-FF0B-417A-B18C-6EA6BEB0DBE2}.Debug|Any CPU.ActiveCfg = Debug|Any CPU
		{F0D2D3F0-FF0B-417A-B18C-6EA6BEB0DBE2}.Debug|Any CPU.Build.0 = Debug|Any CPU
		{F0D2D3F0-FF0B-417A-B18C-6EA6BEB0DBE2}.Debug|Mixed Platforms.ActiveCfg = Debug|Any CPU
		{F0D2D3F0-FF0B-417A-B18C-6EA6BEB0DBE2}.Debug|Mixed Platforms.Build.0 = Debug|Any CPU
		{F0D2D3F0-FF0B-417A-B18C-6EA6BEB0DBE2}.Debug|Win32.ActiveCfg = Debug|Any CPU
		{F0D2D3F0-FF0B-417A-B18C-6EA6BEB0DBE2}.Release|Any CPU.ActiveCfg = Release|Any CPU
		{F0D2D3F0-FF0B-417A-B18C-6EA6BEB0DBE2}.Release|Any CPU.Build.0 = Release|Any CPU
		{F0D2D3F0-FF0B-417A-B18C-6EA6BEB0DBE2}.Release|Mixed Platforms.ActiveCfg = Release|Any CPU
		{F0D2D3F0-FF0B-417A-B18C-6EA6BEB0DBE2}.Release|Mixed Platforms.Build.0 = Release|Any CPU
		{F0D2D3F0-FF0B-417A-B18C-6EA6BEB0DBE2}.Release|Win32.ActiveCfg = Release|Any CPU
		{81025F59-496A-438D-8BB9-2F3093135BD2}.Debug|Any CPU.ActiveCfg = Debug|Any CPU
		{81025F59-496A-438D-8BB9-2F3093135BD2}.Debug|Any CPU.Build.0 = Debug|Any CPU
		{81025F59-496A-438D-8BB9-2F3093135BD2}.Debug|Mixed Platforms.ActiveCfg = Debug|Any CPU
		{81025F59-496A-438D-8BB9-2F3093135BD2}.Debug|Mixed Platforms.Build.0 = Debug|Any CPU
		{81025F59-496A-438D-8BB9-2F3093135BD2}.Debug|Win32.ActiveCfg = Debug|Any CPU
		{81025F59-496A-438D-8BB9-2F3093135BD2}.Release|Any CPU.ActiveCfg = Release|Any CPU
		{81025F59-496A-438D-8BB9-2F3093135BD2}.Release|Any CPU.Build.0 = Release|Any CPU
		{81025F59-496A-438D-8BB9-2F3093135BD2}.Release|Mixed Platforms.ActiveCfg = Release|Any CPU
		{81025F59-496A-438D-8BB9-2F3093135BD2}.Release|Mixed Platforms.Build.0 = Release|Any CPU
		{81025F59-496A-438D-8BB9-2F3093135BD2}.Release|Win32.ActiveCfg = Release|Any CPU
		{B773DD1E-9CC5-473B-A805-D3DFA4AFC131}.Debug|Any CPU.ActiveCfg = Debug|Any CPU
		{B773DD1E-9CC5-473B-A805-D3DFA4AFC131}.Debug|Any CPU.Build.0 = Debug|Any CPU
		{B773DD1E-9CC5-473B-A805-D3DFA4AFC131}.Debug|Mixed Platforms.ActiveCfg = Debug|Any CPU
		{B773DD1E-9CC5-473B-A805-D3DFA4AFC131}.Debug|Mixed Platforms.Build.0 = Debug|Any CPU
		{B773DD1E-9CC5-473B-A805-D3DFA4AFC131}.Debug|Win32.ActiveCfg = Debug|Any CPU
		{B773DD1E-9CC5-473B-A805-D3DFA4AFC131}.Release|Any CPU.ActiveCfg = Release|Any CPU
		{B773DD1E-9CC5-473B-A805-D3DFA4AFC131}.Release|Any CPU.Build.0 = Release|Any CPU
		{B773DD1E-9CC5-473B-A805-D3DFA4AFC131}.Release|Mixed Platforms.ActiveCfg = Release|Any CPU
		{B773DD1E-9CC5-473B-A805-D3DFA4AFC131}.Release|Mixed Platforms.Build.0 = Release|Any CPU
		{B773DD1E-9CC5-473B-A805-D3DFA4AFC131}.Release|Win32.ActiveCfg = Release|Any CPU
		{577CB2EE-1CCB-4CE0-A16F-37A2C38191B2}.Debug|Any CPU.ActiveCfg = Debug|Any CPU
		{577CB2EE-1CCB-4CE0-A16F-37A2C38191B2}.Debug|Any CPU.Build.0 = Debug|Any CPU
		{577CB2EE-1CCB-4CE0-A16F-37A2C38191B2}.Debug|Mixed Platforms.ActiveCfg = Debug|Any CPU
		{577CB2EE-1CCB-4CE0-A16F-37A2C38191B2}.Debug|Mixed Platforms.Build.0 = Debug|Any CPU
		{577CB2EE-1CCB-4CE0-A16F-37A2C38191B2}.Debug|Win32.ActiveCfg = Debug|Any CPU
		{577CB2EE-1CCB-4CE0-A16F-37A2C38191B2}.Release|Any CPU.ActiveCfg = Release|Any CPU
		{577CB2EE-1CCB-4CE0-A16F-37A2C38191B2}.Release|Any CPU.Build.0 = Release|Any CPU
		{577CB2EE-1CCB-4CE0-A16F-37A2C38191B2}.Release|Mixed Platforms.ActiveCfg = Release|Any CPU
		{577CB2EE-1CCB-4CE0-A16F-37A2C38191B2}.Release|Mixed Platforms.Build.0 = Release|Any CPU
		{577CB2EE-1CCB-4CE0-A16F-37A2C38191B2}.Release|Win32.ActiveCfg = Release|Any CPU
		{AD2D22F9-D46C-4276-89BE-3C7256A5617F}.Debug|Any CPU.ActiveCfg = Debug|Any CPU
		{AD2D22F9-D46C-4276-89BE-3C7256A5617F}.Debug|Any CPU.Build.0 = Debug|Any CPU
		{AD2D22F9-D46C-4276-89BE-3C7256A5617F}.Debug|Mixed Platforms.ActiveCfg = Debug|Any CPU
		{AD2D22F9-D46C-4276-89BE-3C7256A5617F}.Debug|Mixed Platforms.Build.0 = Debug|Any CPU
		{AD2D22F9-D46C-4276-89BE-3C7256A5617F}.Debug|Win32.ActiveCfg = Debug|Any CPU
		{AD2D22F9-D46C-4276-89BE-3C7256A5617F}.Release|Any CPU.ActiveCfg = Release|Any CPU
		{AD2D22F9-D46C-4276-89BE-3C7256A5617F}.Release|Any CPU.Build.0 = Release|Any CPU
		{AD2D22F9-D46C-4276-89BE-3C7256A5617F}.Release|Mixed Platforms.ActiveCfg = Release|Any CPU
		{AD2D22F9-D46C-4276-89BE-3C7256A5617F}.Release|Mixed Platforms.Build.0 = Release|Any CPU
		{AD2D22F9-D46C-4276-89BE-3C7256A5617F}.Release|Win32.ActiveCfg = Release|Any CPU
		{EDF9181F-9049-4770-818F-C4E67E2FC989}.Debug|Any CPU.ActiveCfg = Debug|Any CPU
		{EDF9181F-9049-4770-818F-C4E67E2FC989}.Debug|Any CPU.Build.0 = Debug|Any CPU
		{EDF9181F-9049-4770-818F-C4E67E2FC989}.Debug|Mixed Platforms.ActiveCfg = Debug|Any CPU
		{EDF9181F-9049-4770-818F-C4E67E2FC989}.Debug|Mixed Platforms.Build.0 = Debug|Any CPU
		{EDF9181F-9049-4770-818F-C4E67E2FC989}.Debug|Win32.ActiveCfg = Debug|Any CPU
		{EDF9181F-9049-4770-818F-C4E67E2FC989}.Release|Any CPU.ActiveCfg = Release|Any CPU
		{EDF9181F-9049-4770-818F-C4E67E2FC989}.Release|Any CPU.Build.0 = Release|Any CPU
		{EDF9181F-9049-4770-818F-C4E67E2FC989}.Release|Mixed Platforms.ActiveCfg = Release|Any CPU
		{EDF9181F-9049-4770-818F-C4E67E2FC989}.Release|Mixed Platforms.Build.0 = Release|Any CPU
		{EDF9181F-9049-4770-818F-C4E67E2FC989}.Release|Win32.ActiveCfg = Release|Any CPU
		{B535FB07-4386-4B90-A033-ECA37ACD9C56}.Debug|Any CPU.ActiveCfg = Debug|Any CPU
		{B535FB07-4386-4B90-A033-ECA37ACD9C56}.Debug|Any CPU.Build.0 = Debug|Any CPU
		{B535FB07-4386-4B90-A033-ECA37ACD9C56}.Debug|Mixed Platforms.ActiveCfg = Debug|Any CPU
		{B535FB07-4386-4B90-A033-ECA37ACD9C56}.Debug|Mixed Platforms.Build.0 = Debug|Any CPU
		{B535FB07-4386-4B90-A033-ECA37ACD9C56}.Debug|Win32.ActiveCfg = Debug|Any CPU
		{B535FB07-4386-4B90-A033-ECA37ACD9C56}.Release|Any CPU.ActiveCfg = Release|Any CPU
		{B535FB07-4386-4B90-A033-ECA37ACD9C56}.Release|Any CPU.Build.0 = Release|Any CPU
		{B535FB07-4386-4B90-A033-ECA37ACD9C56}.Release|Mixed Platforms.ActiveCfg = Release|Any CPU
		{B535FB07-4386-4B90-A033-ECA37ACD9C56}.Release|Mixed Platforms.Build.0 = Release|Any CPU
		{B535FB07-4386-4B90-A033-ECA37ACD9C56}.Release|Win32.ActiveCfg = Release|Any CPU
		{EFE60146-1C67-4F2D-AE6A-787648B12013}.Debug|Any CPU.ActiveCfg = Debug|Any CPU
		{EFE60146-1C67-4F2D-AE6A-787648B12013}.Debug|Any CPU.Build.0 = Debug|Any CPU
		{EFE60146-1C67-4F2D-AE6A-787648B12013}.Debug|Mixed Platforms.ActiveCfg = Debug|Any CPU
		{EFE60146-1C67-4F2D-AE6A-787648B12013}.Debug|Mixed Platforms.Build.0 = Debug|Any CPU
		{EFE60146-1C67-4F2D-AE6A-787648B12013}.Debug|Win32.ActiveCfg = Debug|Any CPU
		{EFE60146-1C67-4F2D-AE6A-787648B12013}.Release|Any CPU.ActiveCfg = Release|Any CPU
		{EFE60146-1C67-4F2D-AE6A-787648B12013}.Release|Any CPU.Build.0 = Release|Any CPU
		{EFE60146-1C67-4F2D-AE6A-787648B12013}.Release|Mixed Platforms.ActiveCfg = Release|Any CPU
		{EFE60146-1C67-4F2D-AE6A-787648B12013}.Release|Mixed Platforms.Build.0 = Release|Any CPU
		{EFE60146-1C67-4F2D-AE6A-787648B12013}.Release|Win32.ActiveCfg = Release|Any CPU
		{9AD62521-691A-4235-A954-25543DD1A758}.Debug|Any CPU.ActiveCfg = Debug|Any CPU
		{9AD62521-691A-4235-A954-25543DD1A758}.Debug|Any CPU.Build.0 = Debug|Any CPU
		{9AD62521-691A-4235-A954-25543DD1A758}.Debug|Mixed Platforms.ActiveCfg = Debug|Any CPU
		{9AD62521-691A-4235-A954-25543DD1A758}.Debug|Mixed Platforms.Build.0 = Debug|Any CPU
		{9AD62521-691A-4235-A954-25543DD1A758}.Debug|Win32.ActiveCfg = Debug|Any CPU
		{9AD62521-691A-4235-A954-25543DD1A758}.Release|Any CPU.ActiveCfg = Release|Any CPU
		{9AD62521-691A-4235-A954-25543DD1A758}.Release|Any CPU.Build.0 = Release|Any CPU
		{9AD62521-691A-4235-A954-25543DD1A758}.Release|Mixed Platforms.ActiveCfg = Release|Any CPU
		{9AD62521-691A-4235-A954-25543DD1A758}.Release|Mixed Platforms.Build.0 = Release|Any CPU
		{9AD62521-691A-4235-A954-25543DD1A758}.Release|Win32.ActiveCfg = Release|Any CPU
		{17E6B105-550B-4EA0-B801-A24E60084DC8}.Debug|Any CPU.ActiveCfg = Debug|Any CPU
		{17E6B105-550B-4EA0-B801-A24E60084DC8}.Debug|Any CPU.Build.0 = Debug|Any CPU
		{17E6B105-550B-4EA0-B801-A24E60084DC8}.Debug|Mixed Platforms.ActiveCfg = Debug|Any CPU
		{17E6B105-550B-4EA0-B801-A24E60084DC8}.Debug|Mixed Platforms.Build.0 = Debug|Any CPU
		{17E6B105-550B-4EA0-B801-A24E60084DC8}.Debug|Win32.ActiveCfg = Debug|Any CPU
		{17E6B105-550B-4EA0-B801-A24E60084DC8}.Release|Any CPU.ActiveCfg = Release|Any CPU
		{17E6B105-550B-4EA0-B801-A24E60084DC8}.Release|Any CPU.Build.0 = Release|Any CPU
		{17E6B105-550B-4EA0-B801-A24E60084DC8}.Release|Mixed Platforms.ActiveCfg = Release|Any CPU
		{17E6B105-550B-4EA0-B801-A24E60084DC8}.Release|Mixed Platforms.Build.0 = Release|Any CPU
		{17E6B105-550B-4EA0-B801-A24E60084DC8}.Release|Win32.ActiveCfg = Release|Any CPU
		{1F8EA865-2858-4B53-85B1-F9462F348DBA}.Debug|Any CPU.ActiveCfg = Debug|Any CPU
		{1F8EA865-2858-4B53-85B1-F9462F348DBA}.Debug|Any CPU.Build.0 = Debug|Any CPU
		{1F8EA865-2858-4B53-85B1-F9462F348DBA}.Debug|Mixed Platforms.ActiveCfg = Debug|Any CPU
		{1F8EA865-2858-4B53-85B1-F9462F348DBA}.Debug|Mixed Platforms.Build.0 = Debug|Any CPU
		{1F8EA865-2858-4B53-85B1-F9462F348DBA}.Debug|Win32.ActiveCfg = Debug|Any CPU
		{1F8EA865-2858-4B53-85B1-F9462F348DBA}.Release|Any CPU.ActiveCfg = Release|Any CPU
		{1F8EA865-2858-4B53-85B1-F9462F348DBA}.Release|Any CPU.Build.0 = Release|Any CPU
		{1F8EA865-2858-4B53-85B1-F9462F348DBA}.Release|Mixed Platforms.ActiveCfg = Release|Any CPU
		{1F8EA865-2858-4B53-85B1-F9462F348DBA}.Release|Mixed Platforms.Build.0 = Release|Any CPU
		{1F8EA865-2858-4B53-85B1-F9462F348DBA}.Release|Win32.ActiveCfg = Release|Any CPU
		{F59BB356-0B46-4719-8670-C71C624BE3CC}.Debug|Any CPU.ActiveCfg = Debug|Any CPU
		{F59BB356-0B46-4719-8670-C71C624BE3CC}.Debug|Any CPU.Build.0 = Debug|Any CPU
		{F59BB356-0B46-4719-8670-C71C624BE3CC}.Debug|Mixed Platforms.ActiveCfg = Debug|Any CPU
		{F59BB356-0B46-4719-8670-C71C624BE3CC}.Debug|Mixed Platforms.Build.0 = Debug|Any CPU
		{F59BB356-0B46-4719-8670-C71C624BE3CC}.Debug|Win32.ActiveCfg = Debug|Any CPU
		{F59BB356-0B46-4719-8670-C71C624BE3CC}.Release|Any CPU.ActiveCfg = Release|Any CPU
		{F59BB356-0B46-4719-8670-C71C624BE3CC}.Release|Any CPU.Build.0 = Release|Any CPU
		{F59BB356-0B46-4719-8670-C71C624BE3CC}.Release|Mixed Platforms.ActiveCfg = Release|Any CPU
		{F59BB356-0B46-4719-8670-C71C624BE3CC}.Release|Mixed Platforms.Build.0 = Release|Any CPU
		{F59BB356-0B46-4719-8670-C71C624BE3CC}.Release|Win32.ActiveCfg = Release|Any CPU
		{F00A22FC-7EE0-4D8A-B86D-626FF3AC64F4}.Debug|Any CPU.ActiveCfg = Debug|Any CPU
		{F00A22FC-7EE0-4D8A-B86D-626FF3AC64F4}.Debug|Any CPU.Build.0 = Debug|Any CPU
		{F00A22FC-7EE0-4D8A-B86D-626FF3AC64F4}.Debug|Mixed Platforms.ActiveCfg = Debug|Any CPU
		{F00A22FC-7EE0-4D8A-B86D-626FF3AC64F4}.Debug|Mixed Platforms.Build.0 = Debug|Any CPU
		{F00A22FC-7EE0-4D8A-B86D-626FF3AC64F4}.Debug|Win32.ActiveCfg = Debug|Any CPU
		{F00A22FC-7EE0-4D8A-B86D-626FF3AC64F4}.Release|Any CPU.ActiveCfg = Release|Any CPU
		{F00A22FC-7EE0-4D8A-B86D-626FF3AC64F4}.Release|Any CPU.Build.0 = Release|Any CPU
		{F00A22FC-7EE0-4D8A-B86D-626FF3AC64F4}.Release|Mixed Platforms.ActiveCfg = Release|Any CPU
		{F00A22FC-7EE0-4D8A-B86D-626FF3AC64F4}.Release|Mixed Platforms.Build.0 = Release|Any CPU
		{F00A22FC-7EE0-4D8A-B86D-626FF3AC64F4}.Release|Win32.ActiveCfg = Release|Any CPU
		{981F54B0-D0AC-45FC-BE6B-8B5B59CA5E54}.Debug|Any CPU.ActiveCfg = Debug|Any CPU
		{981F54B0-D0AC-45FC-BE6B-8B5B59CA5E54}.Debug|Any CPU.Build.0 = Debug|Any CPU
		{981F54B0-D0AC-45FC-BE6B-8B5B59CA5E54}.Debug|Mixed Platforms.ActiveCfg = Debug|Any CPU
		{981F54B0-D0AC-45FC-BE6B-8B5B59CA5E54}.Debug|Mixed Platforms.Build.0 = Debug|Any CPU
		{981F54B0-D0AC-45FC-BE6B-8B5B59CA5E54}.Debug|Win32.ActiveCfg = Debug|Any CPU
		{981F54B0-D0AC-45FC-BE6B-8B5B59CA5E54}.Release|Any CPU.ActiveCfg = Release|Any CPU
		{981F54B0-D0AC-45FC-BE6B-8B5B59CA5E54}.Release|Any CPU.Build.0 = Release|Any CPU
		{981F54B0-D0AC-45FC-BE6B-8B5B59CA5E54}.Release|Mixed Platforms.ActiveCfg = Release|Any CPU
		{981F54B0-D0AC-45FC-BE6B-8B5B59CA5E54}.Release|Mixed Platforms.Build.0 = Release|Any CPU
		{981F54B0-D0AC-45FC-BE6B-8B5B59CA5E54}.Release|Win32.ActiveCfg = Release|Any CPU
		{715329E1-0007-4320-BBAC-293E371145AD}.Debug|Any CPU.ActiveCfg = Debug|Any CPU
		{715329E1-0007-4320-BBAC-293E371145AD}.Debug|Any CPU.Build.0 = Debug|Any CPU
		{715329E1-0007-4320-BBAC-293E371145AD}.Debug|Mixed Platforms.ActiveCfg = Debug|Any CPU
		{715329E1-0007-4320-BBAC-293E371145AD}.Debug|Mixed Platforms.Build.0 = Debug|Any CPU
		{715329E1-0007-4320-BBAC-293E371145AD}.Debug|Win32.ActiveCfg = Debug|Any CPU
		{715329E1-0007-4320-BBAC-293E371145AD}.Release|Any CPU.ActiveCfg = Release|Any CPU
		{715329E1-0007-4320-BBAC-293E371145AD}.Release|Any CPU.Build.0 = Release|Any CPU
		{715329E1-0007-4320-BBAC-293E371145AD}.Release|Mixed Platforms.ActiveCfg = Release|Any CPU
		{715329E1-0007-4320-BBAC-293E371145AD}.Release|Mixed Platforms.Build.0 = Release|Any CPU
		{715329E1-0007-4320-BBAC-293E371145AD}.Release|Win32.ActiveCfg = Release|Any CPU
		{D6323691-DBE3-4387-A94B-1EF65E9BB244}.Debug|Any CPU.ActiveCfg = Debug|Any CPU
		{D6323691-DBE3-4387-A94B-1EF65E9BB244}.Debug|Any CPU.Build.0 = Debug|Any CPU
		{D6323691-DBE3-4387-A94B-1EF65E9BB244}.Debug|Mixed Platforms.ActiveCfg = Debug|Any CPU
		{D6323691-DBE3-4387-A94B-1EF65E9BB244}.Debug|Mixed Platforms.Build.0 = Debug|Any CPU
		{D6323691-DBE3-4387-A94B-1EF65E9BB244}.Debug|Win32.ActiveCfg = Debug|Any CPU
		{D6323691-DBE3-4387-A94B-1EF65E9BB244}.Release|Any CPU.ActiveCfg = Release|Any CPU
		{D6323691-DBE3-4387-A94B-1EF65E9BB244}.Release|Any CPU.Build.0 = Release|Any CPU
		{D6323691-DBE3-4387-A94B-1EF65E9BB244}.Release|Mixed Platforms.ActiveCfg = Release|Any CPU
		{D6323691-DBE3-4387-A94B-1EF65E9BB244}.Release|Mixed Platforms.Build.0 = Release|Any CPU
		{D6323691-DBE3-4387-A94B-1EF65E9BB244}.Release|Win32.ActiveCfg = Release|Any CPU
		{2A9622B1-2BB8-4AFE-8D4C-218CF8C11AE5}.Debug|Any CPU.ActiveCfg = Debug|Any CPU
		{2A9622B1-2BB8-4AFE-8D4C-218CF8C11AE5}.Debug|Any CPU.Build.0 = Debug|Any CPU
		{2A9622B1-2BB8-4AFE-8D4C-218CF8C11AE5}.Debug|Mixed Platforms.ActiveCfg = Debug|Any CPU
		{2A9622B1-2BB8-4AFE-8D4C-218CF8C11AE5}.Debug|Mixed Platforms.Build.0 = Debug|Any CPU
		{2A9622B1-2BB8-4AFE-8D4C-218CF8C11AE5}.Debug|Win32.ActiveCfg = Debug|Any CPU
		{2A9622B1-2BB8-4AFE-8D4C-218CF8C11AE5}.Release|Any CPU.ActiveCfg = Release|Any CPU
		{2A9622B1-2BB8-4AFE-8D4C-218CF8C11AE5}.Release|Any CPU.Build.0 = Release|Any CPU
		{2A9622B1-2BB8-4AFE-8D4C-218CF8C11AE5}.Release|Mixed Platforms.ActiveCfg = Release|Any CPU
		{2A9622B1-2BB8-4AFE-8D4C-218CF8C11AE5}.Release|Mixed Platforms.Build.0 = Release|Any CPU
		{2A9622B1-2BB8-4AFE-8D4C-218CF8C11AE5}.Release|Win32.ActiveCfg = Release|Any CPU
		{B379F244-7B0B-4375-B891-C30CB2D3302D}.Debug|Any CPU.ActiveCfg = Debug|Any CPU
		{B379F244-7B0B-4375-B891-C30CB2D3302D}.Debug|Any CPU.Build.0 = Debug|Any CPU
		{B379F244-7B0B-4375-B891-C30CB2D3302D}.Debug|Mixed Platforms.ActiveCfg = Debug|Any CPU
		{B379F244-7B0B-4375-B891-C30CB2D3302D}.Debug|Mixed Platforms.Build.0 = Debug|Any CPU
		{B379F244-7B0B-4375-B891-C30CB2D3302D}.Debug|Win32.ActiveCfg = Debug|Any CPU
		{B379F244-7B0B-4375-B891-C30CB2D3302D}.Release|Any CPU.ActiveCfg = Debug|Any CPU
		{B379F244-7B0B-4375-B891-C30CB2D3302D}.Release|Any CPU.Build.0 = Debug|Any CPU
		{B379F244-7B0B-4375-B891-C30CB2D3302D}.Release|Mixed Platforms.ActiveCfg = Debug|Any CPU
		{B379F244-7B0B-4375-B891-C30CB2D3302D}.Release|Mixed Platforms.Build.0 = Debug|Any CPU
		{B379F244-7B0B-4375-B891-C30CB2D3302D}.Release|Win32.ActiveCfg = Debug|Any CPU
	EndGlobalSection
	GlobalSection(SolutionProperties) = preSolution
		HideSolutionNode = FALSE
	EndGlobalSection
	GlobalSection(NestedProjects) = preSolution
		{6F4B4854-D1B2-481A-B688-357834B6C9C6} = {879834F0-C197-4CAE-8EC6-0017E93E995D}
		{21E0C3ED-FF1A-44F5-9598-CE2972ECB24D} = {879834F0-C197-4CAE-8EC6-0017E93E995D}
		{130BEBDC-0C39-4117-9AFD-7531EA1F1E39} = {879834F0-C197-4CAE-8EC6-0017E93E995D}
		{3D0A7B24-6512-48E1-86F3-29D68EC80C16} = {879834F0-C197-4CAE-8EC6-0017E93E995D}
		{105DEF7C-FAC3-4CA2-90C6-B773E17218C2} = {879834F0-C197-4CAE-8EC6-0017E93E995D}
		{2E5AEB6E-A6C5-4692-A182-7CAC3EDAB6AA} = {879834F0-C197-4CAE-8EC6-0017E93E995D}
		{040ADFAF-3F96-4795-B3D4-9ED3DC4BA7D1} = {879834F0-C197-4CAE-8EC6-0017E93E995D}
		{06AA100E-FB65-432C-B214-8AB27C7CE006} = {879834F0-C197-4CAE-8EC6-0017E93E995D}
		{ECC5FECF-0105-44B0-A93D-5E8B179E55C0} = {879834F0-C197-4CAE-8EC6-0017E93E995D}
		{910CF5F2-585E-4EA9-BD92-19227A5EEC2D} = {879834F0-C197-4CAE-8EC6-0017E93E995D}
		{C1B866E5-3A28-4E0B-9E45-2C2F961AC422} = {879834F0-C197-4CAE-8EC6-0017E93E995D}
		{D8A1D315-8DF5-40B4-B0B5-7CBA9E7F61F0} = {879834F0-C197-4CAE-8EC6-0017E93E995D}
		{BE28C4EE-B615-4FBF-8085-135DEDA1445A} = {879834F0-C197-4CAE-8EC6-0017E93E995D}
		{6DF1BBAE-37C2-4104-9B95-EAEEAB137659} = {879834F0-C197-4CAE-8EC6-0017E93E995D}
		{0971031E-16E6-4FD6-9671-24515B6EAB04} = {879834F0-C197-4CAE-8EC6-0017E93E995D}
		{36DE5DB8-1681-46A8-A038-DD206C60DEA9} = {879834F0-C197-4CAE-8EC6-0017E93E995D}
		{DE01BC5D-EB01-44FE-B8FA-7BB7E3167E3F} = {879834F0-C197-4CAE-8EC6-0017E93E995D}
		{60DA696C-AF46-4A46-99AF-0659BF69BB57} = {879834F0-C197-4CAE-8EC6-0017E93E995D}
		{F067B09E-9A0C-4CD9-B41B-4D9F3E885227} = {879834F0-C197-4CAE-8EC6-0017E93E995D}
		{CD759E0D-CFB9-4157-9AF0-F1DFF338650B} = {879834F0-C197-4CAE-8EC6-0017E93E995D}
		{F867E443-3B31-49B9-9EE2-9FF4DE0246D9} = {879834F0-C197-4CAE-8EC6-0017E93E995D}
		{B5FCADFF-D3AA-4AF6-9DF4-6A41A93F3FC0} = {879834F0-C197-4CAE-8EC6-0017E93E995D}
		{04EF0E18-15E3-4BB6-9013-526EB3D4013A} = {879834F0-C197-4CAE-8EC6-0017E93E995D}
		{0A7AA391-DF36-4288-BAD1-F5B727F4768D} = {054D3C84-DE8F-40D0-A4E2-5F935921E9CD}
		{8A285491-1090-4987-8371-F8DCB8EBD7C7} = {054D3C84-DE8F-40D0-A4E2-5F935921E9CD}
		{C7C6F58A-8002-427C-9599-A8533DF1A4F5} = {054D3C84-DE8F-40D0-A4E2-5F935921E9CD}
		{8354CD6C-73C9-4519-9954-C2A0879EB595} = {054D3C84-DE8F-40D0-A4E2-5F935921E9CD}
		{95EA9BC0-D00C-4D45-9C12-CD30021F2DA5} = {054D3C84-DE8F-40D0-A4E2-5F935921E9CD}
		{7D5AA60F-05CD-4AF0-BED3-040C154883E8} = {054D3C84-DE8F-40D0-A4E2-5F935921E9CD}
		{5C3E13DC-CB47-40A7-9F22-565AF52718B4} = {054D3C84-DE8F-40D0-A4E2-5F935921E9CD}
		{2A9622B1-2BB8-4AFE-8D4C-218CF8C11AE5} = {054D3C84-DE8F-40D0-A4E2-5F935921E9CD}
		{B9F57055-F23D-479C-A779-CC08EF73BDB6} = {0A7AA391-DF36-4288-BAD1-F5B727F4768D}
		{2CD92D9F-CDEE-49FE-BF66-07E463E253F7} = {0A7AA391-DF36-4288-BAD1-F5B727F4768D}
		{07121F20-A45B-4C37-B33C-148F1361AFF4} = {0A7AA391-DF36-4288-BAD1-F5B727F4768D}
		{35E3B68A-EAA7-4424-AC7C-3C11E32A39F9} = {105DEF7C-FAC3-4CA2-90C6-B773E17218C2}
		{E6B213A6-A32B-4AA2-8DD3-CEC3969AC7F7} = {8A285491-1090-4987-8371-F8DCB8EBD7C7}
		{304C12BB-5511-4EC3-9678-F015F745678E} = {8A285491-1090-4987-8371-F8DCB8EBD7C7}
		{FBB25F34-0686-4FEE-93C6-CF335B7BD6B3} = {8A285491-1090-4987-8371-F8DCB8EBD7C7}
		{5D482575-A0E8-4BD8-952D-B2DD8251BE62} = {8A285491-1090-4987-8371-F8DCB8EBD7C7}
		{DE4BC815-90CE-4D55-A575-3BA7E5851107} = {8A285491-1090-4987-8371-F8DCB8EBD7C7}
		{F91E60AD-D3D8-4503-BC32-906EFA1DC25D} = {2E5AEB6E-A6C5-4692-A182-7CAC3EDAB6AA}
		{B9A1B600-5B8F-4958-A93A-F93F54CBEC9B} = {2E5AEB6E-A6C5-4692-A182-7CAC3EDAB6AA}
		{16F1FFF4-608B-47F2-A4EC-A584E61346ED} = {2E5AEB6E-A6C5-4692-A182-7CAC3EDAB6AA}
		{0AC41408-8E63-48A7-A09B-46CC711E810B} = {2E5AEB6E-A6C5-4692-A182-7CAC3EDAB6AA}
		{9E3E576D-1E78-4F03-A22A-04CDC7161206} = {2E5AEB6E-A6C5-4692-A182-7CAC3EDAB6AA}
		{4215778A-F53E-4CE3-9C3D-C31393700CF0} = {2E5AEB6E-A6C5-4692-A182-7CAC3EDAB6AA}
		{EB234F6E-AFF5-472F-A7DF-DDF682F991E8} = {2E5AEB6E-A6C5-4692-A182-7CAC3EDAB6AA}
		{27187AD8-531A-419D-9A46-6F6DB221A734} = {2E5AEB6E-A6C5-4692-A182-7CAC3EDAB6AA}
		{E4BE342A-FB83-48FB-9ECE-71A5B85E6DE6} = {2E5AEB6E-A6C5-4692-A182-7CAC3EDAB6AA}
		{577CB2EE-1CCB-4CE0-A16F-37A2C38191B2} = {2E5AEB6E-A6C5-4692-A182-7CAC3EDAB6AA}
		{EDF9181F-9049-4770-818F-C4E67E2FC989} = {2E5AEB6E-A6C5-4692-A182-7CAC3EDAB6AA}
		{EFE60146-1C67-4F2D-AE6A-787648B12013} = {2E5AEB6E-A6C5-4692-A182-7CAC3EDAB6AA}
		{00F50A71-2584-4A2B-968E-CBF0EC58722D} = {2E5AEB6E-A6C5-4692-A182-7CAC3EDAB6AA}
		{225059CB-B2CF-4DDA-9219-7B1C791135E3} = {C7C6F58A-8002-427C-9599-A8533DF1A4F5}
		{5699ED3C-7826-42D2-8769-A132F158BEAA} = {8354CD6C-73C9-4519-9954-C2A0879EB595}
		{D7A91192-73E3-4E2A-AC59-9108366C3B55} = {040ADFAF-3F96-4795-B3D4-9ED3DC4BA7D1}
		{55B1A1AB-8F6C-42A7-B3E4-2440CE0564B8} = {040ADFAF-3F96-4795-B3D4-9ED3DC4BA7D1}
		{937D8AAD-FABA-4853-8764-DF4671C56396} = {06AA100E-FB65-432C-B214-8AB27C7CE006}
		{61564D7F-5F8B-49BF-BC86-247FA174FE68} = {06AA100E-FB65-432C-B214-8AB27C7CE006}
		{FD88FE09-05AD-4D1D-A5D3-BEF2A983DA68} = {ECC5FECF-0105-44B0-A93D-5E8B179E55C0}
		{0AE21B91-4E48-4F00-BA9C-498C4272C734} = {910CF5F2-585E-4EA9-BD92-19227A5EEC2D}
		{870BC8A4-CD13-4E47-9631-FB6A093B4CFC} = {910CF5F2-585E-4EA9-BD92-19227A5EEC2D}
		{40CC3037-6646-42C0-BA1E-EB4355393886} = {C1B866E5-3A28-4E0B-9E45-2C2F961AC422}
		{9C84B296-8B93-4C23-BB8A-539BD263F31B} = {D8A1D315-8DF5-40B4-B0B5-7CBA9E7F61F0}
		{02046A26-0430-4C6D-BADE-17D84843E034} = {D8A1D315-8DF5-40B4-B0B5-7CBA9E7F61F0}
		{7E657288-40E5-4689-AB96-FDB9E732F411} = {0AC41408-8E63-48A7-A09B-46CC711E810B}
		{9FCE7A26-0245-46A7-9494-0B52DE52F7D5} = {0AC41408-8E63-48A7-A09B-46CC711E810B}
		{9CFE3786-27B0-47E3-AD24-7B11B8A77F69} = {0AC41408-8E63-48A7-A09B-46CC711E810B}
		{9E1FC1EF-B80D-4370-85B0-A52B58946570} = {0AC41408-8E63-48A7-A09B-46CC711E810B}
		{9AD62521-691A-4235-A954-25543DD1A758} = {0AC41408-8E63-48A7-A09B-46CC711E810B}
		{3B96E204-E91E-4659-9B7A-50DED207A0E9} = {95EA9BC0-D00C-4D45-9C12-CD30021F2DA5}
		{A913492B-D81D-4951-AF92-6B336C6576F9} = {7D5AA60F-05CD-4AF0-BED3-040C154883E8}
		{83B8A283-08AC-4E86-9312-FC21799B58EF} = {6DF1BBAE-37C2-4104-9B95-EAEEAB137659}
		{05FA2A89-C52B-4934-A432-C99FA12996AB} = {6DF1BBAE-37C2-4104-9B95-EAEEAB137659}
		{5F774BD1-0A6D-465E-80DA-84AD7C0F2775} = {6DF1BBAE-37C2-4104-9B95-EAEEAB137659}
		{3F337A7E-1155-4564-B1AE-D133FD24EB13} = {6DF1BBAE-37C2-4104-9B95-EAEEAB137659}
		{E36A3CFC-48E5-40E1-8553-1AB203221F4E} = {0971031E-16E6-4FD6-9671-24515B6EAB04}
		{B6430DB2-DF71-435D-BBAC-3628AB3807EC} = {0971031E-16E6-4FD6-9671-24515B6EAB04}
		{D6323691-DBE3-4387-A94B-1EF65E9BB244} = {0971031E-16E6-4FD6-9671-24515B6EAB04}
		{87FB7C63-0B17-4E9A-B9C7-4AA880D44928} = {36DE5DB8-1681-46A8-A038-DD206C60DEA9}
		{0A5A272E-6616-4F78-9077-BAF9F987BDF5} = {DE01BC5D-EB01-44FE-B8FA-7BB7E3167E3F}
		{2D589715-9383-47C2-AB3A-6F837D2689E6} = {DE01BC5D-EB01-44FE-B8FA-7BB7E3167E3F}
		{81025F59-496A-438D-8BB9-2F3093135BD2} = {DE01BC5D-EB01-44FE-B8FA-7BB7E3167E3F}
		{49EB3C0D-B90C-45DC-84E8-003E8B1ABD4F} = {60DA696C-AF46-4A46-99AF-0659BF69BB57}
		{AD2D22F9-D46C-4276-89BE-3C7256A5617F} = {60DA696C-AF46-4A46-99AF-0659BF69BB57}
		{F0D2D3F0-FF0B-417A-B18C-6EA6BEB0DBE2} = {F067B09E-9A0C-4CD9-B41B-4D9F3E885227}
		{B773DD1E-9CC5-473B-A805-D3DFA4AFC131} = {CD759E0D-CFB9-4157-9AF0-F1DFF338650B}
		{B535FB07-4386-4B90-A033-ECA37ACD9C56} = {F867E443-3B31-49B9-9EE2-9FF4DE0246D9}
		{9833D401-0836-4196-931E-77DB0C234A1E} = {B5FCADFF-D3AA-4AF6-9DF4-6A41A93F3FC0}
		{1F9AC449-2FE7-4948-BBDA-32795090C84B} = {B5FCADFF-D3AA-4AF6-9DF4-6A41A93F3FC0}
		{17E6B105-550B-4EA0-B801-A24E60084DC8} = {9833D401-0836-4196-931E-77DB0C234A1E}
		{1F8EA865-2858-4B53-85B1-F9462F348DBA} = {1F9AC449-2FE7-4948-BBDA-32795090C84B}
		{F59BB356-0B46-4719-8670-C71C624BE3CC} = {04EF0E18-15E3-4BB6-9013-526EB3D4013A}
		{F00A22FC-7EE0-4D8A-B86D-626FF3AC64F4} = {04EF0E18-15E3-4BB6-9013-526EB3D4013A}
		{981F54B0-D0AC-45FC-BE6B-8B5B59CA5E54} = {5C3E13DC-CB47-40A7-9F22-565AF52718B4}
		{715329E1-0007-4320-BBAC-293E371145AD} = {00F50A71-2584-4A2B-968E-CBF0EC58722D}
		{61E1911B-6E22-40CA-BC0B-0F5109081C4D} = {0D852E61-C507-4170-8C9D-E4F43C895779}
		{B379F244-7B0B-4375-B891-C30CB2D3302D} = {61E1911B-6E22-40CA-BC0B-0F5109081C4D}
	EndGlobalSection
EndGlobal
