
Microsoft Visual Studio Solution File, Format Version 12.00
# Visual Studio 2012
Project("{FAE04EC0-301F-11D3-BF4B-00C04F79EFBC}") = "TeamWorkManagement", "TeamWorkManagement\TeamWorkManagement.csproj", "{238A58E9-CF3F-4598-9C9B-FE4F6C7DF130}"
EndProject
Project("{FAE04EC0-301F-11D3-BF4B-00C04F79EFBC}") = "SampleWebApp1", "SampleWebApp1\SampleWebApp1.csproj", "{994AC1AF-669B-4028-A00D-3083A0BE316D}"
EndProject
Project("{2150E333-8FDC-42A3-9474-1A3956D46DE8}") = "OtherStuff", "OtherStuff", "{879834F0-C197-4CAE-8EC6-0017E93E995D}"
EndProject
Project("{FAE04EC0-301F-11D3-BF4B-00C04F79EFBC}") = "H1Project", "H1Project\H1Project.csproj", "{6F4B4854-D1B2-481A-B688-357834B6C9C6}"
EndProject
Project("{FAE04EC0-301F-11D3-BF4B-00C04F79EFBC}") = "LINQTutorials", "LINQTutorials\LINQTutorials.csproj", "{21E0C3ED-FF1A-44F5-9598-CE2972ECB24D}"
EndProject
Project("{FAE04EC0-301F-11D3-BF4B-00C04F79EFBC}") = "MiscellenaousRnD", "MiscellenaousRnD\MiscellenaousRnD.csproj", "{130BEBDC-0C39-4117-9AFD-7531EA1F1E39}"
EndProject
Project("{FAE04EC0-301F-11D3-BF4B-00C04F79EFBC}") = "ThreadingConsoleApplication", "ThreadingConsoleApplication\ThreadingConsoleApplication.csproj", "{3D0A7B24-6512-48E1-86F3-29D68EC80C16}"
EndProject
Project("{2150E333-8FDC-42A3-9474-1A3956D46DE8}") = "Patterns", "Patterns", "{054D3C84-DE8F-40D0-A4E2-5F935921E9CD}"
EndProject
Project("{2150E333-8FDC-42A3-9474-1A3956D46DE8}") = "MEF", "MEF", "{0A7AA391-DF36-4288-BAD1-F5B727F4768D}"
EndProject
Project("{FAE04EC0-301F-11D3-BF4B-00C04F79EFBC}") = "MEFZoo", "MEFZoo\MEFZoo.csproj", "{B9F57055-F23D-479C-A779-CC08EF73BDB6}"
EndProject
Project("{FAE04EC0-301F-11D3-BF4B-00C04F79EFBC}") = "MefZoo.Animals", "MefZoo.Animals\MefZoo.Animals.csproj", "{2CD92D9F-CDEE-49FE-BF66-07E463E253F7}"
EndProject
Project("{FAE04EC0-301F-11D3-BF4B-00C04F79EFBC}") = "MFZoo.Lib", "MFZoo.Lib\MFZoo.Lib.csproj", "{07121F20-A45B-4C37-B33C-148F1361AFF4}"
EndProject
Project("{2150E333-8FDC-42A3-9474-1A3956D46DE8}") = "DelegatesAndEvents", "DelegatesAndEvents", "{105DEF7C-FAC3-4CA2-90C6-B773E17218C2}"
EndProject
Project("{FAE04EC0-301F-11D3-BF4B-00C04F79EFBC}") = "UnderstandingDelegates", "UnderstandingDelegates\UnderstandingDelegates.csproj", "{35E3B68A-EAA7-4424-AC7C-3C11E32A39F9}"
EndProject
Project("{2150E333-8FDC-42A3-9474-1A3956D46DE8}") = "ChainOfResponsiblity", "ChainOfResponsiblity", "{8A285491-1090-4987-8371-F8DCB8EBD7C7}"
EndProject
Project("{FAE04EC0-301F-11D3-BF4B-00C04F79EFBC}") = "ChainOfResponsibility", "ChainOfResponsibility\ChainOfResponsibility.csproj", "{E6B213A6-A32B-4AA2-8DD3-CEC3969AC7F7}"
EndProject
Project("{FAE04EC0-301F-11D3-BF4B-00C04F79EFBC}") = "COR.Interfaces", "COR.Interfaces\COR.Interfaces.csproj", "{304C12BB-5511-4EC3-9678-F015F745678E}"
EndProject
Project("{FAE04EC0-301F-11D3-BF4B-00C04F79EFBC}") = "COR.Approvers", "COR.Approvers\COR.Approvers.csproj", "{FBB25F34-0686-4FEE-93C6-CF335B7BD6B3}"
EndProject
Project("{FAE04EC0-301F-11D3-BF4B-00C04F79EFBC}") = "COR.BusinessObjects", "COR.BusinessObjects\COR.BusinessObjects.csproj", "{5D482575-A0E8-4BD8-952D-B2DD8251BE62}"
EndProject
Project("{FAE04EC0-301F-11D3-BF4B-00C04F79EFBC}") = "ConsoleRequestResponse", "ConsoleRequestResponse\ConsoleRequestResponse.csproj", "{1A0FAB8F-0273-4560-A753-A8A617748BAA}"
EndProject
Project("{FAE04EC0-301F-11D3-BF4B-00C04F79EFBC}") = "COR.Utils", "COR.Utils\COR.Utils.csproj", "{DE4BC815-90CE-4D55-A575-3BA7E5851107}"
EndProject
Project("{2150E333-8FDC-42A3-9474-1A3956D46DE8}") = "OOPSndCSharp", "OOPSndCSharp", "{2E5AEB6E-A6C5-4692-A182-7CAC3EDAB6AA}"
EndProject
Project("{FAE04EC0-301F-11D3-BF4B-00C04F79EFBC}") = "OOPSConcepts", "OOPSConcepts\OOPSConcepts.csproj", "{F91E60AD-D3D8-4503-BC32-906EFA1DC25D}"
EndProject
Project("{2150E333-8FDC-42A3-9474-1A3956D46DE8}") = "TemplateMethod", "TemplateMethod", "{C7C6F58A-8002-427C-9599-A8533DF1A4F5}"
EndProject
Project("{FAE04EC0-301F-11D3-BF4B-00C04F79EFBC}") = "TemplateMethodPattern", "TemplateMethodPattern\TemplateMethodPattern.csproj", "{225059CB-B2CF-4DDA-9219-7B1C791135E3}"
EndProject
Project("{2150E333-8FDC-42A3-9474-1A3956D46DE8}") = "StatePattern", "StatePattern", "{8354CD6C-73C9-4519-9954-C2A0879EB595}"
EndProject
Project("{FAE04EC0-301F-11D3-BF4B-00C04F79EFBC}") = "StateDesignPattern", "StateDesignPattern\StateDesignPattern.csproj", "{5699ED3C-7826-42D2-8769-A132F158BEAA}"
EndProject
Project("{2150E333-8FDC-42A3-9474-1A3956D46DE8}") = "ASP.NetWebAPI", "ASP.NetWebAPI", "{040ADFAF-3F96-4795-B3D4-9ED3DC4BA7D1}"
EndProject
Project("{FAE04EC0-301F-11D3-BF4B-00C04F79EFBC}") = "WebAPISampleProject", "WebAPISampleProject\WebAPISampleProject.csproj", "{D7A91192-73E3-4E2A-AC59-9108366C3B55}"
EndProject
Project("{2150E333-8FDC-42A3-9474-1A3956D46DE8}") = "XMLStuff", "XMLStuff", "{06AA100E-FB65-432C-B214-8AB27C7CE006}"
EndProject
Project("{FAE04EC0-301F-11D3-BF4B-00C04F79EFBC}") = "XMLApplication", "XMLApplication\XMLApplication.csproj", "{937D8AAD-FABA-4853-8764-DF4671C56396}"
EndProject
Project("{2150E333-8FDC-42A3-9474-1A3956D46DE8}") = "LearnJavascript", "LearnJavascript", "{ECC5FECF-0105-44B0-A93D-5E8B179E55C0}"
EndProject
Project("{FAE04EC0-301F-11D3-BF4B-00C04F79EFBC}") = "WorkWithJS", "WorkWithJS\WorkWithJS.csproj", "{FD88FE09-05AD-4D1D-A5D3-BEF2A983DA68}"
EndProject
Project("{2150E333-8FDC-42A3-9474-1A3956D46DE8}") = "WebSockets", "WebSockets", "{910CF5F2-585E-4EA9-BD92-19227A5EEC2D}"
EndProject
Project("{FAE04EC0-301F-11D3-BF4B-00C04F79EFBC}") = "SampleWebSocketProject", "SampleWebSocketProject\SampleWebSocketProject.csproj", "{0AE21B91-4E48-4F00-BA9C-498C4272C734}"
EndProject
Project("{2150E333-8FDC-42A3-9474-1A3956D46DE8}") = "Reflection", "Reflection", "{C1B866E5-3A28-4E0B-9E45-2C2F961AC422}"
EndProject
Project("{FAE04EC0-301F-11D3-BF4B-00C04F79EFBC}") = "ReflectionExamples", "ReflectionExamples\ReflectionExamples.csproj", "{40CC3037-6646-42C0-BA1E-EB4355393886}"
EndProject
Project("{2150E333-8FDC-42A3-9474-1A3956D46DE8}") = "NUnit", "NUnit", "{D8A1D315-8DF5-40B4-B0B5-7CBA9E7F61F0}"
EndProject
Project("{FAE04EC0-301F-11D3-BF4B-00C04F79EFBC}") = "NUnitTesting", "NUnitTesting\NUnitTesting.csproj", "{9C84B296-8B93-4C23-BB8A-539BD263F31B}"
EndProject
Project("{FAE04EC0-301F-11D3-BF4B-00C04F79EFBC}") = "ToBeTested", "ToBeTested\ToBeTested.csproj", "{02046A26-0430-4C6D-BADE-17D84843E034}"
EndProject
Project("{FAE04EC0-301F-11D3-BF4B-00C04F79EFBC}") = "CSharpExamples", "CSharpExamples\CSharpExamples.csproj", "{B9A1B600-5B8F-4958-A93A-F93F54CBEC9B}"
EndProject
Project("{FAE04EC0-301F-11D3-BF4B-00C04F79EFBC}") = "ProjectEuler", "ProjectEuler\ProjectEuler.csproj", "{16F1FFF4-608B-47F2-A4EC-A584E61346ED}"
EndProject
Project("{8BC9CEB8-8B4A-11D0-8D11-00A0C91BC942}") = "C++ConsoleApplication1", "C++ConsoleApplication1\C++ConsoleApplication1.vcxproj", "{43456E7D-A220-4EFD-B7E5-7045B98D688E}"
EndProject
Project("{8BC9CEB8-8B4A-11D0-8D11-00A0C91BC942}") = "DLLInC", "DLLInC\DLLInC.vcxproj", "{7E1F58D4-5E5E-4FA1-BABD-FFC865A081EE}"
EndProject
Project("{FAE04EC0-301F-11D3-BF4B-00C04F79EFBC}") = "EventsDelegatesThreading", "EventsDelegatesThreading\EventsDelegatesThreading.csproj", "{7E657288-40E5-4689-AB96-FDB9E732F411}"
EndProject
Project("{FAE04EC0-301F-11D3-BF4B-00C04F79EFBC}") = "LINQ", "LINQ\LINQ.csproj", "{9E3E576D-1E78-4F03-A22A-04CDC7161206}"
EndProject
Project("{2150E333-8FDC-42A3-9474-1A3956D46DE8}") = "NewFolder1", "NewFolder1", "{BE28C4EE-B615-4FBF-8085-135DEDA1445A}"
EndProject
Project("{2150E333-8FDC-42A3-9474-1A3956D46DE8}") = "Solution Items", "Solution Items", "{C447868B-C522-4658-B31C-8ABF7B741993}"
	ProjectSection(SolutionItems) = preProject
		VersionInfo.cs = VersionInfo.cs
	EndProjectSection
EndProject
Global
	GlobalSection(SolutionConfigurationPlatforms) = preSolution
		Debug|Any CPU = Debug|Any CPU
		Debug|Mixed Platforms = Debug|Mixed Platforms
		Debug|Win32 = Debug|Win32
		Release|Any CPU = Release|Any CPU
		Release|Mixed Platforms = Release|Mixed Platforms
		Release|Win32 = Release|Win32
	EndGlobalSection
	GlobalSection(ProjectConfigurationPlatforms) = postSolution
		{238A58E9-CF3F-4598-9C9B-FE4F6C7DF130}.Debug|Any CPU.ActiveCfg = Debug|Any CPU
		{238A58E9-CF3F-4598-9C9B-FE4F6C7DF130}.Debug|Any CPU.Build.0 = Debug|Any CPU
		{238A58E9-CF3F-4598-9C9B-FE4F6C7DF130}.Debug|Mixed Platforms.ActiveCfg = Debug|Any CPU
		{238A58E9-CF3F-4598-9C9B-FE4F6C7DF130}.Debug|Mixed Platforms.Build.0 = Debug|Any CPU
		{238A58E9-CF3F-4598-9C9B-FE4F6C7DF130}.Debug|Win32.ActiveCfg = Debug|Any CPU
		{238A58E9-CF3F-4598-9C9B-FE4F6C7DF130}.Release|Any CPU.ActiveCfg = Release|Any CPU
		{238A58E9-CF3F-4598-9C9B-FE4F6C7DF130}.Release|Any CPU.Build.0 = Release|Any CPU
		{238A58E9-CF3F-4598-9C9B-FE4F6C7DF130}.Release|Mixed Platforms.ActiveCfg = Release|Any CPU
		{238A58E9-CF3F-4598-9C9B-FE4F6C7DF130}.Release|Mixed Platforms.Build.0 = Release|Any CPU
		{238A58E9-CF3F-4598-9C9B-FE4F6C7DF130}.Release|Win32.ActiveCfg = Release|Any CPU
		{994AC1AF-669B-4028-A00D-3083A0BE316D}.Debug|Any CPU.ActiveCfg = Debug|Any CPU
		{994AC1AF-669B-4028-A00D-3083A0BE316D}.Debug|Any CPU.Build.0 = Debug|Any CPU
		{994AC1AF-669B-4028-A00D-3083A0BE316D}.Debug|Mixed Platforms.ActiveCfg = Debug|Any CPU
		{994AC1AF-669B-4028-A00D-3083A0BE316D}.Debug|Mixed Platforms.Build.0 = Debug|Any CPU
		{994AC1AF-669B-4028-A00D-3083A0BE316D}.Debug|Win32.ActiveCfg = Debug|Any CPU
		{994AC1AF-669B-4028-A00D-3083A0BE316D}.Release|Any CPU.ActiveCfg = Release|Any CPU
		{994AC1AF-669B-4028-A00D-3083A0BE316D}.Release|Any CPU.Build.0 = Release|Any CPU
		{994AC1AF-669B-4028-A00D-3083A0BE316D}.Release|Mixed Platforms.ActiveCfg = Release|Any CPU
		{994AC1AF-669B-4028-A00D-3083A0BE316D}.Release|Mixed Platforms.Build.0 = Release|Any CPU
		{994AC1AF-669B-4028-A00D-3083A0BE316D}.Release|Win32.ActiveCfg = Release|Any CPU
		{6F4B4854-D1B2-481A-B688-357834B6C9C6}.Debug|Any CPU.ActiveCfg = Debug|Any CPU
		{6F4B4854-D1B2-481A-B688-357834B6C9C6}.Debug|Any CPU.Build.0 = Debug|Any CPU
		{6F4B4854-D1B2-481A-B688-357834B6C9C6}.Debug|Mixed Platforms.ActiveCfg = Debug|Any CPU
		{6F4B4854-D1B2-481A-B688-357834B6C9C6}.Debug|Mixed Platforms.Build.0 = Debug|Any CPU
		{6F4B4854-D1B2-481A-B688-357834B6C9C6}.Debug|Win32.ActiveCfg = Debug|Any CPU
		{6F4B4854-D1B2-481A-B688-357834B6C9C6}.Release|Any CPU.ActiveCfg = Release|Any CPU
		{6F4B4854-D1B2-481A-B688-357834B6C9C6}.Release|Any CPU.Build.0 = Release|Any CPU
		{6F4B4854-D1B2-481A-B688-357834B6C9C6}.Release|Mixed Platforms.ActiveCfg = Release|Any CPU
		{6F4B4854-D1B2-481A-B688-357834B6C9C6}.Release|Mixed Platforms.Build.0 = Release|Any CPU
		{6F4B4854-D1B2-481A-B688-357834B6C9C6}.Release|Win32.ActiveCfg = Release|Any CPU
		{21E0C3ED-FF1A-44F5-9598-CE2972ECB24D}.Debug|Any CPU.ActiveCfg = Debug|Any CPU
		{21E0C3ED-FF1A-44F5-9598-CE2972ECB24D}.Debug|Any CPU.Build.0 = Debug|Any CPU
		{21E0C3ED-FF1A-44F5-9598-CE2972ECB24D}.Debug|Mixed Platforms.ActiveCfg = Debug|Any CPU
		{21E0C3ED-FF1A-44F5-9598-CE2972ECB24D}.Debug|Mixed Platforms.Build.0 = Debug|Any CPU
		{21E0C3ED-FF1A-44F5-9598-CE2972ECB24D}.Debug|Win32.ActiveCfg = Debug|Any CPU
		{21E0C3ED-FF1A-44F5-9598-CE2972ECB24D}.Release|Any CPU.ActiveCfg = Release|Any CPU
		{21E0C3ED-FF1A-44F5-9598-CE2972ECB24D}.Release|Any CPU.Build.0 = Release|Any CPU
		{21E0C3ED-FF1A-44F5-9598-CE2972ECB24D}.Release|Mixed Platforms.ActiveCfg = Release|Any CPU
		{21E0C3ED-FF1A-44F5-9598-CE2972ECB24D}.Release|Mixed Platforms.Build.0 = Release|Any CPU
		{21E0C3ED-FF1A-44F5-9598-CE2972ECB24D}.Release|Win32.ActiveCfg = Release|Any CPU
		{130BEBDC-0C39-4117-9AFD-7531EA1F1E39}.Debug|Any CPU.ActiveCfg = Debug|Any CPU
		{130BEBDC-0C39-4117-9AFD-7531EA1F1E39}.Debug|Any CPU.Build.0 = Debug|Any CPU
		{130BEBDC-0C39-4117-9AFD-7531EA1F1E39}.Debug|Mixed Platforms.ActiveCfg = Debug|Any CPU
		{130BEBDC-0C39-4117-9AFD-7531EA1F1E39}.Debug|Mixed Platforms.Build.0 = Debug|Any CPU
		{130BEBDC-0C39-4117-9AFD-7531EA1F1E39}.Debug|Win32.ActiveCfg = Debug|Any CPU
		{130BEBDC-0C39-4117-9AFD-7531EA1F1E39}.Release|Any CPU.ActiveCfg = Release|Any CPU
		{130BEBDC-0C39-4117-9AFD-7531EA1F1E39}.Release|Any CPU.Build.0 = Release|Any CPU
		{130BEBDC-0C39-4117-9AFD-7531EA1F1E39}.Release|Mixed Platforms.ActiveCfg = Release|Any CPU
		{130BEBDC-0C39-4117-9AFD-7531EA1F1E39}.Release|Mixed Platforms.Build.0 = Release|Any CPU
		{130BEBDC-0C39-4117-9AFD-7531EA1F1E39}.Release|Win32.ActiveCfg = Release|Any CPU
		{3D0A7B24-6512-48E1-86F3-29D68EC80C16}.Debug|Any CPU.ActiveCfg = Debug|Any CPU
		{3D0A7B24-6512-48E1-86F3-29D68EC80C16}.Debug|Any CPU.Build.0 = Debug|Any CPU
		{3D0A7B24-6512-48E1-86F3-29D68EC80C16}.Debug|Mixed Platforms.ActiveCfg = Debug|Any CPU
		{3D0A7B24-6512-48E1-86F3-29D68EC80C16}.Debug|Mixed Platforms.Build.0 = Debug|Any CPU
		{3D0A7B24-6512-48E1-86F3-29D68EC80C16}.Debug|Win32.ActiveCfg = Debug|Any CPU
		{3D0A7B24-6512-48E1-86F3-29D68EC80C16}.Release|Any CPU.ActiveCfg = Release|Any CPU
		{3D0A7B24-6512-48E1-86F3-29D68EC80C16}.Release|Any CPU.Build.0 = Release|Any CPU
		{3D0A7B24-6512-48E1-86F3-29D68EC80C16}.Release|Mixed Platforms.ActiveCfg = Release|Any CPU
		{3D0A7B24-6512-48E1-86F3-29D68EC80C16}.Release|Mixed Platforms.Build.0 = Release|Any CPU
		{3D0A7B24-6512-48E1-86F3-29D68EC80C16}.Release|Win32.ActiveCfg = Release|Any CPU
		{B9F57055-F23D-479C-A779-CC08EF73BDB6}.Debug|Any CPU.ActiveCfg = Debug|Any CPU
		{B9F57055-F23D-479C-A779-CC08EF73BDB6}.Debug|Any CPU.Build.0 = Debug|Any CPU
		{B9F57055-F23D-479C-A779-CC08EF73BDB6}.Debug|Mixed Platforms.ActiveCfg = Debug|Any CPU
		{B9F57055-F23D-479C-A779-CC08EF73BDB6}.Debug|Mixed Platforms.Build.0 = Debug|Any CPU
		{B9F57055-F23D-479C-A779-CC08EF73BDB6}.Debug|Win32.ActiveCfg = Debug|Any CPU
		{B9F57055-F23D-479C-A779-CC08EF73BDB6}.Release|Any CPU.ActiveCfg = Release|Any CPU
		{B9F57055-F23D-479C-A779-CC08EF73BDB6}.Release|Any CPU.Build.0 = Release|Any CPU
		{B9F57055-F23D-479C-A779-CC08EF73BDB6}.Release|Mixed Platforms.ActiveCfg = Release|Any CPU
		{B9F57055-F23D-479C-A779-CC08EF73BDB6}.Release|Mixed Platforms.Build.0 = Release|Any CPU
		{B9F57055-F23D-479C-A779-CC08EF73BDB6}.Release|Win32.ActiveCfg = Release|Any CPU
		{2CD92D9F-CDEE-49FE-BF66-07E463E253F7}.Debug|Any CPU.ActiveCfg = Debug|Any CPU
		{2CD92D9F-CDEE-49FE-BF66-07E463E253F7}.Debug|Any CPU.Build.0 = Debug|Any CPU
		{2CD92D9F-CDEE-49FE-BF66-07E463E253F7}.Debug|Mixed Platforms.ActiveCfg = Debug|Any CPU
		{2CD92D9F-CDEE-49FE-BF66-07E463E253F7}.Debug|Mixed Platforms.Build.0 = Debug|Any CPU
		{2CD92D9F-CDEE-49FE-BF66-07E463E253F7}.Debug|Win32.ActiveCfg = Debug|Any CPU
		{2CD92D9F-CDEE-49FE-BF66-07E463E253F7}.Release|Any CPU.ActiveCfg = Release|Any CPU
		{2CD92D9F-CDEE-49FE-BF66-07E463E253F7}.Release|Any CPU.Build.0 = Release|Any CPU
		{2CD92D9F-CDEE-49FE-BF66-07E463E253F7}.Release|Mixed Platforms.ActiveCfg = Release|Any CPU
		{2CD92D9F-CDEE-49FE-BF66-07E463E253F7}.Release|Mixed Platforms.Build.0 = Release|Any CPU
		{2CD92D9F-CDEE-49FE-BF66-07E463E253F7}.Release|Win32.ActiveCfg = Release|Any CPU
		{07121F20-A45B-4C37-B33C-148F1361AFF4}.Debug|Any CPU.ActiveCfg = Debug|Any CPU
		{07121F20-A45B-4C37-B33C-148F1361AFF4}.Debug|Any CPU.Build.0 = Debug|Any CPU
		{07121F20-A45B-4C37-B33C-148F1361AFF4}.Debug|Mixed Platforms.ActiveCfg = Debug|Any CPU
		{07121F20-A45B-4C37-B33C-148F1361AFF4}.Debug|Mixed Platforms.Build.0 = Debug|Any CPU
		{07121F20-A45B-4C37-B33C-148F1361AFF4}.Debug|Win32.ActiveCfg = Debug|Any CPU
		{07121F20-A45B-4C37-B33C-148F1361AFF4}.Release|Any CPU.ActiveCfg = Release|Any CPU
		{07121F20-A45B-4C37-B33C-148F1361AFF4}.Release|Any CPU.Build.0 = Release|Any CPU
		{07121F20-A45B-4C37-B33C-148F1361AFF4}.Release|Mixed Platforms.ActiveCfg = Release|Any CPU
		{07121F20-A45B-4C37-B33C-148F1361AFF4}.Release|Mixed Platforms.Build.0 = Release|Any CPU
		{07121F20-A45B-4C37-B33C-148F1361AFF4}.Release|Win32.ActiveCfg = Release|Any CPU
		{35E3B68A-EAA7-4424-AC7C-3C11E32A39F9}.Debug|Any CPU.ActiveCfg = Debug|Any CPU
		{35E3B68A-EAA7-4424-AC7C-3C11E32A39F9}.Debug|Any CPU.Build.0 = Debug|Any CPU
		{35E3B68A-EAA7-4424-AC7C-3C11E32A39F9}.Debug|Mixed Platforms.ActiveCfg = Debug|Any CPU
		{35E3B68A-EAA7-4424-AC7C-3C11E32A39F9}.Debug|Mixed Platforms.Build.0 = Debug|Any CPU
		{35E3B68A-EAA7-4424-AC7C-3C11E32A39F9}.Debug|Win32.ActiveCfg = Debug|Any CPU
		{35E3B68A-EAA7-4424-AC7C-3C11E32A39F9}.Release|Any CPU.ActiveCfg = Release|Any CPU
		{35E3B68A-EAA7-4424-AC7C-3C11E32A39F9}.Release|Any CPU.Build.0 = Release|Any CPU
		{35E3B68A-EAA7-4424-AC7C-3C11E32A39F9}.Release|Mixed Platforms.ActiveCfg = Release|Any CPU
		{35E3B68A-EAA7-4424-AC7C-3C11E32A39F9}.Release|Mixed Platforms.Build.0 = Release|Any CPU
		{35E3B68A-EAA7-4424-AC7C-3C11E32A39F9}.Release|Win32.ActiveCfg = Release|Any CPU
		{E6B213A6-A32B-4AA2-8DD3-CEC3969AC7F7}.Debug|Any CPU.ActiveCfg = Debug|Any CPU
		{E6B213A6-A32B-4AA2-8DD3-CEC3969AC7F7}.Debug|Any CPU.Build.0 = Debug|Any CPU
		{E6B213A6-A32B-4AA2-8DD3-CEC3969AC7F7}.Debug|Mixed Platforms.ActiveCfg = Debug|Any CPU
		{E6B213A6-A32B-4AA2-8DD3-CEC3969AC7F7}.Debug|Mixed Platforms.Build.0 = Debug|Any CPU
		{E6B213A6-A32B-4AA2-8DD3-CEC3969AC7F7}.Debug|Win32.ActiveCfg = Debug|Any CPU
		{E6B213A6-A32B-4AA2-8DD3-CEC3969AC7F7}.Release|Any CPU.ActiveCfg = Release|Any CPU
		{E6B213A6-A32B-4AA2-8DD3-CEC3969AC7F7}.Release|Any CPU.Build.0 = Release|Any CPU
		{E6B213A6-A32B-4AA2-8DD3-CEC3969AC7F7}.Release|Mixed Platforms.ActiveCfg = Release|Any CPU
		{E6B213A6-A32B-4AA2-8DD3-CEC3969AC7F7}.Release|Mixed Platforms.Build.0 = Release|Any CPU
		{E6B213A6-A32B-4AA2-8DD3-CEC3969AC7F7}.Release|Win32.ActiveCfg = Release|Any CPU
		{304C12BB-5511-4EC3-9678-F015F745678E}.Debug|Any CPU.ActiveCfg = Debug|Any CPU
		{304C12BB-5511-4EC3-9678-F015F745678E}.Debug|Any CPU.Build.0 = Debug|Any CPU
		{304C12BB-5511-4EC3-9678-F015F745678E}.Debug|Mixed Platforms.ActiveCfg = Debug|Any CPU
		{304C12BB-5511-4EC3-9678-F015F745678E}.Debug|Mixed Platforms.Build.0 = Debug|Any CPU
		{304C12BB-5511-4EC3-9678-F015F745678E}.Debug|Win32.ActiveCfg = Debug|Any CPU
		{304C12BB-5511-4EC3-9678-F015F745678E}.Release|Any CPU.ActiveCfg = Release|Any CPU
		{304C12BB-5511-4EC3-9678-F015F745678E}.Release|Any CPU.Build.0 = Release|Any CPU
		{304C12BB-5511-4EC3-9678-F015F745678E}.Release|Mixed Platforms.ActiveCfg = Release|Any CPU
		{304C12BB-5511-4EC3-9678-F015F745678E}.Release|Mixed Platforms.Build.0 = Release|Any CPU
		{304C12BB-5511-4EC3-9678-F015F745678E}.Release|Win32.ActiveCfg = Release|Any CPU
		{FBB25F34-0686-4FEE-93C6-CF335B7BD6B3}.Debug|Any CPU.ActiveCfg = Debug|Any CPU
		{FBB25F34-0686-4FEE-93C6-CF335B7BD6B3}.Debug|Any CPU.Build.0 = Debug|Any CPU
		{FBB25F34-0686-4FEE-93C6-CF335B7BD6B3}.Debug|Mixed Platforms.ActiveCfg = Debug|Any CPU
		{FBB25F34-0686-4FEE-93C6-CF335B7BD6B3}.Debug|Mixed Platforms.Build.0 = Debug|Any CPU
		{FBB25F34-0686-4FEE-93C6-CF335B7BD6B3}.Debug|Win32.ActiveCfg = Debug|Any CPU
		{FBB25F34-0686-4FEE-93C6-CF335B7BD6B3}.Release|Any CPU.ActiveCfg = Release|Any CPU
		{FBB25F34-0686-4FEE-93C6-CF335B7BD6B3}.Release|Any CPU.Build.0 = Release|Any CPU
		{FBB25F34-0686-4FEE-93C6-CF335B7BD6B3}.Release|Mixed Platforms.ActiveCfg = Release|Any CPU
		{FBB25F34-0686-4FEE-93C6-CF335B7BD6B3}.Release|Mixed Platforms.Build.0 = Release|Any CPU
		{FBB25F34-0686-4FEE-93C6-CF335B7BD6B3}.Release|Win32.ActiveCfg = Release|Any CPU
		{5D482575-A0E8-4BD8-952D-B2DD8251BE62}.Debug|Any CPU.ActiveCfg = Debug|Any CPU
		{5D482575-A0E8-4BD8-952D-B2DD8251BE62}.Debug|Any CPU.Build.0 = Debug|Any CPU
		{5D482575-A0E8-4BD8-952D-B2DD8251BE62}.Debug|Mixed Platforms.ActiveCfg = Debug|Any CPU
		{5D482575-A0E8-4BD8-952D-B2DD8251BE62}.Debug|Mixed Platforms.Build.0 = Debug|Any CPU
		{5D482575-A0E8-4BD8-952D-B2DD8251BE62}.Debug|Win32.ActiveCfg = Debug|Any CPU
		{5D482575-A0E8-4BD8-952D-B2DD8251BE62}.Release|Any CPU.ActiveCfg = Release|Any CPU
		{5D482575-A0E8-4BD8-952D-B2DD8251BE62}.Release|Any CPU.Build.0 = Release|Any CPU
		{5D482575-A0E8-4BD8-952D-B2DD8251BE62}.Release|Mixed Platforms.ActiveCfg = Release|Any CPU
		{5D482575-A0E8-4BD8-952D-B2DD8251BE62}.Release|Mixed Platforms.Build.0 = Release|Any CPU
		{5D482575-A0E8-4BD8-952D-B2DD8251BE62}.Release|Win32.ActiveCfg = Release|Any CPU
		{1A0FAB8F-0273-4560-A753-A8A617748BAA}.Debug|Any CPU.ActiveCfg = Debug|Any CPU
		{1A0FAB8F-0273-4560-A753-A8A617748BAA}.Debug|Any CPU.Build.0 = Debug|Any CPU
		{1A0FAB8F-0273-4560-A753-A8A617748BAA}.Debug|Mixed Platforms.ActiveCfg = Debug|Any CPU
		{1A0FAB8F-0273-4560-A753-A8A617748BAA}.Debug|Mixed Platforms.Build.0 = Debug|Any CPU
		{1A0FAB8F-0273-4560-A753-A8A617748BAA}.Debug|Win32.ActiveCfg = Debug|Any CPU
		{1A0FAB8F-0273-4560-A753-A8A617748BAA}.Release|Any CPU.ActiveCfg = Release|Any CPU
		{1A0FAB8F-0273-4560-A753-A8A617748BAA}.Release|Any CPU.Build.0 = Release|Any CPU
		{1A0FAB8F-0273-4560-A753-A8A617748BAA}.Release|Mixed Platforms.ActiveCfg = Release|Any CPU
		{1A0FAB8F-0273-4560-A753-A8A617748BAA}.Release|Mixed Platforms.Build.0 = Release|Any CPU
		{1A0FAB8F-0273-4560-A753-A8A617748BAA}.Release|Win32.ActiveCfg = Release|Any CPU
		{DE4BC815-90CE-4D55-A575-3BA7E5851107}.Debug|Any CPU.ActiveCfg = Debug|Any CPU
		{DE4BC815-90CE-4D55-A575-3BA7E5851107}.Debug|Any CPU.Build.0 = Debug|Any CPU
		{DE4BC815-90CE-4D55-A575-3BA7E5851107}.Debug|Mixed Platforms.ActiveCfg = Debug|Any CPU
		{DE4BC815-90CE-4D55-A575-3BA7E5851107}.Debug|Mixed Platforms.Build.0 = Debug|Any CPU
		{DE4BC815-90CE-4D55-A575-3BA7E5851107}.Debug|Win32.ActiveCfg = Debug|Any CPU
		{DE4BC815-90CE-4D55-A575-3BA7E5851107}.Release|Any CPU.ActiveCfg = Release|Any CPU
		{DE4BC815-90CE-4D55-A575-3BA7E5851107}.Release|Any CPU.Build.0 = Release|Any CPU
		{DE4BC815-90CE-4D55-A575-3BA7E5851107}.Release|Mixed Platforms.ActiveCfg = Release|Any CPU
		{DE4BC815-90CE-4D55-A575-3BA7E5851107}.Release|Mixed Platforms.Build.0 = Release|Any CPU
		{DE4BC815-90CE-4D55-A575-3BA7E5851107}.Release|Win32.ActiveCfg = Release|Any CPU
		{F91E60AD-D3D8-4503-BC32-906EFA1DC25D}.Debug|Any CPU.ActiveCfg = Debug|Any CPU
		{F91E60AD-D3D8-4503-BC32-906EFA1DC25D}.Debug|Any CPU.Build.0 = Debug|Any CPU
		{F91E60AD-D3D8-4503-BC32-906EFA1DC25D}.Debug|Mixed Platforms.ActiveCfg = Debug|Any CPU
		{F91E60AD-D3D8-4503-BC32-906EFA1DC25D}.Debug|Mixed Platforms.Build.0 = Debug|Any CPU
		{F91E60AD-D3D8-4503-BC32-906EFA1DC25D}.Debug|Win32.ActiveCfg = Debug|Any CPU
		{F91E60AD-D3D8-4503-BC32-906EFA1DC25D}.Release|Any CPU.ActiveCfg = Release|Any CPU
		{F91E60AD-D3D8-4503-BC32-906EFA1DC25D}.Release|Any CPU.Build.0 = Release|Any CPU
		{F91E60AD-D3D8-4503-BC32-906EFA1DC25D}.Release|Mixed Platforms.ActiveCfg = Release|Any CPU
		{F91E60AD-D3D8-4503-BC32-906EFA1DC25D}.Release|Mixed Platforms.Build.0 = Release|Any CPU
		{F91E60AD-D3D8-4503-BC32-906EFA1DC25D}.Release|Win32.ActiveCfg = Release|Any CPU
		{225059CB-B2CF-4DDA-9219-7B1C791135E3}.Debug|Any CPU.ActiveCfg = Debug|Any CPU
		{225059CB-B2CF-4DDA-9219-7B1C791135E3}.Debug|Any CPU.Build.0 = Debug|Any CPU
		{225059CB-B2CF-4DDA-9219-7B1C791135E3}.Debug|Mixed Platforms.ActiveCfg = Debug|Any CPU
		{225059CB-B2CF-4DDA-9219-7B1C791135E3}.Debug|Mixed Platforms.Build.0 = Debug|Any CPU
		{225059CB-B2CF-4DDA-9219-7B1C791135E3}.Debug|Win32.ActiveCfg = Debug|Any CPU
		{225059CB-B2CF-4DDA-9219-7B1C791135E3}.Release|Any CPU.ActiveCfg = Release|Any CPU
		{225059CB-B2CF-4DDA-9219-7B1C791135E3}.Release|Any CPU.Build.0 = Release|Any CPU
		{225059CB-B2CF-4DDA-9219-7B1C791135E3}.Release|Mixed Platforms.ActiveCfg = Release|Any CPU
		{225059CB-B2CF-4DDA-9219-7B1C791135E3}.Release|Mixed Platforms.Build.0 = Release|Any CPU
		{225059CB-B2CF-4DDA-9219-7B1C791135E3}.Release|Win32.ActiveCfg = Release|Any CPU
		{5699ED3C-7826-42D2-8769-A132F158BEAA}.Debug|Any CPU.ActiveCfg = Debug|Any CPU
		{5699ED3C-7826-42D2-8769-A132F158BEAA}.Debug|Any CPU.Build.0 = Debug|Any CPU
		{5699ED3C-7826-42D2-8769-A132F158BEAA}.Debug|Mixed Platforms.ActiveCfg = Debug|Any CPU
		{5699ED3C-7826-42D2-8769-A132F158BEAA}.Debug|Mixed Platforms.Build.0 = Debug|Any CPU
		{5699ED3C-7826-42D2-8769-A132F158BEAA}.Debug|Win32.ActiveCfg = Debug|Any CPU
		{5699ED3C-7826-42D2-8769-A132F158BEAA}.Release|Any CPU.ActiveCfg = Release|Any CPU
		{5699ED3C-7826-42D2-8769-A132F158BEAA}.Release|Any CPU.Build.0 = Release|Any CPU
		{5699ED3C-7826-42D2-8769-A132F158BEAA}.Release|Mixed Platforms.ActiveCfg = Release|Any CPU
		{5699ED3C-7826-42D2-8769-A132F158BEAA}.Release|Mixed Platforms.Build.0 = Release|Any CPU
		{5699ED3C-7826-42D2-8769-A132F158BEAA}.Release|Win32.ActiveCfg = Release|Any CPU
		{D7A91192-73E3-4E2A-AC59-9108366C3B55}.Debug|Any CPU.ActiveCfg = Debug|Any CPU
		{D7A91192-73E3-4E2A-AC59-9108366C3B55}.Debug|Any CPU.Build.0 = Debug|Any CPU
		{D7A91192-73E3-4E2A-AC59-9108366C3B55}.Debug|Mixed Platforms.ActiveCfg = Debug|Any CPU
		{D7A91192-73E3-4E2A-AC59-9108366C3B55}.Debug|Mixed Platforms.Build.0 = Debug|Any CPU
		{D7A91192-73E3-4E2A-AC59-9108366C3B55}.Debug|Win32.ActiveCfg = Debug|Any CPU
		{D7A91192-73E3-4E2A-AC59-9108366C3B55}.Release|Any CPU.ActiveCfg = Release|Any CPU
		{D7A91192-73E3-4E2A-AC59-9108366C3B55}.Release|Any CPU.Build.0 = Release|Any CPU
		{D7A91192-73E3-4E2A-AC59-9108366C3B55}.Release|Mixed Platforms.ActiveCfg = Release|Any CPU
		{D7A91192-73E3-4E2A-AC59-9108366C3B55}.Release|Mixed Platforms.Build.0 = Release|Any CPU
		{D7A91192-73E3-4E2A-AC59-9108366C3B55}.Release|Win32.ActiveCfg = Release|Any CPU
		{937D8AAD-FABA-4853-8764-DF4671C56396}.Debug|Any CPU.ActiveCfg = Debug|Any CPU
		{937D8AAD-FABA-4853-8764-DF4671C56396}.Debug|Any CPU.Build.0 = Debug|Any CPU
		{937D8AAD-FABA-4853-8764-DF4671C56396}.Debug|Mixed Platforms.ActiveCfg = Debug|Any CPU
		{937D8AAD-FABA-4853-8764-DF4671C56396}.Debug|Mixed Platforms.Build.0 = Debug|Any CPU
		{937D8AAD-FABA-4853-8764-DF4671C56396}.Debug|Win32.ActiveCfg = Debug|Any CPU
		{937D8AAD-FABA-4853-8764-DF4671C56396}.Release|Any CPU.ActiveCfg = Release|Any CPU
		{937D8AAD-FABA-4853-8764-DF4671C56396}.Release|Any CPU.Build.0 = Release|Any CPU
		{937D8AAD-FABA-4853-8764-DF4671C56396}.Release|Mixed Platforms.ActiveCfg = Release|Any CPU
		{937D8AAD-FABA-4853-8764-DF4671C56396}.Release|Mixed Platforms.Build.0 = Release|Any CPU
		{937D8AAD-FABA-4853-8764-DF4671C56396}.Release|Win32.ActiveCfg = Release|Any CPU
		{FD88FE09-05AD-4D1D-A5D3-BEF2A983DA68}.Debug|Any CPU.ActiveCfg = Debug|Any CPU
		{FD88FE09-05AD-4D1D-A5D3-BEF2A983DA68}.Debug|Any CPU.Build.0 = Debug|Any CPU
		{FD88FE09-05AD-4D1D-A5D3-BEF2A983DA68}.Debug|Mixed Platforms.ActiveCfg = Debug|Any CPU
		{FD88FE09-05AD-4D1D-A5D3-BEF2A983DA68}.Debug|Mixed Platforms.Build.0 = Debug|Any CPU
		{FD88FE09-05AD-4D1D-A5D3-BEF2A983DA68}.Debug|Win32.ActiveCfg = Debug|Any CPU
		{FD88FE09-05AD-4D1D-A5D3-BEF2A983DA68}.Release|Any CPU.ActiveCfg = Release|Any CPU
		{FD88FE09-05AD-4D1D-A5D3-BEF2A983DA68}.Release|Any CPU.Build.0 = Release|Any CPU
		{FD88FE09-05AD-4D1D-A5D3-BEF2A983DA68}.Release|Mixed Platforms.ActiveCfg = Release|Any CPU
		{FD88FE09-05AD-4D1D-A5D3-BEF2A983DA68}.Release|Mixed Platforms.Build.0 = Release|Any CPU
		{FD88FE09-05AD-4D1D-A5D3-BEF2A983DA68}.Release|Win32.ActiveCfg = Release|Any CPU
		{0AE21B91-4E48-4F00-BA9C-498C4272C734}.Debug|Any CPU.ActiveCfg = Debug|Any CPU
		{0AE21B91-4E48-4F00-BA9C-498C4272C734}.Debug|Any CPU.Build.0 = Debug|Any CPU
		{0AE21B91-4E48-4F00-BA9C-498C4272C734}.Debug|Mixed Platforms.ActiveCfg = Debug|Any CPU
		{0AE21B91-4E48-4F00-BA9C-498C4272C734}.Debug|Mixed Platforms.Build.0 = Debug|Any CPU
		{0AE21B91-4E48-4F00-BA9C-498C4272C734}.Debug|Win32.ActiveCfg = Debug|Any CPU
		{0AE21B91-4E48-4F00-BA9C-498C4272C734}.Release|Any CPU.ActiveCfg = Release|Any CPU
		{0AE21B91-4E48-4F00-BA9C-498C4272C734}.Release|Any CPU.Build.0 = Release|Any CPU
		{0AE21B91-4E48-4F00-BA9C-498C4272C734}.Release|Mixed Platforms.ActiveCfg = Release|Any CPU
		{0AE21B91-4E48-4F00-BA9C-498C4272C734}.Release|Mixed Platforms.Build.0 = Release|Any CPU
		{0AE21B91-4E48-4F00-BA9C-498C4272C734}.Release|Win32.ActiveCfg = Release|Any CPU
		{40CC3037-6646-42C0-BA1E-EB4355393886}.Debug|Any CPU.ActiveCfg = Debug|Any CPU
		{40CC3037-6646-42C0-BA1E-EB4355393886}.Debug|Any CPU.Build.0 = Debug|Any CPU
		{40CC3037-6646-42C0-BA1E-EB4355393886}.Debug|Mixed Platforms.ActiveCfg = Debug|Any CPU
		{40CC3037-6646-42C0-BA1E-EB4355393886}.Debug|Mixed Platforms.Build.0 = Debug|Any CPU
		{40CC3037-6646-42C0-BA1E-EB4355393886}.Debug|Win32.ActiveCfg = Debug|Any CPU
		{40CC3037-6646-42C0-BA1E-EB4355393886}.Release|Any CPU.ActiveCfg = Release|Any CPU
		{40CC3037-6646-42C0-BA1E-EB4355393886}.Release|Any CPU.Build.0 = Release|Any CPU
		{40CC3037-6646-42C0-BA1E-EB4355393886}.Release|Mixed Platforms.ActiveCfg = Release|Any CPU
		{40CC3037-6646-42C0-BA1E-EB4355393886}.Release|Mixed Platforms.Build.0 = Release|Any CPU
		{40CC3037-6646-42C0-BA1E-EB4355393886}.Release|Win32.ActiveCfg = Release|Any CPU
		{9C84B296-8B93-4C23-BB8A-539BD263F31B}.Debug|Any CPU.ActiveCfg = Debug|Any CPU
		{9C84B296-8B93-4C23-BB8A-539BD263F31B}.Debug|Any CPU.Build.0 = Debug|Any CPU
		{9C84B296-8B93-4C23-BB8A-539BD263F31B}.Debug|Mixed Platforms.ActiveCfg = Debug|Any CPU
		{9C84B296-8B93-4C23-BB8A-539BD263F31B}.Debug|Mixed Platforms.Build.0 = Debug|Any CPU
		{9C84B296-8B93-4C23-BB8A-539BD263F31B}.Debug|Win32.ActiveCfg = Debug|Any CPU
		{9C84B296-8B93-4C23-BB8A-539BD263F31B}.Release|Any CPU.ActiveCfg = Release|Any CPU
		{9C84B296-8B93-4C23-BB8A-539BD263F31B}.Release|Any CPU.Build.0 = Release|Any CPU
		{9C84B296-8B93-4C23-BB8A-539BD263F31B}.Release|Mixed Platforms.ActiveCfg = Release|Any CPU
		{9C84B296-8B93-4C23-BB8A-539BD263F31B}.Release|Mixed Platforms.Build.0 = Release|Any CPU
		{9C84B296-8B93-4C23-BB8A-539BD263F31B}.Release|Win32.ActiveCfg = Release|Any CPU
		{02046A26-0430-4C6D-BADE-17D84843E034}.Debug|Any CPU.ActiveCfg = Debug|Any CPU
		{02046A26-0430-4C6D-BADE-17D84843E034}.Debug|Any CPU.Build.0 = Debug|Any CPU
		{02046A26-0430-4C6D-BADE-17D84843E034}.Debug|Mixed Platforms.ActiveCfg = Debug|Any CPU
		{02046A26-0430-4C6D-BADE-17D84843E034}.Debug|Mixed Platforms.Build.0 = Debug|Any CPU
		{02046A26-0430-4C6D-BADE-17D84843E034}.Debug|Win32.ActiveCfg = Debug|Any CPU
		{02046A26-0430-4C6D-BADE-17D84843E034}.Release|Any CPU.ActiveCfg = Release|Any CPU
		{02046A26-0430-4C6D-BADE-17D84843E034}.Release|Any CPU.Build.0 = Release|Any CPU
		{02046A26-0430-4C6D-BADE-17D84843E034}.Release|Mixed Platforms.ActiveCfg = Release|Any CPU
		{02046A26-0430-4C6D-BADE-17D84843E034}.Release|Mixed Platforms.Build.0 = Release|Any CPU
		{02046A26-0430-4C6D-BADE-17D84843E034}.Release|Win32.ActiveCfg = Release|Any CPU
		{B9A1B600-5B8F-4958-A93A-F93F54CBEC9B}.Debug|Any CPU.ActiveCfg = Debug|Any CPU
		{B9A1B600-5B8F-4958-A93A-F93F54CBEC9B}.Debug|Any CPU.Build.0 = Debug|Any CPU
		{B9A1B600-5B8F-4958-A93A-F93F54CBEC9B}.Debug|Mixed Platforms.ActiveCfg = Debug|Any CPU
		{B9A1B600-5B8F-4958-A93A-F93F54CBEC9B}.Debug|Mixed Platforms.Build.0 = Debug|Any CPU
		{B9A1B600-5B8F-4958-A93A-F93F54CBEC9B}.Debug|Win32.ActiveCfg = Debug|Any CPU
		{B9A1B600-5B8F-4958-A93A-F93F54CBEC9B}.Release|Any CPU.ActiveCfg = Release|Any CPU
		{B9A1B600-5B8F-4958-A93A-F93F54CBEC9B}.Release|Any CPU.Build.0 = Release|Any CPU
		{B9A1B600-5B8F-4958-A93A-F93F54CBEC9B}.Release|Mixed Platforms.ActiveCfg = Release|Any CPU
		{B9A1B600-5B8F-4958-A93A-F93F54CBEC9B}.Release|Mixed Platforms.Build.0 = Release|Any CPU
		{B9A1B600-5B8F-4958-A93A-F93F54CBEC9B}.Release|Win32.ActiveCfg = Release|Any CPU
		{16F1FFF4-608B-47F2-A4EC-A584E61346ED}.Debug|Any CPU.ActiveCfg = Debug|Any CPU
		{16F1FFF4-608B-47F2-A4EC-A584E61346ED}.Debug|Any CPU.Build.0 = Debug|Any CPU
		{16F1FFF4-608B-47F2-A4EC-A584E61346ED}.Debug|Mixed Platforms.ActiveCfg = Debug|Any CPU
		{16F1FFF4-608B-47F2-A4EC-A584E61346ED}.Debug|Mixed Platforms.Build.0 = Debug|Any CPU
		{16F1FFF4-608B-47F2-A4EC-A584E61346ED}.Debug|Win32.ActiveCfg = Debug|Any CPU
		{16F1FFF4-608B-47F2-A4EC-A584E61346ED}.Release|Any CPU.ActiveCfg = Release|Any CPU
		{16F1FFF4-608B-47F2-A4EC-A584E61346ED}.Release|Any CPU.Build.0 = Release|Any CPU
		{16F1FFF4-608B-47F2-A4EC-A584E61346ED}.Release|Mixed Platforms.ActiveCfg = Release|Any CPU
		{16F1FFF4-608B-47F2-A4EC-A584E61346ED}.Release|Mixed Platforms.Build.0 = Release|Any CPU
		{16F1FFF4-608B-47F2-A4EC-A584E61346ED}.Release|Win32.ActiveCfg = Release|Any CPU
		{43456E7D-A220-4EFD-B7E5-7045B98D688E}.Debug|Any CPU.ActiveCfg = Debug|Win32
		{43456E7D-A220-4EFD-B7E5-7045B98D688E}.Debug|Mixed Platforms.ActiveCfg = Debug|Win32
		{43456E7D-A220-4EFD-B7E5-7045B98D688E}.Debug|Mixed Platforms.Build.0 = Debug|Win32
		{43456E7D-A220-4EFD-B7E5-7045B98D688E}.Debug|Win32.ActiveCfg = Debug|Win32
		{43456E7D-A220-4EFD-B7E5-7045B98D688E}.Debug|Win32.Build.0 = Debug|Win32
		{43456E7D-A220-4EFD-B7E5-7045B98D688E}.Release|Any CPU.ActiveCfg = Release|Win32
		{43456E7D-A220-4EFD-B7E5-7045B98D688E}.Release|Mixed Platforms.ActiveCfg = Release|Win32
		{43456E7D-A220-4EFD-B7E5-7045B98D688E}.Release|Mixed Platforms.Build.0 = Release|Win32
		{43456E7D-A220-4EFD-B7E5-7045B98D688E}.Release|Win32.ActiveCfg = Release|Win32
		{43456E7D-A220-4EFD-B7E5-7045B98D688E}.Release|Win32.Build.0 = Release|Win32
		{7E1F58D4-5E5E-4FA1-BABD-FFC865A081EE}.Debug|Any CPU.ActiveCfg = Debug|Win32
		{7E1F58D4-5E5E-4FA1-BABD-FFC865A081EE}.Debug|Mixed Platforms.ActiveCfg = Debug|Win32
		{7E1F58D4-5E5E-4FA1-BABD-FFC865A081EE}.Debug|Mixed Platforms.Build.0 = Debug|Win32
		{7E1F58D4-5E5E-4FA1-BABD-FFC865A081EE}.Debug|Win32.ActiveCfg = Debug|Win32
		{7E1F58D4-5E5E-4FA1-BABD-FFC865A081EE}.Debug|Win32.Build.0 = Debug|Win32
		{7E1F58D4-5E5E-4FA1-BABD-FFC865A081EE}.Release|Any CPU.ActiveCfg = Release|Win32
		{7E1F58D4-5E5E-4FA1-BABD-FFC865A081EE}.Release|Mixed Platforms.ActiveCfg = Release|Win32
		{7E1F58D4-5E5E-4FA1-BABD-FFC865A081EE}.Release|Mixed Platforms.Build.0 = Release|Win32
		{7E1F58D4-5E5E-4FA1-BABD-FFC865A081EE}.Release|Win32.ActiveCfg = Release|Win32
		{7E1F58D4-5E5E-4FA1-BABD-FFC865A081EE}.Release|Win32.Build.0 = Release|Win32
		{7E657288-40E5-4689-AB96-FDB9E732F411}.Debug|Any CPU.ActiveCfg = Debug|Any CPU
		{7E657288-40E5-4689-AB96-FDB9E732F411}.Debug|Any CPU.Build.0 = Debug|Any CPU
		{7E657288-40E5-4689-AB96-FDB9E732F411}.Debug|Mixed Platforms.ActiveCfg = Debug|Any CPU
		{7E657288-40E5-4689-AB96-FDB9E732F411}.Debug|Mixed Platforms.Build.0 = Debug|Any CPU
		{7E657288-40E5-4689-AB96-FDB9E732F411}.Debug|Win32.ActiveCfg = Debug|Any CPU
		{7E657288-40E5-4689-AB96-FDB9E732F411}.Release|Any CPU.ActiveCfg = Release|Any CPU
		{7E657288-40E5-4689-AB96-FDB9E732F411}.Release|Any CPU.Build.0 = Release|Any CPU
		{7E657288-40E5-4689-AB96-FDB9E732F411}.Release|Mixed Platforms.ActiveCfg = Release|Any CPU
		{7E657288-40E5-4689-AB96-FDB9E732F411}.Release|Mixed Platforms.Build.0 = Release|Any CPU
		{7E657288-40E5-4689-AB96-FDB9E732F411}.Release|Win32.ActiveCfg = Release|Any CPU
		{9E3E576D-1E78-4F03-A22A-04CDC7161206}.Debug|Any CPU.ActiveCfg = Debug|Any CPU
		{9E3E576D-1E78-4F03-A22A-04CDC7161206}.Debug|Any CPU.Build.0 = Debug|Any CPU
		{9E3E576D-1E78-4F03-A22A-04CDC7161206}.Debug|Mixed Platforms.ActiveCfg = Debug|Any CPU
		{9E3E576D-1E78-4F03-A22A-04CDC7161206}.Debug|Mixed Platforms.Build.0 = Debug|Any CPU
		{9E3E576D-1E78-4F03-A22A-04CDC7161206}.Debug|Win32.ActiveCfg = Debug|Any CPU
		{9E3E576D-1E78-4F03-A22A-04CDC7161206}.Release|Any CPU.ActiveCfg = Release|Any CPU
		{9E3E576D-1E78-4F03-A22A-04CDC7161206}.Release|Any CPU.Build.0 = Release|Any CPU
		{9E3E576D-1E78-4F03-A22A-04CDC7161206}.Release|Mixed Platforms.ActiveCfg = Release|Any CPU
		{9E3E576D-1E78-4F03-A22A-04CDC7161206}.Release|Mixed Platforms.Build.0 = Release|Any CPU
		{9E3E576D-1E78-4F03-A22A-04CDC7161206}.Release|Win32.ActiveCfg = Release|Any CPU
	EndGlobalSection
	GlobalSection(SolutionProperties) = preSolution
		HideSolutionNode = FALSE
	EndGlobalSection
	GlobalSection(NestedProjects) = preSolution
		{6F4B4854-D1B2-481A-B688-357834B6C9C6} = {879834F0-C197-4CAE-8EC6-0017E93E995D}
		{21E0C3ED-FF1A-44F5-9598-CE2972ECB24D} = {879834F0-C197-4CAE-8EC6-0017E93E995D}
		{130BEBDC-0C39-4117-9AFD-7531EA1F1E39} = {879834F0-C197-4CAE-8EC6-0017E93E995D}
		{3D0A7B24-6512-48E1-86F3-29D68EC80C16} = {879834F0-C197-4CAE-8EC6-0017E93E995D}
		{105DEF7C-FAC3-4CA2-90C6-B773E17218C2} = {879834F0-C197-4CAE-8EC6-0017E93E995D}
		{2E5AEB6E-A6C5-4692-A182-7CAC3EDAB6AA} = {879834F0-C197-4CAE-8EC6-0017E93E995D}
		{040ADFAF-3F96-4795-B3D4-9ED3DC4BA7D1} = {879834F0-C197-4CAE-8EC6-0017E93E995D}
		{06AA100E-FB65-432C-B214-8AB27C7CE006} = {879834F0-C197-4CAE-8EC6-0017E93E995D}
		{ECC5FECF-0105-44B0-A93D-5E8B179E55C0} = {879834F0-C197-4CAE-8EC6-0017E93E995D}
		{910CF5F2-585E-4EA9-BD92-19227A5EEC2D} = {879834F0-C197-4CAE-8EC6-0017E93E995D}
		{C1B866E5-3A28-4E0B-9E45-2C2F961AC422} = {879834F0-C197-4CAE-8EC6-0017E93E995D}
		{D8A1D315-8DF5-40B4-B0B5-7CBA9E7F61F0} = {879834F0-C197-4CAE-8EC6-0017E93E995D}
		{BE28C4EE-B615-4FBF-8085-135DEDA1445A} = {879834F0-C197-4CAE-8EC6-0017E93E995D}
		{0A7AA391-DF36-4288-BAD1-F5B727F4768D} = {054D3C84-DE8F-40D0-A4E2-5F935921E9CD}
		{8A285491-1090-4987-8371-F8DCB8EBD7C7} = {054D3C84-DE8F-40D0-A4E2-5F935921E9CD}
		{C7C6F58A-8002-427C-9599-A8533DF1A4F5} = {054D3C84-DE8F-40D0-A4E2-5F935921E9CD}
		{8354CD6C-73C9-4519-9954-C2A0879EB595} = {054D3C84-DE8F-40D0-A4E2-5F935921E9CD}
		{B9F57055-F23D-479C-A779-CC08EF73BDB6} = {0A7AA391-DF36-4288-BAD1-F5B727F4768D}
		{2CD92D9F-CDEE-49FE-BF66-07E463E253F7} = {0A7AA391-DF36-4288-BAD1-F5B727F4768D}
		{07121F20-A45B-4C37-B33C-148F1361AFF4} = {0A7AA391-DF36-4288-BAD1-F5B727F4768D}
		{35E3B68A-EAA7-4424-AC7C-3C11E32A39F9} = {105DEF7C-FAC3-4CA2-90C6-B773E17218C2}
		{E6B213A6-A32B-4AA2-8DD3-CEC3969AC7F7} = {8A285491-1090-4987-8371-F8DCB8EBD7C7}
		{304C12BB-5511-4EC3-9678-F015F745678E} = {8A285491-1090-4987-8371-F8DCB8EBD7C7}
		{FBB25F34-0686-4FEE-93C6-CF335B7BD6B3} = {8A285491-1090-4987-8371-F8DCB8EBD7C7}
		{5D482575-A0E8-4BD8-952D-B2DD8251BE62} = {8A285491-1090-4987-8371-F8DCB8EBD7C7}
		{DE4BC815-90CE-4D55-A575-3BA7E5851107} = {8A285491-1090-4987-8371-F8DCB8EBD7C7}
		{F91E60AD-D3D8-4503-BC32-906EFA1DC25D} = {2E5AEB6E-A6C5-4692-A182-7CAC3EDAB6AA}
		{B9A1B600-5B8F-4958-A93A-F93F54CBEC9B} = {2E5AEB6E-A6C5-4692-A182-7CAC3EDAB6AA}
		{16F1FFF4-608B-47F2-A4EC-A584E61346ED} = {2E5AEB6E-A6C5-4692-A182-7CAC3EDAB6AA}
		{7E657288-40E5-4689-AB96-FDB9E732F411} = {2E5AEB6E-A6C5-4692-A182-7CAC3EDAB6AA}
		{9E3E576D-1E78-4F03-A22A-04CDC7161206} = {2E5AEB6E-A6C5-4692-A182-7CAC3EDAB6AA}
		{225059CB-B2CF-4DDA-9219-7B1C791135E3} = {C7C6F58A-8002-427C-9599-A8533DF1A4F5}
		{5699ED3C-7826-42D2-8769-A132F158BEAA} = {8354CD6C-73C9-4519-9954-C2A0879EB595}
		{D7A91192-73E3-4E2A-AC59-9108366C3B55} = {040ADFAF-3F96-4795-B3D4-9ED3DC4BA7D1}
		{937D8AAD-FABA-4853-8764-DF4671C56396} = {06AA100E-FB65-432C-B214-8AB27C7CE006}
		{FD88FE09-05AD-4D1D-A5D3-BEF2A983DA68} = {ECC5FECF-0105-44B0-A93D-5E8B179E55C0}
		{0AE21B91-4E48-4F00-BA9C-498C4272C734} = {910CF5F2-585E-4EA9-BD92-19227A5EEC2D}
		{40CC3037-6646-42C0-BA1E-EB4355393886} = {C1B866E5-3A28-4E0B-9E45-2C2F961AC422}
		{9C84B296-8B93-4C23-BB8A-539BD263F31B} = {D8A1D315-8DF5-40B4-B0B5-7CBA9E7F61F0}
		{02046A26-0430-4C6D-BADE-17D84843E034} = {D8A1D315-8DF5-40B4-B0B5-7CBA9E7F61F0}
	EndGlobalSection
EndGlobal
